
Microsoft Visual Studio Solution File, Format Version 12.00
# Visual Studio Version 17
VisualStudioVersion = 17.5.33424.131
MinimumVisualStudioVersion = 10.0.40219.1
Project("{8BC9CEB8-8B4A-11D0-8D11-00A0C91BC942}") = "作业", "作业\作业.vcxproj", "{D638D1BA-B1BD-4460-B42B-DCEB05C156B2}"
EndProject
Project("{8BC9CEB8-8B4A-11D0-8D11-00A0C91BC942}") = "作业2", "作业2\作业2.vcxproj", "{763300E1-7146-4F8B-9AB5-3038BF292717}"
EndProject
Project("{8BC9CEB8-8B4A-11D0-8D11-00A0C91BC942}") = "作业3", "作业3\作业3.vcxproj", "{8983EEB8-9B5B-4786-A428-12A682440127}"
EndProject
Project("{8BC9CEB8-8B4A-11D0-8D11-00A0C91BC942}") = "3.9（1）", "3.9（1）\3.9（1）.vcxproj", "{5AD4352C-9588-4C60-BA51-565A0160C78D}"
EndProject
Project("{8BC9CEB8-8B4A-11D0-8D11-00A0C91BC942}") = "3.9 2", "3.9 2\3.9 2.vcxproj", "{023A674B-35E7-4122-936B-A626FF069CBB}"
EndProject
Project("{8BC9CEB8-8B4A-11D0-8D11-00A0C91BC942}") = "3.9 3", "3.9 3\3.9 3.vcxproj", "{B67F6EED-90DC-43A5-ACD4-3262B124D90E}"
EndProject
Project("{8BC9CEB8-8B4A-11D0-8D11-00A0C91BC942}") = "3.9 4", "3.9 4\3.9 4.vcxproj", "{0F70D714-FB77-4955-A852-46C71436C9CA}"
EndProject
Project("{8BC9CEB8-8B4A-11D0-8D11-00A0C91BC942}") = "3.9 5", "3.9 5\3.9 5.vcxproj", "{4C710181-60A1-4230-9746-78F716CC29D7}"
EndProject
Project("{8BC9CEB8-8B4A-11D0-8D11-00A0C91BC942}") = "3.9 6", "3.9 6\3.9 6.vcxproj", "{9AE40D1D-FBB3-4F48-80BF-888620F6A007}"
EndProject
Project("{8BC9CEB8-8B4A-11D0-8D11-00A0C91BC942}") = "身份证", "身份证\身份证.vcxproj", "{9B088A21-1DBE-429B-BCAA-39061C38CC4F}"
EndProject
Project("{8BC9CEB8-8B4A-11D0-8D11-00A0C91BC942}") = "调试", "调试\调试.vcxproj", "{0266F4F9-FC28-4F6B-9738-8E1F38133AB7}"
EndProject
Project("{8BC9CEB8-8B4A-11D0-8D11-00A0C91BC942}") = "3.16 1", "3.16 1\3.16 1.vcxproj", "{FE129146-847A-4745-87A6-0762243D8817}"
EndProject
Project("{8BC9CEB8-8B4A-11D0-8D11-00A0C91BC942}") = "3.16 2", "3.16 2\3.16 2.vcxproj", "{4A17F4F2-2DD0-400F-BB27-F4C3C708A607}"
EndProject
Project("{8BC9CEB8-8B4A-11D0-8D11-00A0C91BC942}") = "3.16 3", "3.16 3\3.16 3.vcxproj", "{77E3F6F9-14D2-4454-AFB7-7CC17755C2CA}"
EndProject
Project("{8BC9CEB8-8B4A-11D0-8D11-00A0C91BC942}") = "3.16 4", "3.16 4\3.16 4.vcxproj", "{2D51C552-FE4C-4250-8E68-BC8E0055B38E}"
EndProject
Project("{8BC9CEB8-8B4A-11D0-8D11-00A0C91BC942}") = "3.16 5", "3.16 5\3.16 5.vcxproj", "{E38C6180-932D-4D2E-8A6A-2D680A581601}"
EndProject
Project("{8BC9CEB8-8B4A-11D0-8D11-00A0C91BC942}") = "3 16 6", "3 16 6\3 16 6.vcxproj", "{F814D7B7-B6F7-47A2-9ABA-2E4CE1AEB6BA}"
EndProject
Project("{8BC9CEB8-8B4A-11D0-8D11-00A0C91BC942}") = "3.16 7", "3.16 7\3.16 7.vcxproj", "{B367C5BB-19D8-447D-A5A9-B40E4EAFC213}"
EndProject
Project("{8BC9CEB8-8B4A-11D0-8D11-00A0C91BC942}") = "3.16 8", "3.16 8\3.16 8.vcxproj", "{3B15A8E3-6987-4DEF-9B87-B777AF71F5C8}"
EndProject
Project("{8BC9CEB8-8B4A-11D0-8D11-00A0C91BC942}") = "3.16 9", "3.16 9\3.16 9.vcxproj", "{B7F8FCA8-32C3-40D6-9106-628011990BCA}"
EndProject
Project("{8BC9CEB8-8B4A-11D0-8D11-00A0C91BC942}") = "3.16 10", "3.16 10\3.16 10.vcxproj", "{9567D2BE-221F-4D1C-AA32-153F2751C701}"
EndProject
Project("{8BC9CEB8-8B4A-11D0-8D11-00A0C91BC942}") = "3.16 11", "3.16 11\3.16 11.vcxproj", "{B7EFE726-EA02-4907-9AC9-84217F24CC38}"
EndProject
Project("{8BC9CEB8-8B4A-11D0-8D11-00A0C91BC942}") = "3.16 12", "3.16 12\3.16 12.vcxproj", "{CC005DB5-8E4F-4303-B360-DF37FEE10138}"
EndProject
Project("{8BC9CEB8-8B4A-11D0-8D11-00A0C91BC942}") = "3.16 13", "3.16 13\3.16 13.vcxproj", "{87709702-4CB5-4EB5-A39C-C843D36BF2D4}"
EndProject
Project("{8BC9CEB8-8B4A-11D0-8D11-00A0C91BC942}") = "3.16 14", "3.16 14\3.16 14.vcxproj", "{DF27E46E-4432-4598-A6FE-F32D86422574}"
EndProject
Project("{8BC9CEB8-8B4A-11D0-8D11-00A0C91BC942}") = "3.16 15(kmp算法)", "3.16 15\3.16 15.vcxproj", "{301FF85D-8C9A-43A4-B075-B11F18D9C455}"
EndProject
Project("{8BC9CEB8-8B4A-11D0-8D11-00A0C91BC942}") = "k倍区间", "k倍区间\k倍区间.vcxproj", "{0D45096A-6FFA-4E8E-8D06-3AE6F0583256}"
EndProject
Project("{8BC9CEB8-8B4A-11D0-8D11-00A0C91BC942}") = "高精度除法1", "高精度除法1\高精度除法1.vcxproj", "{81F99474-793A-41D1-9199-FDF11F6F548A}"
EndProject
Project("{8BC9CEB8-8B4A-11D0-8D11-00A0C91BC942}") = "调试cpp", "调试cpp\调试cpp.vcxproj", "{11F88FA7-8B8D-44CB-9734-4D936855F7D6}"
EndProject
Project("{8BC9CEB8-8B4A-11D0-8D11-00A0C91BC942}") = "学生管理系统（cpp版本）", "学生管理系统（cpp版本）\学生管理系统（cpp版本）.vcxproj", "{5A3A0EF8-5332-45EC-8A70-E1DF7963F2B5}"
EndProject
Global
	GlobalSection(SolutionConfigurationPlatforms) = preSolution
		Debug|x64 = Debug|x64
		Debug|x86 = Debug|x86
		Release|x64 = Release|x64
		Release|x86 = Release|x86
	EndGlobalSection
	GlobalSection(ProjectConfigurationPlatforms) = postSolution
		{D638D1BA-B1BD-4460-B42B-DCEB05C156B2}.Debug|x64.ActiveCfg = Debug|x64
		{D638D1BA-B1BD-4460-B42B-DCEB05C156B2}.Debug|x64.Build.0 = Debug|x64
		{D638D1BA-B1BD-4460-B42B-DCEB05C156B2}.Debug|x86.ActiveCfg = Debug|Win32
		{D638D1BA-B1BD-4460-B42B-DCEB05C156B2}.Debug|x86.Build.0 = Debug|Win32
		{D638D1BA-B1BD-4460-B42B-DCEB05C156B2}.Release|x64.ActiveCfg = Release|x64
		{D638D1BA-B1BD-4460-B42B-DCEB05C156B2}.Release|x64.Build.0 = Release|x64
		{D638D1BA-B1BD-4460-B42B-DCEB05C156B2}.Release|x86.ActiveCfg = Release|Win32
		{D638D1BA-B1BD-4460-B42B-DCEB05C156B2}.Release|x86.Build.0 = Release|Win32
		{763300E1-7146-4F8B-9AB5-3038BF292717}.Debug|x64.ActiveCfg = Debug|x64
		{763300E1-7146-4F8B-9AB5-3038BF292717}.Debug|x64.Build.0 = Debug|x64
		{763300E1-7146-4F8B-9AB5-3038BF292717}.Debug|x86.ActiveCfg = Debug|Win32
		{763300E1-7146-4F8B-9AB5-3038BF292717}.Debug|x86.Build.0 = Debug|Win32
		{763300E1-7146-4F8B-9AB5-3038BF292717}.Release|x64.ActiveCfg = Release|x64
		{763300E1-7146-4F8B-9AB5-3038BF292717}.Release|x64.Build.0 = Release|x64
		{763300E1-7146-4F8B-9AB5-3038BF292717}.Release|x86.ActiveCfg = Release|Win32
		{763300E1-7146-4F8B-9AB5-3038BF292717}.Release|x86.Build.0 = Release|Win32
		{8983EEB8-9B5B-4786-A428-12A682440127}.Debug|x64.ActiveCfg = Debug|x64
		{8983EEB8-9B5B-4786-A428-12A682440127}.Debug|x64.Build.0 = Debug|x64
		{8983EEB8-9B5B-4786-A428-12A682440127}.Debug|x86.ActiveCfg = Debug|Win32
		{8983EEB8-9B5B-4786-A428-12A682440127}.Debug|x86.Build.0 = Debug|Win32
		{8983EEB8-9B5B-4786-A428-12A682440127}.Release|x64.ActiveCfg = Release|x64
		{8983EEB8-9B5B-4786-A428-12A682440127}.Release|x64.Build.0 = Release|x64
		{8983EEB8-9B5B-4786-A428-12A682440127}.Release|x86.ActiveCfg = Release|Win32
		{8983EEB8-9B5B-4786-A428-12A682440127}.Release|x86.Build.0 = Release|Win32
		{5AD4352C-9588-4C60-BA51-565A0160C78D}.Debug|x64.ActiveCfg = Debug|x64
		{5AD4352C-9588-4C60-BA51-565A0160C78D}.Debug|x64.Build.0 = Debug|x64
		{5AD4352C-9588-4C60-BA51-565A0160C78D}.Debug|x86.ActiveCfg = Debug|Win32
		{5AD4352C-9588-4C60-BA51-565A0160C78D}.Debug|x86.Build.0 = Debug|Win32
		{5AD4352C-9588-4C60-BA51-565A0160C78D}.Release|x64.ActiveCfg = Release|x64
		{5AD4352C-9588-4C60-BA51-565A0160C78D}.Release|x64.Build.0 = Release|x64
		{5AD4352C-9588-4C60-BA51-565A0160C78D}.Release|x86.ActiveCfg = Release|Win32
		{5AD4352C-9588-4C60-BA51-565A0160C78D}.Release|x86.Build.0 = Release|Win32
		{023A674B-35E7-4122-936B-A626FF069CBB}.Debug|x64.ActiveCfg = Debug|x64
		{023A674B-35E7-4122-936B-A626FF069CBB}.Debug|x64.Build.0 = Debug|x64
		{023A674B-35E7-4122-936B-A626FF069CBB}.Debug|x86.ActiveCfg = Debug|Win32
		{023A674B-35E7-4122-936B-A626FF069CBB}.Debug|x86.Build.0 = Debug|Win32
		{023A674B-35E7-4122-936B-A626FF069CBB}.Release|x64.ActiveCfg = Release|x64
		{023A674B-35E7-4122-936B-A626FF069CBB}.Release|x64.Build.0 = Release|x64
		{023A674B-35E7-4122-936B-A626FF069CBB}.Release|x86.ActiveCfg = Release|Win32
		{023A674B-35E7-4122-936B-A626FF069CBB}.Release|x86.Build.0 = Release|Win32
		{B67F6EED-90DC-43A5-ACD4-3262B124D90E}.Debug|x64.ActiveCfg = Debug|x64
		{B67F6EED-90DC-43A5-ACD4-3262B124D90E}.Debug|x64.Build.0 = Debug|x64
		{B67F6EED-90DC-43A5-ACD4-3262B124D90E}.Debug|x86.ActiveCfg = Debug|Win32
		{B67F6EED-90DC-43A5-ACD4-3262B124D90E}.Debug|x86.Build.0 = Debug|Win32
		{B67F6EED-90DC-43A5-ACD4-3262B124D90E}.Release|x64.ActiveCfg = Release|x64
		{B67F6EED-90DC-43A5-ACD4-3262B124D90E}.Release|x64.Build.0 = Release|x64
		{B67F6EED-90DC-43A5-ACD4-3262B124D90E}.Release|x86.ActiveCfg = Release|Win32
		{B67F6EED-90DC-43A5-ACD4-3262B124D90E}.Release|x86.Build.0 = Release|Win32
		{0F70D714-FB77-4955-A852-46C71436C9CA}.Debug|x64.ActiveCfg = Debug|x64
		{0F70D714-FB77-4955-A852-46C71436C9CA}.Debug|x64.Build.0 = Debug|x64
		{0F70D714-FB77-4955-A852-46C71436C9CA}.Debug|x86.ActiveCfg = Debug|Win32
		{0F70D714-FB77-4955-A852-46C71436C9CA}.Debug|x86.Build.0 = Debug|Win32
		{0F70D714-FB77-4955-A852-46C71436C9CA}.Release|x64.ActiveCfg = Release|x64
		{0F70D714-FB77-4955-A852-46C71436C9CA}.Release|x64.Build.0 = Release|x64
		{0F70D714-FB77-4955-A852-46C71436C9CA}.Release|x86.ActiveCfg = Release|Win32
		{0F70D714-FB77-4955-A852-46C71436C9CA}.Release|x86.Build.0 = Release|Win32
		{4C710181-60A1-4230-9746-78F716CC29D7}.Debug|x64.ActiveCfg = Debug|x64
		{4C710181-60A1-4230-9746-78F716CC29D7}.Debug|x64.Build.0 = Debug|x64
		{4C710181-60A1-4230-9746-78F716CC29D7}.Debug|x86.ActiveCfg = Debug|Win32
		{4C710181-60A1-4230-9746-78F716CC29D7}.Debug|x86.Build.0 = Debug|Win32
		{4C710181-60A1-4230-9746-78F716CC29D7}.Release|x64.ActiveCfg = Release|x64
		{4C710181-60A1-4230-9746-78F716CC29D7}.Release|x64.Build.0 = Release|x64
		{4C710181-60A1-4230-9746-78F716CC29D7}.Release|x86.ActiveCfg = Release|Win32
		{4C710181-60A1-4230-9746-78F716CC29D7}.Release|x86.Build.0 = Release|Win32
		{9AE40D1D-FBB3-4F48-80BF-888620F6A007}.Debug|x64.ActiveCfg = Debug|x64
		{9AE40D1D-FBB3-4F48-80BF-888620F6A007}.Debug|x64.Build.0 = Debug|x64
		{9AE40D1D-FBB3-4F48-80BF-888620F6A007}.Debug|x86.ActiveCfg = Debug|Win32
		{9AE40D1D-FBB3-4F48-80BF-888620F6A007}.Debug|x86.Build.0 = Debug|Win32
		{9AE40D1D-FBB3-4F48-80BF-888620F6A007}.Release|x64.ActiveCfg = Release|x64
		{9AE40D1D-FBB3-4F48-80BF-888620F6A007}.Release|x64.Build.0 = Release|x64
		{9AE40D1D-FBB3-4F48-80BF-888620F6A007}.Release|x86.ActiveCfg = Release|Win32
		{9AE40D1D-FBB3-4F48-80BF-888620F6A007}.Release|x86.Build.0 = Release|Win32
		{9B088A21-1DBE-429B-BCAA-39061C38CC4F}.Debug|x64.ActiveCfg = Debug|x64
		{9B088A21-1DBE-429B-BCAA-39061C38CC4F}.Debug|x64.Build.0 = Debug|x64
		{9B088A21-1DBE-429B-BCAA-39061C38CC4F}.Debug|x86.ActiveCfg = Debug|Win32
		{9B088A21-1DBE-429B-BCAA-39061C38CC4F}.Debug|x86.Build.0 = Debug|Win32
		{9B088A21-1DBE-429B-BCAA-39061C38CC4F}.Release|x64.ActiveCfg = Release|x64
		{9B088A21-1DBE-429B-BCAA-39061C38CC4F}.Release|x64.Build.0 = Release|x64
		{9B088A21-1DBE-429B-BCAA-39061C38CC4F}.Release|x86.ActiveCfg = Release|Win32
		{9B088A21-1DBE-429B-BCAA-39061C38CC4F}.Release|x86.Build.0 = Release|Win32
		{0266F4F9-FC28-4F6B-9738-8E1F38133AB7}.Debug|x64.ActiveCfg = Debug|x64
		{0266F4F9-FC28-4F6B-9738-8E1F38133AB7}.Debug|x64.Build.0 = Debug|x64
		{0266F4F9-FC28-4F6B-9738-8E1F38133AB7}.Debug|x86.ActiveCfg = Debug|Win32
		{0266F4F9-FC28-4F6B-9738-8E1F38133AB7}.Debug|x86.Build.0 = Debug|Win32
		{0266F4F9-FC28-4F6B-9738-8E1F38133AB7}.Release|x64.ActiveCfg = Release|x64
		{0266F4F9-FC28-4F6B-9738-8E1F38133AB7}.Release|x64.Build.0 = Release|x64
		{0266F4F9-FC28-4F6B-9738-8E1F38133AB7}.Release|x86.ActiveCfg = Release|Win32
		{0266F4F9-FC28-4F6B-9738-8E1F38133AB7}.Release|x86.Build.0 = Release|Win32
		{FE129146-847A-4745-87A6-0762243D8817}.Debug|x64.ActiveCfg = Debug|x64
		{FE129146-847A-4745-87A6-0762243D8817}.Debug|x64.Build.0 = Debug|x64
		{FE129146-847A-4745-87A6-0762243D8817}.Debug|x86.ActiveCfg = Debug|Win32
		{FE129146-847A-4745-87A6-0762243D8817}.Debug|x86.Build.0 = Debug|Win32
		{FE129146-847A-4745-87A6-0762243D8817}.Release|x64.ActiveCfg = Release|x64
		{FE129146-847A-4745-87A6-0762243D8817}.Release|x64.Build.0 = Release|x64
		{FE129146-847A-4745-87A6-0762243D8817}.Release|x86.ActiveCfg = Release|Win32
		{FE129146-847A-4745-87A6-0762243D8817}.Release|x86.Build.0 = Release|Win32
		{4A17F4F2-2DD0-400F-BB27-F4C3C708A607}.Debug|x64.ActiveCfg = Debug|x64
		{4A17F4F2-2DD0-400F-BB27-F4C3C708A607}.Debug|x64.Build.0 = Debug|x64
		{4A17F4F2-2DD0-400F-BB27-F4C3C708A607}.Debug|x86.ActiveCfg = Debug|Win32
		{4A17F4F2-2DD0-400F-BB27-F4C3C708A607}.Debug|x86.Build.0 = Debug|Win32
		{4A17F4F2-2DD0-400F-BB27-F4C3C708A607}.Release|x64.ActiveCfg = Release|x64
		{4A17F4F2-2DD0-400F-BB27-F4C3C708A607}.Release|x64.Build.0 = Release|x64
		{4A17F4F2-2DD0-400F-BB27-F4C3C708A607}.Release|x86.ActiveCfg = Release|Win32
		{4A17F4F2-2DD0-400F-BB27-F4C3C708A607}.Release|x86.Build.0 = Release|Win32
		{77E3F6F9-14D2-4454-AFB7-7CC17755C2CA}.Debug|x64.ActiveCfg = Debug|x64
		{77E3F6F9-14D2-4454-AFB7-7CC17755C2CA}.Debug|x64.Build.0 = Debug|x64
		{77E3F6F9-14D2-4454-AFB7-7CC17755C2CA}.Debug|x86.ActiveCfg = Debug|Win32
		{77E3F6F9-14D2-4454-AFB7-7CC17755C2CA}.Debug|x86.Build.0 = Debug|Win32
		{77E3F6F9-14D2-4454-AFB7-7CC17755C2CA}.Release|x64.ActiveCfg = Release|x64
		{77E3F6F9-14D2-4454-AFB7-7CC17755C2CA}.Release|x64.Build.0 = Release|x64
		{77E3F6F9-14D2-4454-AFB7-7CC17755C2CA}.Release|x86.ActiveCfg = Release|Win32
		{77E3F6F9-14D2-4454-AFB7-7CC17755C2CA}.Release|x86.Build.0 = Release|Win32
		{2D51C552-FE4C-4250-8E68-BC8E0055B38E}.Debug|x64.ActiveCfg = Debug|x64
		{2D51C552-FE4C-4250-8E68-BC8E0055B38E}.Debug|x64.Build.0 = Debug|x64
		{2D51C552-FE4C-4250-8E68-BC8E0055B38E}.Debug|x86.ActiveCfg = Debug|Win32
		{2D51C552-FE4C-4250-8E68-BC8E0055B38E}.Debug|x86.Build.0 = Debug|Win32
		{2D51C552-FE4C-4250-8E68-BC8E0055B38E}.Release|x64.ActiveCfg = Release|x64
		{2D51C552-FE4C-4250-8E68-BC8E0055B38E}.Release|x64.Build.0 = Release|x64
		{2D51C552-FE4C-4250-8E68-BC8E0055B38E}.Release|x86.ActiveCfg = Release|Win32
		{2D51C552-FE4C-4250-8E68-BC8E0055B38E}.Release|x86.Build.0 = Release|Win32
		{E38C6180-932D-4D2E-8A6A-2D680A581601}.Debug|x64.ActiveCfg = Debug|x64
		{E38C6180-932D-4D2E-8A6A-2D680A581601}.Debug|x64.Build.0 = Debug|x64
		{E38C6180-932D-4D2E-8A6A-2D680A581601}.Debug|x86.ActiveCfg = Debug|Win32
		{E38C6180-932D-4D2E-8A6A-2D680A581601}.Debug|x86.Build.0 = Debug|Win32
		{E38C6180-932D-4D2E-8A6A-2D680A581601}.Release|x64.ActiveCfg = Release|x64
		{E38C6180-932D-4D2E-8A6A-2D680A581601}.Release|x64.Build.0 = Release|x64
		{E38C6180-932D-4D2E-8A6A-2D680A581601}.Release|x86.ActiveCfg = Release|Win32
		{E38C6180-932D-4D2E-8A6A-2D680A581601}.Release|x86.Build.0 = Release|Win32
		{F814D7B7-B6F7-47A2-9ABA-2E4CE1AEB6BA}.Debug|x64.ActiveCfg = Debug|x64
		{F814D7B7-B6F7-47A2-9ABA-2E4CE1AEB6BA}.Debug|x64.Build.0 = Debug|x64
		{F814D7B7-B6F7-47A2-9ABA-2E4CE1AEB6BA}.Debug|x86.ActiveCfg = Debug|Win32
		{F814D7B7-B6F7-47A2-9ABA-2E4CE1AEB6BA}.Debug|x86.Build.0 = Debug|Win32
		{F814D7B7-B6F7-47A2-9ABA-2E4CE1AEB6BA}.Release|x64.ActiveCfg = Release|x64
		{F814D7B7-B6F7-47A2-9ABA-2E4CE1AEB6BA}.Release|x64.Build.0 = Release|x64
		{F814D7B7-B6F7-47A2-9ABA-2E4CE1AEB6BA}.Release|x86.ActiveCfg = Release|Win32
		{F814D7B7-B6F7-47A2-9ABA-2E4CE1AEB6BA}.Release|x86.Build.0 = Release|Win32
		{B367C5BB-19D8-447D-A5A9-B40E4EAFC213}.Debug|x64.ActiveCfg = Debug|x64
		{B367C5BB-19D8-447D-A5A9-B40E4EAFC213}.Debug|x64.Build.0 = Debug|x64
		{B367C5BB-19D8-447D-A5A9-B40E4EAFC213}.Debug|x86.ActiveCfg = Debug|Win32
		{B367C5BB-19D8-447D-A5A9-B40E4EAFC213}.Debug|x86.Build.0 = Debug|Win32
		{B367C5BB-19D8-447D-A5A9-B40E4EAFC213}.Release|x64.ActiveCfg = Release|x64
		{B367C5BB-19D8-447D-A5A9-B40E4EAFC213}.Release|x64.Build.0 = Release|x64
		{B367C5BB-19D8-447D-A5A9-B40E4EAFC213}.Release|x86.ActiveCfg = Release|Win32
		{B367C5BB-19D8-447D-A5A9-B40E4EAFC213}.Release|x86.Build.0 = Release|Win32
		{3B15A8E3-6987-4DEF-9B87-B777AF71F5C8}.Debug|x64.ActiveCfg = Debug|x64
		{3B15A8E3-6987-4DEF-9B87-B777AF71F5C8}.Debug|x64.Build.0 = Debug|x64
		{3B15A8E3-6987-4DEF-9B87-B777AF71F5C8}.Debug|x86.ActiveCfg = Debug|Win32
		{3B15A8E3-6987-4DEF-9B87-B777AF71F5C8}.Debug|x86.Build.0 = Debug|Win32
		{3B15A8E3-6987-4DEF-9B87-B777AF71F5C8}.Release|x64.ActiveCfg = Release|x64
		{3B15A8E3-6987-4DEF-9B87-B777AF71F5C8}.Release|x64.Build.0 = Release|x64
		{3B15A8E3-6987-4DEF-9B87-B777AF71F5C8}.Release|x86.ActiveCfg = Release|Win32
		{3B15A8E3-6987-4DEF-9B87-B777AF71F5C8}.Release|x86.Build.0 = Release|Win32
		{B7F8FCA8-32C3-40D6-9106-628011990BCA}.Debug|x64.ActiveCfg = Debug|x64
		{B7F8FCA8-32C3-40D6-9106-628011990BCA}.Debug|x64.Build.0 = Debug|x64
		{B7F8FCA8-32C3-40D6-9106-628011990BCA}.Debug|x86.ActiveCfg = Debug|Win32
		{B7F8FCA8-32C3-40D6-9106-628011990BCA}.Debug|x86.Build.0 = Debug|Win32
		{B7F8FCA8-32C3-40D6-9106-628011990BCA}.Release|x64.ActiveCfg = Release|x64
		{B7F8FCA8-32C3-40D6-9106-628011990BCA}.Release|x64.Build.0 = Release|x64
		{B7F8FCA8-32C3-40D6-9106-628011990BCA}.Release|x86.ActiveCfg = Release|Win32
		{B7F8FCA8-32C3-40D6-9106-628011990BCA}.Release|x86.Build.0 = Release|Win32
		{9567D2BE-221F-4D1C-AA32-153F2751C701}.Debug|x64.ActiveCfg = Debug|x64
		{9567D2BE-221F-4D1C-AA32-153F2751C701}.Debug|x64.Build.0 = Debug|x64
		{9567D2BE-221F-4D1C-AA32-153F2751C701}.Debug|x86.ActiveCfg = Debug|Win32
		{9567D2BE-221F-4D1C-AA32-153F2751C701}.Debug|x86.Build.0 = Debug|Win32
		{9567D2BE-221F-4D1C-AA32-153F2751C701}.Release|x64.ActiveCfg = Release|x64
		{9567D2BE-221F-4D1C-AA32-153F2751C701}.Release|x64.Build.0 = Release|x64
		{9567D2BE-221F-4D1C-AA32-153F2751C701}.Release|x86.ActiveCfg = Release|Win32
		{9567D2BE-221F-4D1C-AA32-153F2751C701}.Release|x86.Build.0 = Release|Win32
		{B7EFE726-EA02-4907-9AC9-84217F24CC38}.Debug|x64.ActiveCfg = Debug|x64
		{B7EFE726-EA02-4907-9AC9-84217F24CC38}.Debug|x64.Build.0 = Debug|x64
		{B7EFE726-EA02-4907-9AC9-84217F24CC38}.Debug|x86.ActiveCfg = Debug|Win32
		{B7EFE726-EA02-4907-9AC9-84217F24CC38}.Debug|x86.Build.0 = Debug|Win32
		{B7EFE726-EA02-4907-9AC9-84217F24CC38}.Release|x64.ActiveCfg = Release|x64
		{B7EFE726-EA02-4907-9AC9-84217F24CC38}.Release|x64.Build.0 = Release|x64
		{B7EFE726-EA02-4907-9AC9-84217F24CC38}.Release|x86.ActiveCfg = Release|Win32
		{B7EFE726-EA02-4907-9AC9-84217F24CC38}.Release|x86.Build.0 = Release|Win32
		{CC005DB5-8E4F-4303-B360-DF37FEE10138}.Debug|x64.ActiveCfg = Debug|x64
		{CC005DB5-8E4F-4303-B360-DF37FEE10138}.Debug|x64.Build.0 = Debug|x64
		{CC005DB5-8E4F-4303-B360-DF37FEE10138}.Debug|x86.ActiveCfg = Debug|Win32
		{CC005DB5-8E4F-4303-B360-DF37FEE10138}.Debug|x86.Build.0 = Debug|Win32
		{CC005DB5-8E4F-4303-B360-DF37FEE10138}.Release|x64.ActiveCfg = Release|x64
		{CC005DB5-8E4F-4303-B360-DF37FEE10138}.Release|x64.Build.0 = Release|x64
		{CC005DB5-8E4F-4303-B360-DF37FEE10138}.Release|x86.ActiveCfg = Release|Win32
		{CC005DB5-8E4F-4303-B360-DF37FEE10138}.Release|x86.Build.0 = Release|Win32
		{87709702-4CB5-4EB5-A39C-C843D36BF2D4}.Debug|x64.ActiveCfg = Debug|x64
		{87709702-4CB5-4EB5-A39C-C843D36BF2D4}.Debug|x64.Build.0 = Debug|x64
		{87709702-4CB5-4EB5-A39C-C843D36BF2D4}.Debug|x86.ActiveCfg = Debug|Win32
		{87709702-4CB5-4EB5-A39C-C843D36BF2D4}.Debug|x86.Build.0 = Debug|Win32
		{87709702-4CB5-4EB5-A39C-C843D36BF2D4}.Release|x64.ActiveCfg = Release|x64
		{87709702-4CB5-4EB5-A39C-C843D36BF2D4}.Release|x64.Build.0 = Release|x64
		{87709702-4CB5-4EB5-A39C-C843D36BF2D4}.Release|x86.ActiveCfg = Release|Win32
		{87709702-4CB5-4EB5-A39C-C843D36BF2D4}.Release|x86.Build.0 = Release|Win32
		{DF27E46E-4432-4598-A6FE-F32D86422574}.Debug|x64.ActiveCfg = Debug|x64
		{DF27E46E-4432-4598-A6FE-F32D86422574}.Debug|x64.Build.0 = Debug|x64
		{DF27E46E-4432-4598-A6FE-F32D86422574}.Debug|x86.ActiveCfg = Debug|Win32
		{DF27E46E-4432-4598-A6FE-F32D86422574}.Debug|x86.Build.0 = Debug|Win32
		{DF27E46E-4432-4598-A6FE-F32D86422574}.Release|x64.ActiveCfg = Release|x64
		{DF27E46E-4432-4598-A6FE-F32D86422574}.Release|x64.Build.0 = Release|x64
		{DF27E46E-4432-4598-A6FE-F32D86422574}.Release|x86.ActiveCfg = Release|Win32
		{DF27E46E-4432-4598-A6FE-F32D86422574}.Release|x86.Build.0 = Release|Win32
		{301FF85D-8C9A-43A4-B075-B11F18D9C455}.Debug|x64.ActiveCfg = Debug|x64
		{301FF85D-8C9A-43A4-B075-B11F18D9C455}.Debug|x64.Build.0 = Debug|x64
		{301FF85D-8C9A-43A4-B075-B11F18D9C455}.Debug|x86.ActiveCfg = Debug|Win32
		{301FF85D-8C9A-43A4-B075-B11F18D9C455}.Debug|x86.Build.0 = Debug|Win32
		{301FF85D-8C9A-43A4-B075-B11F18D9C455}.Release|x64.ActiveCfg = Release|x64
		{301FF85D-8C9A-43A4-B075-B11F18D9C455}.Release|x64.Build.0 = Release|x64
		{301FF85D-8C9A-43A4-B075-B11F18D9C455}.Release|x86.ActiveCfg = Release|Win32
		{301FF85D-8C9A-43A4-B075-B11F18D9C455}.Release|x86.Build.0 = Release|Win32
		{0D45096A-6FFA-4E8E-8D06-3AE6F0583256}.Debug|x64.ActiveCfg = Debug|x64
		{0D45096A-6FFA-4E8E-8D06-3AE6F0583256}.Debug|x64.Build.0 = Debug|x64
		{0D45096A-6FFA-4E8E-8D06-3AE6F0583256}.Debug|x86.ActiveCfg = Debug|Win32
		{0D45096A-6FFA-4E8E-8D06-3AE6F0583256}.Debug|x86.Build.0 = Debug|Win32
		{0D45096A-6FFA-4E8E-8D06-3AE6F0583256}.Release|x64.ActiveCfg = Release|x64
		{0D45096A-6FFA-4E8E-8D06-3AE6F0583256}.Release|x64.Build.0 = Release|x64
		{0D45096A-6FFA-4E8E-8D06-3AE6F0583256}.Release|x86.ActiveCfg = Release|Win32
		{0D45096A-6FFA-4E8E-8D06-3AE6F0583256}.Release|x86.Build.0 = Release|Win32
		{81F99474-793A-41D1-9199-FDF11F6F548A}.Debug|x64.ActiveCfg = Debug|x64
		{81F99474-793A-41D1-9199-FDF11F6F548A}.Debug|x64.Build.0 = Debug|x64
		{81F99474-793A-41D1-9199-FDF11F6F548A}.Debug|x86.ActiveCfg = Debug|Win32
		{81F99474-793A-41D1-9199-FDF11F6F548A}.Debug|x86.Build.0 = Debug|Win32
		{81F99474-793A-41D1-9199-FDF11F6F548A}.Release|x64.ActiveCfg = Release|x64
		{81F99474-793A-41D1-9199-FDF11F6F548A}.Release|x64.Build.0 = Release|x64
		{81F99474-793A-41D1-9199-FDF11F6F548A}.Release|x86.ActiveCfg = Release|Win32
		{81F99474-793A-41D1-9199-FDF11F6F548A}.Release|x86.Build.0 = Release|Win32
		{11F88FA7-8B8D-44CB-9734-4D936855F7D6}.Debug|x64.ActiveCfg = Debug|x64
		{11F88FA7-8B8D-44CB-9734-4D936855F7D6}.Debug|x64.Build.0 = Debug|x64
		{11F88FA7-8B8D-44CB-9734-4D936855F7D6}.Debug|x86.ActiveCfg = Debug|Win32
		{11F88FA7-8B8D-44CB-9734-4D936855F7D6}.Debug|x86.Build.0 = Debug|Win32
		{11F88FA7-8B8D-44CB-9734-4D936855F7D6}.Release|x64.ActiveCfg = Release|x64
		{11F88FA7-8B8D-44CB-9734-4D936855F7D6}.Release|x64.Build.0 = Release|x64
		{11F88FA7-8B8D-44CB-9734-4D936855F7D6}.Release|x86.ActiveCfg = Release|Win32
		{11F88FA7-8B8D-44CB-9734-4D936855F7D6}.Release|x86.Build.0 = Release|Win32
		{5A3A0EF8-5332-45EC-8A70-E1DF7963F2B5}.Debug|x64.ActiveCfg = Debug|x64
		{5A3A0EF8-5332-45EC-8A70-E1DF7963F2B5}.Debug|x64.Build.0 = Debug|x64
		{5A3A0EF8-5332-45EC-8A70-E1DF7963F2B5}.Debug|x86.ActiveCfg = Debug|Win32
		{5A3A0EF8-5332-45EC-8A70-E1DF7963F2B5}.Debug|x86.Build.0 = Debug|Win32
		{5A3A0EF8-5332-45EC-8A70-E1DF7963F2B5}.Release|x64.ActiveCfg = Release|x64
		{5A3A0EF8-5332-45EC-8A70-E1DF7963F2B5}.Release|x64.Build.0 = Release|x64
		{5A3A0EF8-5332-45EC-8A70-E1DF7963F2B5}.Release|x86.ActiveCfg = Release|Win32
		{5A3A0EF8-5332-45EC-8A70-E1DF7963F2B5}.Release|x86.Build.0 = Release|Win32
	EndGlobalSection
	GlobalSection(SolutionProperties) = preSolution
		HideSolutionNode = FALSE
	EndGlobalSection
	GlobalSection(ExtensibilityGlobals) = postSolution
		SolutionGuid = {418583EF-2038-4F1B-8E9F-B1E25A94966E}
	EndGlobalSection
EndGlobal
