
Microsoft Visual Studio Solution File, Format Version 12.00
# Visual Studio Version 17
VisualStudioVersion = 17.5.33424.131
MinimumVisualStudioVersion = 10.0.40219.1
Project("{8BC9CEB8-8B4A-11D0-8D11-00A0C91BC942}") = "作业", "作业\作业.vcxproj", "{D638D1BA-B1BD-4460-B42B-DCEB05C156B2}"
EndProject
Project("{8BC9CEB8-8B4A-11D0-8D11-00A0C91BC942}") = "作业2", "作业2\作业2.vcxproj", "{763300E1-7146-4F8B-9AB5-3038BF292717}"
EndProject
Project("{8BC9CEB8-8B4A-11D0-8D11-00A0C91BC942}") = "作业3", "作业3\作业3.vcxproj", "{8983EEB8-9B5B-4786-A428-12A682440127}"
EndProject
Project("{8BC9CEB8-8B4A-11D0-8D11-00A0C91BC942}") = "3.9（1）", "3.9（1）\3.9（1）.vcxproj", "{5AD4352C-9588-4C60-BA51-565A0160C78D}"
EndProject
Project("{8BC9CEB8-8B4A-11D0-8D11-00A0C91BC942}") = "3.9 2", "3.9 2\3.9 2.vcxproj", "{023A674B-35E7-4122-936B-A626FF069CBB}"
EndProject
Project("{8BC9CEB8-8B4A-11D0-8D11-00A0C91BC942}") = "3.9 3", "3.9 3\3.9 3.vcxproj", "{B67F6EED-90DC-43A5-ACD4-3262B124D90E}"
EndProject
Project("{8BC9CEB8-8B4A-11D0-8D11-00A0C91BC942}") = "3.9 4", "3.9 4\3.9 4.vcxproj", "{0F70D714-FB77-4955-A852-46C71436C9CA}"
EndProject
Project("{8BC9CEB8-8B4A-11D0-8D11-00A0C91BC942}") = "3.9 5", "3.9 5\3.9 5.vcxproj", "{4C710181-60A1-4230-9746-78F716CC29D7}"
EndProject
Project("{8BC9CEB8-8B4A-11D0-8D11-00A0C91BC942}") = "3.9 6", "3.9 6\3.9 6.vcxproj", "{9AE40D1D-FBB3-4F48-80BF-888620F6A007}"
EndProject
Global
	GlobalSection(SolutionConfigurationPlatforms) = preSolution
		Debug|x64 = Debug|x64
		Debug|x86 = Debug|x86
		Release|x64 = Release|x64
		Release|x86 = Release|x86
	EndGlobalSection
	GlobalSection(ProjectConfigurationPlatforms) = postSolution
		{D638D1BA-B1BD-4460-B42B-DCEB05C156B2}.Debug|x64.ActiveCfg = Debug|x64
		{D638D1BA-B1BD-4460-B42B-DCEB05C156B2}.Debug|x64.Build.0 = Debug|x64
		{D638D1BA-B1BD-4460-B42B-DCEB05C156B2}.Debug|x86.ActiveCfg = Debug|Win32
		{D638D1BA-B1BD-4460-B42B-DCEB05C156B2}.Debug|x86.Build.0 = Debug|Win32
		{D638D1BA-B1BD-4460-B42B-DCEB05C156B2}.Release|x64.ActiveCfg = Release|x64
		{D638D1BA-B1BD-4460-B42B-DCEB05C156B2}.Release|x64.Build.0 = Release|x64
		{D638D1BA-B1BD-4460-B42B-DCEB05C156B2}.Release|x86.ActiveCfg = Release|Win32
		{D638D1BA-B1BD-4460-B42B-DCEB05C156B2}.Release|x86.Build.0 = Release|Win32
		{763300E1-7146-4F8B-9AB5-3038BF292717}.Debug|x64.ActiveCfg = Debug|x64
		{763300E1-7146-4F8B-9AB5-3038BF292717}.Debug|x64.Build.0 = Debug|x64
		{763300E1-7146-4F8B-9AB5-3038BF292717}.Debug|x86.ActiveCfg = Debug|Win32
		{763300E1-7146-4F8B-9AB5-3038BF292717}.Debug|x86.Build.0 = Debug|Win32
		{763300E1-7146-4F8B-9AB5-3038BF292717}.Release|x64.ActiveCfg = Release|x64
		{763300E1-7146-4F8B-9AB5-3038BF292717}.Release|x64.Build.0 = Release|x64
		{763300E1-7146-4F8B-9AB5-3038BF292717}.Release|x86.ActiveCfg = Release|Win32
		{763300E1-7146-4F8B-9AB5-3038BF292717}.Release|x86.Build.0 = Release|Win32
		{8983EEB8-9B5B-4786-A428-12A682440127}.Debug|x64.ActiveCfg = Debug|x64
		{8983EEB8-9B5B-4786-A428-12A682440127}.Debug|x64.Build.0 = Debug|x64
		{8983EEB8-9B5B-4786-A428-12A682440127}.Debug|x86.ActiveCfg = Debug|Win32
		{8983EEB8-9B5B-4786-A428-12A682440127}.Debug|x86.Build.0 = Debug|Win32
		{8983EEB8-9B5B-4786-A428-12A682440127}.Release|x64.ActiveCfg = Release|x64
		{8983EEB8-9B5B-4786-A428-12A682440127}.Release|x64.Build.0 = Release|x64
		{8983EEB8-9B5B-4786-A428-12A682440127}.Release|x86.ActiveCfg = Release|Win32
		{8983EEB8-9B5B-4786-A428-12A682440127}.Release|x86.Build.0 = Release|Win32
		{5AD4352C-9588-4C60-BA51-565A0160C78D}.Debug|x64.ActiveCfg = Debug|x64
		{5AD4352C-9588-4C60-BA51-565A0160C78D}.Debug|x64.Build.0 = Debug|x64
		{5AD4352C-9588-4C60-BA51-565A0160C78D}.Debug|x86.ActiveCfg = Debug|Win32
		{5AD4352C-9588-4C60-BA51-565A0160C78D}.Debug|x86.Build.0 = Debug|Win32
		{5AD4352C-9588-4C60-BA51-565A0160C78D}.Release|x64.ActiveCfg = Release|x64
		{5AD4352C-9588-4C60-BA51-565A0160C78D}.Release|x64.Build.0 = Release|x64
		{5AD4352C-9588-4C60-BA51-565A0160C78D}.Release|x86.ActiveCfg = Release|Win32
		{5AD4352C-9588-4C60-BA51-565A0160C78D}.Release|x86.Build.0 = Release|Win32
		{023A674B-35E7-4122-936B-A626FF069CBB}.Debug|x64.ActiveCfg = Debug|x64
		{023A674B-35E7-4122-936B-A626FF069CBB}.Debug|x64.Build.0 = Debug|x64
		{023A674B-35E7-4122-936B-A626FF069CBB}.Debug|x86.ActiveCfg = Debug|Win32
		{023A674B-35E7-4122-936B-A626FF069CBB}.Debug|x86.Build.0 = Debug|Win32
		{023A674B-35E7-4122-936B-A626FF069CBB}.Release|x64.ActiveCfg = Release|x64
		{023A674B-35E7-4122-936B-A626FF069CBB}.Release|x64.Build.0 = Release|x64
		{023A674B-35E7-4122-936B-A626FF069CBB}.Release|x86.ActiveCfg = Release|Win32
		{023A674B-35E7-4122-936B-A626FF069CBB}.Release|x86.Build.0 = Release|Win32
		{B67F6EED-90DC-43A5-ACD4-3262B124D90E}.Debug|x64.ActiveCfg = Debug|x64
		{B67F6EED-90DC-43A5-ACD4-3262B124D90E}.Debug|x64.Build.0 = Debug|x64
		{B67F6EED-90DC-43A5-ACD4-3262B124D90E}.Debug|x86.ActiveCfg = Debug|Win32
		{B67F6EED-90DC-43A5-ACD4-3262B124D90E}.Debug|x86.Build.0 = Debug|Win32
		{B67F6EED-90DC-43A5-ACD4-3262B124D90E}.Release|x64.ActiveCfg = Release|x64
		{B67F6EED-90DC-43A5-ACD4-3262B124D90E}.Release|x64.Build.0 = Release|x64
		{B67F6EED-90DC-43A5-ACD4-3262B124D90E}.Release|x86.ActiveCfg = Release|Win32
		{B67F6EED-90DC-43A5-ACD4-3262B124D90E}.Release|x86.Build.0 = Release|Win32
		{0F70D714-FB77-4955-A852-46C71436C9CA}.Debug|x64.ActiveCfg = Debug|x64
		{0F70D714-FB77-4955-A852-46C71436C9CA}.Debug|x64.Build.0 = Debug|x64
		{0F70D714-FB77-4955-A852-46C71436C9CA}.Debug|x86.ActiveCfg = Debug|Win32
		{0F70D714-FB77-4955-A852-46C71436C9CA}.Debug|x86.Build.0 = Debug|Win32
		{0F70D714-FB77-4955-A852-46C71436C9CA}.Release|x64.ActiveCfg = Release|x64
		{0F70D714-FB77-4955-A852-46C71436C9CA}.Release|x64.Build.0 = Release|x64
		{0F70D714-FB77-4955-A852-46C71436C9CA}.Release|x86.ActiveCfg = Release|Win32
		{0F70D714-FB77-4955-A852-46C71436C9CA}.Release|x86.Build.0 = Release|Win32
		{4C710181-60A1-4230-9746-78F716CC29D7}.Debug|x64.ActiveCfg = Debug|x64
		{4C710181-60A1-4230-9746-78F716CC29D7}.Debug|x64.Build.0 = Debug|x64
		{4C710181-60A1-4230-9746-78F716CC29D7}.Debug|x86.ActiveCfg = Debug|Win32
		{4C710181-60A1-4230-9746-78F716CC29D7}.Debug|x86.Build.0 = Debug|Win32
		{4C710181-60A1-4230-9746-78F716CC29D7}.Release|x64.ActiveCfg = Release|x64
		{4C710181-60A1-4230-9746-78F716CC29D7}.Release|x64.Build.0 = Release|x64
		{4C710181-60A1-4230-9746-78F716CC29D7}.Release|x86.ActiveCfg = Release|Win32
		{4C710181-60A1-4230-9746-78F716CC29D7}.Release|x86.Build.0 = Release|Win32
		{9AE40D1D-FBB3-4F48-80BF-888620F6A007}.Debug|x64.ActiveCfg = Debug|x64
		{9AE40D1D-FBB3-4F48-80BF-888620F6A007}.Debug|x64.Build.0 = Debug|x64
		{9AE40D1D-FBB3-4F48-80BF-888620F6A007}.Debug|x86.ActiveCfg = Debug|Win32
		{9AE40D1D-FBB3-4F48-80BF-888620F6A007}.Debug|x86.Build.0 = Debug|Win32
		{9AE40D1D-FBB3-4F48-80BF-888620F6A007}.Release|x64.ActiveCfg = Release|x64
		{9AE40D1D-FBB3-4F48-80BF-888620F6A007}.Release|x64.Build.0 = Release|x64
		{9AE40D1D-FBB3-4F48-80BF-888620F6A007}.Release|x86.ActiveCfg = Release|Win32
		{9AE40D1D-FBB3-4F48-80BF-888620F6A007}.Release|x86.Build.0 = Release|Win32
	EndGlobalSection
	GlobalSection(SolutionProperties) = preSolution
		HideSolutionNode = FALSE
	EndGlobalSection
	GlobalSection(ExtensibilityGlobals) = postSolution
		SolutionGuid = {418583EF-2038-4F1B-8E9F-B1E25A94966E}
	EndGlobalSection
EndGlobal
