
Microsoft Visual Studio Solution File, Format Version 12.00
# Visual Studio Version 17
VisualStudioVersion = 17.3.32922.545
MinimumVisualStudioVersion = 10.0.40219.1
Project("{8BC9CEB8-8B4A-11D0-8D11-00A0C91BC942}") = "结构体2", "Project1\Project1.vcxproj", "{3A178FC6-524A-49B2-8170-C7A1B5FFC0BE}"
EndProject
Project("{8BC9CEB8-8B4A-11D0-8D11-00A0C91BC942}") = "分支与循环语句", "10.6（2）\10.6（2）.vcxproj", "{D38AE0DE-ABA9-4AA7-8467-A3A3837D79E4}"
EndProject
Project("{8BC9CEB8-8B4A-11D0-8D11-00A0C91BC942}") = "图书馆存书系统", "图书馆存书系统\图书馆存书系统.vcxproj", "{ECD868CC-7005-4A63-87CF-C986B0A50CF5}"
EndProject
Project("{8BC9CEB8-8B4A-11D0-8D11-00A0C91BC942}") = "判断n以内的奇数", "判断100以内的奇数\判断100以内的奇数.vcxproj", "{2B8E0075-C707-4418-8044-8955B3BF10CE}"
EndProject
Project("{8BC9CEB8-8B4A-11D0-8D11-00A0C91BC942}") = "switch调试", "Project2\Project2.vcxproj", "{4000F7DA-6DA5-47FA-B387-8A393FF0833A}"
EndProject
Project("{8BC9CEB8-8B4A-11D0-8D11-00A0C91BC942}") = "switch调试2", "Project3\Project3.vcxproj", "{86DE742D-7706-44AE-A327-811745BD4BF0}"
EndProject
Project("{8BC9CEB8-8B4A-11D0-8D11-00A0C91BC942}") = "密码调试", "Project11\Project11.vcxproj", "{9EE170FE-8855-4221-8EC4-6F38866016A6}"
EndProject
Project("{8BC9CEB8-8B4A-11D0-8D11-00A0C91BC942}") = "成绩表", "Project7\Project7.vcxproj", "{92816E45-57E0-4DB5-AF09-D74549F03165}"
EndProject
Project("{8BC9CEB8-8B4A-11D0-8D11-00A0C91BC942}") = "圣诞树", "Project1qw\Project1qw.vcxproj", "{936A103D-2515-4788-A59A-3DBC6880D01B}"
EndProject
Project("{8BC9CEB8-8B4A-11D0-8D11-00A0C91BC942}") = "for打印", "Project1czcz\Project1czcz.vcxproj", "{9B88F3C7-22B1-47CB-B6BB-123D46DB6A9B}"
EndProject
Project("{8BC9CEB8-8B4A-11D0-8D11-00A0C91BC942}") = "调换数组", "Project1111\Project1111.vcxproj", "{6AF57183-BE0F-4A77-8A4E-4981E7CB9F22}"
EndProject
Project("{8BC9CEB8-8B4A-11D0-8D11-00A0C91BC942}") = "时间转换", "Proje\Proje.vcxproj", "{E514B52A-3ACB-4405-8D60-D2234A0A4BAC}"
EndProject
Project("{8BC9CEB8-8B4A-11D0-8D11-00A0C91BC942}") = "质数", "质数\质数.vcxproj", "{D44E90C3-C898-419C-BB8C-43FC73F91BC8}"
EndProject
Project("{8BC9CEB8-8B4A-11D0-8D11-00A0C91BC942}") = "调试", "ds\ds.vcxproj", "{93791DD4-5E1D-47A9-BB91-2E8EB01C75DD}"
EndProject
Project("{8BC9CEB8-8B4A-11D0-8D11-00A0C91BC942}") = "sg", "sg\sg.vcxproj", "{A1100E00-C42C-4633-8B10-60579C170D82}"
EndProject
Project("{8BC9CEB8-8B4A-11D0-8D11-00A0C91BC942}") = "99乘法表", "99乘法表\99乘法表.vcxproj", "{9B2D7627-91A4-4980-84C7-5FBF17DB1822}"
EndProject
Project("{8BC9CEB8-8B4A-11D0-8D11-00A0C91BC942}") = "作业", "作业\作业.vcxproj", "{D09AF193-2AAB-4697-ADEA-66F770A452E9}"
EndProject
Project("{8BC9CEB8-8B4A-11D0-8D11-00A0C91BC942}") = "sdsgsg", "sdsgsg\sdsgsg.vcxproj", "{3FD559C2-92DD-4667-B9D4-5B8258C8BA3C}"
EndProject
Project("{8BC9CEB8-8B4A-11D0-8D11-00A0C91BC942}") = "阶乘相加", "阶乘相加\阶乘相加.vcxproj", "{486429FA-4604-4775-B9E7-2C83BA72ACEF}"
EndProject
Project("{8BC9CEB8-8B4A-11D0-8D11-00A0C91BC942}") = "Project1afaf", "Project1afaf\Project1afaf.vcxproj", "{4DF4C07B-C881-4BA0-AAC9-33A16BB50961}"
EndProject
Project("{8BC9CEB8-8B4A-11D0-8D11-00A0C91BC942}") = "数列寻找", "数列寻找\数列寻找.vcxproj", "{EADE0315-2140-479D-99BF-349AECF526A0}"
EndProject
Project("{8BC9CEB8-8B4A-11D0-8D11-00A0C91BC942}") = "二分法找数列", "二分法找数列\二分法找数列.vcxproj", "{B147229A-27D3-436C-8D5F-C5EDEACBAE13}"
EndProject
Project("{8BC9CEB8-8B4A-11D0-8D11-00A0C91BC942}") = "ffsfsfs", "ffsfsfs\ffsfsfs.vcxproj", "{DAB0AA4A-EC92-49EC-813F-6AE73C925605}"
EndProject
Project("{8BC9CEB8-8B4A-11D0-8D11-00A0C91BC942}") = "密码登录", "密码登录\密码登录.vcxproj", "{20DD9971-5268-4765-B276-AD7EA3A86B38}"
EndProject
Project("{8BC9CEB8-8B4A-11D0-8D11-00A0C91BC942}") = "匀变速运动", "匀变速运动\匀变速运动.vcxproj", "{5AFC5439-3F4A-4064-82DE-6854AEFD90E9}"
EndProject
Project("{8BC9CEB8-8B4A-11D0-8D11-00A0C91BC942}") = "数组调试", "数组调试\数组调试.vcxproj", "{DB4D6CC6-BDF5-4059-A560-FD81368D22BF}"
EndProject
Project("{8BC9CEB8-8B4A-11D0-8D11-00A0C91BC942}") = "计算bmi", "计算bmi\计算bmi.vcxproj", "{16ED67F1-D95F-4590-964B-FC4789C11088}"
EndProject
Project("{8BC9CEB8-8B4A-11D0-8D11-00A0C91BC942}") = "计算三角形面积和周长", "计算三角形面积和周长\计算三角形面积和周长.vcxproj", "{FCA1F65A-EE7B-4AA5-964F-8AF61D9CF485}"
EndProject
Project("{8BC9CEB8-8B4A-11D0-8D11-00A0C91BC942}") = "计算球体的体积", "计算球体的体积\计算球体的体积.vcxproj", "{9B86B186-7930-4DB0-A155-DDB8408A6976}"
EndProject
Project("{8BC9CEB8-8B4A-11D0-8D11-00A0C91BC942}") = "大小写转换", "大小写转换\大小写转换.vcxproj", "{1430EAE6-26F5-4059-A9D7-E69D1552E3C3}"
EndProject
Project("{8BC9CEB8-8B4A-11D0-8D11-00A0C91BC942}") = "移位操作符调试", "移位操作符调试\移位操作符调试.vcxproj", "{1A82ED70-5C0F-42ED-AA8E-6BF7365DFD80}"
EndProject
Project("{8BC9CEB8-8B4A-11D0-8D11-00A0C91BC942}") = "素数升级算法", "素数\素数.vcxproj", "{E4C9625F-6866-4D0B-A62D-AFC3EE2A2FC3}"
EndProject
Project("{8BC9CEB8-8B4A-11D0-8D11-00A0C91BC942}") = "调试f", "调试f\调试f.vcxproj", "{B31F40D6-5463-409B-B9A6-32DC4CA26F12}"
EndProject
Project("{8BC9CEB8-8B4A-11D0-8D11-00A0C91BC942}") = "数组找最大值", "数组找最大值\数组找最大值.vcxproj", "{4EAF92F9-46E8-4761-949B-0F90D5EBC10B}"
EndProject
Project("{8BC9CEB8-8B4A-11D0-8D11-00A0C91BC942}") = "猜数字游戏", "猜数字游戏\猜数字游戏.vcxproj", "{3737A499-AF1C-4536-B32F-CB57D4FF2A65}"
EndProject
Global
	GlobalSection(SolutionConfigurationPlatforms) = preSolution
		Debug|x64 = Debug|x64
		Debug|x86 = Debug|x86
		Release|x64 = Release|x64
		Release|x86 = Release|x86
	EndGlobalSection
	GlobalSection(ProjectConfigurationPlatforms) = postSolution
		{3A178FC6-524A-49B2-8170-C7A1B5FFC0BE}.Debug|x64.ActiveCfg = Debug|x64
		{3A178FC6-524A-49B2-8170-C7A1B5FFC0BE}.Debug|x64.Build.0 = Debug|x64
		{3A178FC6-524A-49B2-8170-C7A1B5FFC0BE}.Debug|x86.ActiveCfg = Debug|Win32
		{3A178FC6-524A-49B2-8170-C7A1B5FFC0BE}.Debug|x86.Build.0 = Debug|Win32
		{3A178FC6-524A-49B2-8170-C7A1B5FFC0BE}.Release|x64.ActiveCfg = Release|x64
		{3A178FC6-524A-49B2-8170-C7A1B5FFC0BE}.Release|x64.Build.0 = Release|x64
		{3A178FC6-524A-49B2-8170-C7A1B5FFC0BE}.Release|x86.ActiveCfg = Release|Win32
		{3A178FC6-524A-49B2-8170-C7A1B5FFC0BE}.Release|x86.Build.0 = Release|Win32
		{D38AE0DE-ABA9-4AA7-8467-A3A3837D79E4}.Debug|x64.ActiveCfg = Debug|x64
		{D38AE0DE-ABA9-4AA7-8467-A3A3837D79E4}.Debug|x64.Build.0 = Debug|x64
		{D38AE0DE-ABA9-4AA7-8467-A3A3837D79E4}.Debug|x86.ActiveCfg = Debug|Win32
		{D38AE0DE-ABA9-4AA7-8467-A3A3837D79E4}.Debug|x86.Build.0 = Debug|Win32
		{D38AE0DE-ABA9-4AA7-8467-A3A3837D79E4}.Release|x64.ActiveCfg = Release|x64
		{D38AE0DE-ABA9-4AA7-8467-A3A3837D79E4}.Release|x64.Build.0 = Release|x64
		{D38AE0DE-ABA9-4AA7-8467-A3A3837D79E4}.Release|x86.ActiveCfg = Release|Win32
		{D38AE0DE-ABA9-4AA7-8467-A3A3837D79E4}.Release|x86.Build.0 = Release|Win32
		{ECD868CC-7005-4A63-87CF-C986B0A50CF5}.Debug|x64.ActiveCfg = Debug|x64
		{ECD868CC-7005-4A63-87CF-C986B0A50CF5}.Debug|x64.Build.0 = Debug|x64
		{ECD868CC-7005-4A63-87CF-C986B0A50CF5}.Debug|x86.ActiveCfg = Debug|Win32
		{ECD868CC-7005-4A63-87CF-C986B0A50CF5}.Debug|x86.Build.0 = Debug|Win32
		{ECD868CC-7005-4A63-87CF-C986B0A50CF5}.Release|x64.ActiveCfg = Release|x64
		{ECD868CC-7005-4A63-87CF-C986B0A50CF5}.Release|x64.Build.0 = Release|x64
		{ECD868CC-7005-4A63-87CF-C986B0A50CF5}.Release|x86.ActiveCfg = Release|Win32
		{ECD868CC-7005-4A63-87CF-C986B0A50CF5}.Release|x86.Build.0 = Release|Win32
		{2B8E0075-C707-4418-8044-8955B3BF10CE}.Debug|x64.ActiveCfg = Debug|x64
		{2B8E0075-C707-4418-8044-8955B3BF10CE}.Debug|x64.Build.0 = Debug|x64
		{2B8E0075-C707-4418-8044-8955B3BF10CE}.Debug|x86.ActiveCfg = Debug|Win32
		{2B8E0075-C707-4418-8044-8955B3BF10CE}.Debug|x86.Build.0 = Debug|Win32
		{2B8E0075-C707-4418-8044-8955B3BF10CE}.Release|x64.ActiveCfg = Release|x64
		{2B8E0075-C707-4418-8044-8955B3BF10CE}.Release|x64.Build.0 = Release|x64
		{2B8E0075-C707-4418-8044-8955B3BF10CE}.Release|x86.ActiveCfg = Release|Win32
		{2B8E0075-C707-4418-8044-8955B3BF10CE}.Release|x86.Build.0 = Release|Win32
		{4000F7DA-6DA5-47FA-B387-8A393FF0833A}.Debug|x64.ActiveCfg = Debug|x64
		{4000F7DA-6DA5-47FA-B387-8A393FF0833A}.Debug|x64.Build.0 = Debug|x64
		{4000F7DA-6DA5-47FA-B387-8A393FF0833A}.Debug|x86.ActiveCfg = Debug|Win32
		{4000F7DA-6DA5-47FA-B387-8A393FF0833A}.Debug|x86.Build.0 = Debug|Win32
		{4000F7DA-6DA5-47FA-B387-8A393FF0833A}.Release|x64.ActiveCfg = Release|x64
		{4000F7DA-6DA5-47FA-B387-8A393FF0833A}.Release|x64.Build.0 = Release|x64
		{4000F7DA-6DA5-47FA-B387-8A393FF0833A}.Release|x86.ActiveCfg = Release|Win32
		{4000F7DA-6DA5-47FA-B387-8A393FF0833A}.Release|x86.Build.0 = Release|Win32
		{86DE742D-7706-44AE-A327-811745BD4BF0}.Debug|x64.ActiveCfg = Debug|x64
		{86DE742D-7706-44AE-A327-811745BD4BF0}.Debug|x64.Build.0 = Debug|x64
		{86DE742D-7706-44AE-A327-811745BD4BF0}.Debug|x86.ActiveCfg = Debug|Win32
		{86DE742D-7706-44AE-A327-811745BD4BF0}.Debug|x86.Build.0 = Debug|Win32
		{86DE742D-7706-44AE-A327-811745BD4BF0}.Release|x64.ActiveCfg = Release|x64
		{86DE742D-7706-44AE-A327-811745BD4BF0}.Release|x64.Build.0 = Release|x64
		{86DE742D-7706-44AE-A327-811745BD4BF0}.Release|x86.ActiveCfg = Release|Win32
		{86DE742D-7706-44AE-A327-811745BD4BF0}.Release|x86.Build.0 = Release|Win32
		{9EE170FE-8855-4221-8EC4-6F38866016A6}.Debug|x64.ActiveCfg = Debug|x64
		{9EE170FE-8855-4221-8EC4-6F38866016A6}.Debug|x64.Build.0 = Debug|x64
		{9EE170FE-8855-4221-8EC4-6F38866016A6}.Debug|x86.ActiveCfg = Debug|Win32
		{9EE170FE-8855-4221-8EC4-6F38866016A6}.Debug|x86.Build.0 = Debug|Win32
		{9EE170FE-8855-4221-8EC4-6F38866016A6}.Release|x64.ActiveCfg = Release|x64
		{9EE170FE-8855-4221-8EC4-6F38866016A6}.Release|x64.Build.0 = Release|x64
		{9EE170FE-8855-4221-8EC4-6F38866016A6}.Release|x86.ActiveCfg = Release|Win32
		{9EE170FE-8855-4221-8EC4-6F38866016A6}.Release|x86.Build.0 = Release|Win32
		{92816E45-57E0-4DB5-AF09-D74549F03165}.Debug|x64.ActiveCfg = Debug|x64
		{92816E45-57E0-4DB5-AF09-D74549F03165}.Debug|x64.Build.0 = Debug|x64
		{92816E45-57E0-4DB5-AF09-D74549F03165}.Debug|x86.ActiveCfg = Debug|Win32
		{92816E45-57E0-4DB5-AF09-D74549F03165}.Debug|x86.Build.0 = Debug|Win32
		{92816E45-57E0-4DB5-AF09-D74549F03165}.Release|x64.ActiveCfg = Release|x64
		{92816E45-57E0-4DB5-AF09-D74549F03165}.Release|x64.Build.0 = Release|x64
		{92816E45-57E0-4DB5-AF09-D74549F03165}.Release|x86.ActiveCfg = Release|Win32
		{92816E45-57E0-4DB5-AF09-D74549F03165}.Release|x86.Build.0 = Release|Win32
		{936A103D-2515-4788-A59A-3DBC6880D01B}.Debug|x64.ActiveCfg = Debug|x64
		{936A103D-2515-4788-A59A-3DBC6880D01B}.Debug|x64.Build.0 = Debug|x64
		{936A103D-2515-4788-A59A-3DBC6880D01B}.Debug|x86.ActiveCfg = Debug|Win32
		{936A103D-2515-4788-A59A-3DBC6880D01B}.Debug|x86.Build.0 = Debug|Win32
		{936A103D-2515-4788-A59A-3DBC6880D01B}.Release|x64.ActiveCfg = Release|x64
		{936A103D-2515-4788-A59A-3DBC6880D01B}.Release|x64.Build.0 = Release|x64
		{936A103D-2515-4788-A59A-3DBC6880D01B}.Release|x86.ActiveCfg = Release|Win32
		{936A103D-2515-4788-A59A-3DBC6880D01B}.Release|x86.Build.0 = Release|Win32
		{9B88F3C7-22B1-47CB-B6BB-123D46DB6A9B}.Debug|x64.ActiveCfg = Debug|x64
		{9B88F3C7-22B1-47CB-B6BB-123D46DB6A9B}.Debug|x64.Build.0 = Debug|x64
		{9B88F3C7-22B1-47CB-B6BB-123D46DB6A9B}.Debug|x86.ActiveCfg = Debug|Win32
		{9B88F3C7-22B1-47CB-B6BB-123D46DB6A9B}.Debug|x86.Build.0 = Debug|Win32
		{9B88F3C7-22B1-47CB-B6BB-123D46DB6A9B}.Release|x64.ActiveCfg = Release|x64
		{9B88F3C7-22B1-47CB-B6BB-123D46DB6A9B}.Release|x64.Build.0 = Release|x64
		{9B88F3C7-22B1-47CB-B6BB-123D46DB6A9B}.Release|x86.ActiveCfg = Release|Win32
		{9B88F3C7-22B1-47CB-B6BB-123D46DB6A9B}.Release|x86.Build.0 = Release|Win32
		{6AF57183-BE0F-4A77-8A4E-4981E7CB9F22}.Debug|x64.ActiveCfg = Debug|x64
		{6AF57183-BE0F-4A77-8A4E-4981E7CB9F22}.Debug|x64.Build.0 = Debug|x64
		{6AF57183-BE0F-4A77-8A4E-4981E7CB9F22}.Debug|x86.ActiveCfg = Debug|Win32
		{6AF57183-BE0F-4A77-8A4E-4981E7CB9F22}.Debug|x86.Build.0 = Debug|Win32
		{6AF57183-BE0F-4A77-8A4E-4981E7CB9F22}.Release|x64.ActiveCfg = Release|x64
		{6AF57183-BE0F-4A77-8A4E-4981E7CB9F22}.Release|x64.Build.0 = Release|x64
		{6AF57183-BE0F-4A77-8A4E-4981E7CB9F22}.Release|x86.ActiveCfg = Release|Win32
		{6AF57183-BE0F-4A77-8A4E-4981E7CB9F22}.Release|x86.Build.0 = Release|Win32
		{E514B52A-3ACB-4405-8D60-D2234A0A4BAC}.Debug|x64.ActiveCfg = Debug|x64
		{E514B52A-3ACB-4405-8D60-D2234A0A4BAC}.Debug|x64.Build.0 = Debug|x64
		{E514B52A-3ACB-4405-8D60-D2234A0A4BAC}.Debug|x86.ActiveCfg = Debug|Win32
		{E514B52A-3ACB-4405-8D60-D2234A0A4BAC}.Debug|x86.Build.0 = Debug|Win32
		{E514B52A-3ACB-4405-8D60-D2234A0A4BAC}.Release|x64.ActiveCfg = Release|x64
		{E514B52A-3ACB-4405-8D60-D2234A0A4BAC}.Release|x64.Build.0 = Release|x64
		{E514B52A-3ACB-4405-8D60-D2234A0A4BAC}.Release|x86.ActiveCfg = Release|Win32
		{E514B52A-3ACB-4405-8D60-D2234A0A4BAC}.Release|x86.Build.0 = Release|Win32
		{D44E90C3-C898-419C-BB8C-43FC73F91BC8}.Debug|x64.ActiveCfg = Debug|x64
		{D44E90C3-C898-419C-BB8C-43FC73F91BC8}.Debug|x64.Build.0 = Debug|x64
		{D44E90C3-C898-419C-BB8C-43FC73F91BC8}.Debug|x86.ActiveCfg = Debug|Win32
		{D44E90C3-C898-419C-BB8C-43FC73F91BC8}.Debug|x86.Build.0 = Debug|Win32
		{D44E90C3-C898-419C-BB8C-43FC73F91BC8}.Release|x64.ActiveCfg = Release|x64
		{D44E90C3-C898-419C-BB8C-43FC73F91BC8}.Release|x64.Build.0 = Release|x64
		{D44E90C3-C898-419C-BB8C-43FC73F91BC8}.Release|x86.ActiveCfg = Release|Win32
		{D44E90C3-C898-419C-BB8C-43FC73F91BC8}.Release|x86.Build.0 = Release|Win32
		{93791DD4-5E1D-47A9-BB91-2E8EB01C75DD}.Debug|x64.ActiveCfg = Debug|x64
		{93791DD4-5E1D-47A9-BB91-2E8EB01C75DD}.Debug|x64.Build.0 = Debug|x64
		{93791DD4-5E1D-47A9-BB91-2E8EB01C75DD}.Debug|x86.ActiveCfg = Debug|Win32
		{93791DD4-5E1D-47A9-BB91-2E8EB01C75DD}.Debug|x86.Build.0 = Debug|Win32
		{93791DD4-5E1D-47A9-BB91-2E8EB01C75DD}.Release|x64.ActiveCfg = Release|x64
		{93791DD4-5E1D-47A9-BB91-2E8EB01C75DD}.Release|x64.Build.0 = Release|x64
		{93791DD4-5E1D-47A9-BB91-2E8EB01C75DD}.Release|x86.ActiveCfg = Release|Win32
		{93791DD4-5E1D-47A9-BB91-2E8EB01C75DD}.Release|x86.Build.0 = Release|Win32
		{A1100E00-C42C-4633-8B10-60579C170D82}.Debug|x64.ActiveCfg = Debug|x64
		{A1100E00-C42C-4633-8B10-60579C170D82}.Debug|x64.Build.0 = Debug|x64
		{A1100E00-C42C-4633-8B10-60579C170D82}.Debug|x86.ActiveCfg = Debug|Win32
		{A1100E00-C42C-4633-8B10-60579C170D82}.Debug|x86.Build.0 = Debug|Win32
		{A1100E00-C42C-4633-8B10-60579C170D82}.Release|x64.ActiveCfg = Release|x64
		{A1100E00-C42C-4633-8B10-60579C170D82}.Release|x64.Build.0 = Release|x64
		{A1100E00-C42C-4633-8B10-60579C170D82}.Release|x86.ActiveCfg = Release|Win32
		{A1100E00-C42C-4633-8B10-60579C170D82}.Release|x86.Build.0 = Release|Win32
		{9B2D7627-91A4-4980-84C7-5FBF17DB1822}.Debug|x64.ActiveCfg = Debug|x64
		{9B2D7627-91A4-4980-84C7-5FBF17DB1822}.Debug|x64.Build.0 = Debug|x64
		{9B2D7627-91A4-4980-84C7-5FBF17DB1822}.Debug|x86.ActiveCfg = Debug|Win32
		{9B2D7627-91A4-4980-84C7-5FBF17DB1822}.Debug|x86.Build.0 = Debug|Win32
		{9B2D7627-91A4-4980-84C7-5FBF17DB1822}.Release|x64.ActiveCfg = Release|x64
		{9B2D7627-91A4-4980-84C7-5FBF17DB1822}.Release|x64.Build.0 = Release|x64
		{9B2D7627-91A4-4980-84C7-5FBF17DB1822}.Release|x86.ActiveCfg = Release|Win32
		{9B2D7627-91A4-4980-84C7-5FBF17DB1822}.Release|x86.Build.0 = Release|Win32
		{D09AF193-2AAB-4697-ADEA-66F770A452E9}.Debug|x64.ActiveCfg = Debug|x64
		{D09AF193-2AAB-4697-ADEA-66F770A452E9}.Debug|x64.Build.0 = Debug|x64
		{D09AF193-2AAB-4697-ADEA-66F770A452E9}.Debug|x86.ActiveCfg = Debug|Win32
		{D09AF193-2AAB-4697-ADEA-66F770A452E9}.Debug|x86.Build.0 = Debug|Win32
		{D09AF193-2AAB-4697-ADEA-66F770A452E9}.Release|x64.ActiveCfg = Release|x64
		{D09AF193-2AAB-4697-ADEA-66F770A452E9}.Release|x64.Build.0 = Release|x64
		{D09AF193-2AAB-4697-ADEA-66F770A452E9}.Release|x86.ActiveCfg = Release|Win32
		{D09AF193-2AAB-4697-ADEA-66F770A452E9}.Release|x86.Build.0 = Release|Win32
		{3FD559C2-92DD-4667-B9D4-5B8258C8BA3C}.Debug|x64.ActiveCfg = Debug|x64
		{3FD559C2-92DD-4667-B9D4-5B8258C8BA3C}.Debug|x64.Build.0 = Debug|x64
		{3FD559C2-92DD-4667-B9D4-5B8258C8BA3C}.Debug|x86.ActiveCfg = Debug|Win32
		{3FD559C2-92DD-4667-B9D4-5B8258C8BA3C}.Debug|x86.Build.0 = Debug|Win32
		{3FD559C2-92DD-4667-B9D4-5B8258C8BA3C}.Release|x64.ActiveCfg = Release|x64
		{3FD559C2-92DD-4667-B9D4-5B8258C8BA3C}.Release|x64.Build.0 = Release|x64
		{3FD559C2-92DD-4667-B9D4-5B8258C8BA3C}.Release|x86.ActiveCfg = Release|Win32
		{3FD559C2-92DD-4667-B9D4-5B8258C8BA3C}.Release|x86.Build.0 = Release|Win32
		{486429FA-4604-4775-B9E7-2C83BA72ACEF}.Debug|x64.ActiveCfg = Debug|x64
		{486429FA-4604-4775-B9E7-2C83BA72ACEF}.Debug|x64.Build.0 = Debug|x64
		{486429FA-4604-4775-B9E7-2C83BA72ACEF}.Debug|x86.ActiveCfg = Debug|Win32
		{486429FA-4604-4775-B9E7-2C83BA72ACEF}.Debug|x86.Build.0 = Debug|Win32
		{486429FA-4604-4775-B9E7-2C83BA72ACEF}.Release|x64.ActiveCfg = Release|x64
		{486429FA-4604-4775-B9E7-2C83BA72ACEF}.Release|x64.Build.0 = Release|x64
		{486429FA-4604-4775-B9E7-2C83BA72ACEF}.Release|x86.ActiveCfg = Release|Win32
		{486429FA-4604-4775-B9E7-2C83BA72ACEF}.Release|x86.Build.0 = Release|Win32
		{4DF4C07B-C881-4BA0-AAC9-33A16BB50961}.Debug|x64.ActiveCfg = Debug|x64
		{4DF4C07B-C881-4BA0-AAC9-33A16BB50961}.Debug|x64.Build.0 = Debug|x64
		{4DF4C07B-C881-4BA0-AAC9-33A16BB50961}.Debug|x86.ActiveCfg = Debug|Win32
		{4DF4C07B-C881-4BA0-AAC9-33A16BB50961}.Debug|x86.Build.0 = Debug|Win32
		{4DF4C07B-C881-4BA0-AAC9-33A16BB50961}.Release|x64.ActiveCfg = Release|x64
		{4DF4C07B-C881-4BA0-AAC9-33A16BB50961}.Release|x64.Build.0 = Release|x64
		{4DF4C07B-C881-4BA0-AAC9-33A16BB50961}.Release|x86.ActiveCfg = Release|Win32
		{4DF4C07B-C881-4BA0-AAC9-33A16BB50961}.Release|x86.Build.0 = Release|Win32
		{EADE0315-2140-479D-99BF-349AECF526A0}.Debug|x64.ActiveCfg = Debug|x64
		{EADE0315-2140-479D-99BF-349AECF526A0}.Debug|x64.Build.0 = Debug|x64
		{EADE0315-2140-479D-99BF-349AECF526A0}.Debug|x86.ActiveCfg = Debug|Win32
		{EADE0315-2140-479D-99BF-349AECF526A0}.Debug|x86.Build.0 = Debug|Win32
		{EADE0315-2140-479D-99BF-349AECF526A0}.Release|x64.ActiveCfg = Release|x64
		{EADE0315-2140-479D-99BF-349AECF526A0}.Release|x64.Build.0 = Release|x64
		{EADE0315-2140-479D-99BF-349AECF526A0}.Release|x86.ActiveCfg = Release|Win32
		{EADE0315-2140-479D-99BF-349AECF526A0}.Release|x86.Build.0 = Release|Win32
		{B147229A-27D3-436C-8D5F-C5EDEACBAE13}.Debug|x64.ActiveCfg = Debug|x64
		{B147229A-27D3-436C-8D5F-C5EDEACBAE13}.Debug|x64.Build.0 = Debug|x64
		{B147229A-27D3-436C-8D5F-C5EDEACBAE13}.Debug|x86.ActiveCfg = Debug|Win32
		{B147229A-27D3-436C-8D5F-C5EDEACBAE13}.Debug|x86.Build.0 = Debug|Win32
		{B147229A-27D3-436C-8D5F-C5EDEACBAE13}.Release|x64.ActiveCfg = Release|x64
		{B147229A-27D3-436C-8D5F-C5EDEACBAE13}.Release|x64.Build.0 = Release|x64
		{B147229A-27D3-436C-8D5F-C5EDEACBAE13}.Release|x86.ActiveCfg = Release|Win32
		{B147229A-27D3-436C-8D5F-C5EDEACBAE13}.Release|x86.Build.0 = Release|Win32
		{DAB0AA4A-EC92-49EC-813F-6AE73C925605}.Debug|x64.ActiveCfg = Debug|x64
		{DAB0AA4A-EC92-49EC-813F-6AE73C925605}.Debug|x64.Build.0 = Debug|x64
		{DAB0AA4A-EC92-49EC-813F-6AE73C925605}.Debug|x86.ActiveCfg = Debug|Win32
		{DAB0AA4A-EC92-49EC-813F-6AE73C925605}.Debug|x86.Build.0 = Debug|Win32
		{DAB0AA4A-EC92-49EC-813F-6AE73C925605}.Release|x64.ActiveCfg = Release|x64
		{DAB0AA4A-EC92-49EC-813F-6AE73C925605}.Release|x64.Build.0 = Release|x64
		{DAB0AA4A-EC92-49EC-813F-6AE73C925605}.Release|x86.ActiveCfg = Release|Win32
		{DAB0AA4A-EC92-49EC-813F-6AE73C925605}.Release|x86.Build.0 = Release|Win32
		{20DD9971-5268-4765-B276-AD7EA3A86B38}.Debug|x64.ActiveCfg = Debug|x64
		{20DD9971-5268-4765-B276-AD7EA3A86B38}.Debug|x64.Build.0 = Debug|x64
		{20DD9971-5268-4765-B276-AD7EA3A86B38}.Debug|x86.ActiveCfg = Debug|Win32
		{20DD9971-5268-4765-B276-AD7EA3A86B38}.Debug|x86.Build.0 = Debug|Win32
		{20DD9971-5268-4765-B276-AD7EA3A86B38}.Release|x64.ActiveCfg = Release|x64
		{20DD9971-5268-4765-B276-AD7EA3A86B38}.Release|x64.Build.0 = Release|x64
		{20DD9971-5268-4765-B276-AD7EA3A86B38}.Release|x86.ActiveCfg = Release|Win32
		{20DD9971-5268-4765-B276-AD7EA3A86B38}.Release|x86.Build.0 = Release|Win32
		{5AFC5439-3F4A-4064-82DE-6854AEFD90E9}.Debug|x64.ActiveCfg = Debug|x64
		{5AFC5439-3F4A-4064-82DE-6854AEFD90E9}.Debug|x64.Build.0 = Debug|x64
		{5AFC5439-3F4A-4064-82DE-6854AEFD90E9}.Debug|x86.ActiveCfg = Debug|Win32
		{5AFC5439-3F4A-4064-82DE-6854AEFD90E9}.Debug|x86.Build.0 = Debug|Win32
		{5AFC5439-3F4A-4064-82DE-6854AEFD90E9}.Release|x64.ActiveCfg = Release|x64
		{5AFC5439-3F4A-4064-82DE-6854AEFD90E9}.Release|x64.Build.0 = Release|x64
		{5AFC5439-3F4A-4064-82DE-6854AEFD90E9}.Release|x86.ActiveCfg = Release|Win32
		{5AFC5439-3F4A-4064-82DE-6854AEFD90E9}.Release|x86.Build.0 = Release|Win32
		{DB4D6CC6-BDF5-4059-A560-FD81368D22BF}.Debug|x64.ActiveCfg = Debug|x64
		{DB4D6CC6-BDF5-4059-A560-FD81368D22BF}.Debug|x64.Build.0 = Debug|x64
		{DB4D6CC6-BDF5-4059-A560-FD81368D22BF}.Debug|x86.ActiveCfg = Debug|Win32
		{DB4D6CC6-BDF5-4059-A560-FD81368D22BF}.Debug|x86.Build.0 = Debug|Win32
		{DB4D6CC6-BDF5-4059-A560-FD81368D22BF}.Release|x64.ActiveCfg = Release|x64
		{DB4D6CC6-BDF5-4059-A560-FD81368D22BF}.Release|x64.Build.0 = Release|x64
		{DB4D6CC6-BDF5-4059-A560-FD81368D22BF}.Release|x86.ActiveCfg = Release|Win32
		{DB4D6CC6-BDF5-4059-A560-FD81368D22BF}.Release|x86.Build.0 = Release|Win32
		{16ED67F1-D95F-4590-964B-FC4789C11088}.Debug|x64.ActiveCfg = Debug|x64
		{16ED67F1-D95F-4590-964B-FC4789C11088}.Debug|x64.Build.0 = Debug|x64
		{16ED67F1-D95F-4590-964B-FC4789C11088}.Debug|x86.ActiveCfg = Debug|Win32
		{16ED67F1-D95F-4590-964B-FC4789C11088}.Debug|x86.Build.0 = Debug|Win32
		{16ED67F1-D95F-4590-964B-FC4789C11088}.Release|x64.ActiveCfg = Release|x64
		{16ED67F1-D95F-4590-964B-FC4789C11088}.Release|x64.Build.0 = Release|x64
		{16ED67F1-D95F-4590-964B-FC4789C11088}.Release|x86.ActiveCfg = Release|Win32
		{16ED67F1-D95F-4590-964B-FC4789C11088}.Release|x86.Build.0 = Release|Win32
		{FCA1F65A-EE7B-4AA5-964F-8AF61D9CF485}.Debug|x64.ActiveCfg = Debug|x64
		{FCA1F65A-EE7B-4AA5-964F-8AF61D9CF485}.Debug|x64.Build.0 = Debug|x64
		{FCA1F65A-EE7B-4AA5-964F-8AF61D9CF485}.Debug|x86.ActiveCfg = Debug|Win32
		{FCA1F65A-EE7B-4AA5-964F-8AF61D9CF485}.Debug|x86.Build.0 = Debug|Win32
		{FCA1F65A-EE7B-4AA5-964F-8AF61D9CF485}.Release|x64.ActiveCfg = Release|x64
		{FCA1F65A-EE7B-4AA5-964F-8AF61D9CF485}.Release|x64.Build.0 = Release|x64
		{FCA1F65A-EE7B-4AA5-964F-8AF61D9CF485}.Release|x86.ActiveCfg = Release|Win32
		{FCA1F65A-EE7B-4AA5-964F-8AF61D9CF485}.Release|x86.Build.0 = Release|Win32
		{9B86B186-7930-4DB0-A155-DDB8408A6976}.Debug|x64.ActiveCfg = Debug|x64
		{9B86B186-7930-4DB0-A155-DDB8408A6976}.Debug|x64.Build.0 = Debug|x64
		{9B86B186-7930-4DB0-A155-DDB8408A6976}.Debug|x86.ActiveCfg = Debug|Win32
		{9B86B186-7930-4DB0-A155-DDB8408A6976}.Debug|x86.Build.0 = Debug|Win32
		{9B86B186-7930-4DB0-A155-DDB8408A6976}.Release|x64.ActiveCfg = Release|x64
		{9B86B186-7930-4DB0-A155-DDB8408A6976}.Release|x64.Build.0 = Release|x64
		{9B86B186-7930-4DB0-A155-DDB8408A6976}.Release|x86.ActiveCfg = Release|Win32
		{9B86B186-7930-4DB0-A155-DDB8408A6976}.Release|x86.Build.0 = Release|Win32
		{1430EAE6-26F5-4059-A9D7-E69D1552E3C3}.Debug|x64.ActiveCfg = Debug|x64
		{1430EAE6-26F5-4059-A9D7-E69D1552E3C3}.Debug|x64.Build.0 = Debug|x64
		{1430EAE6-26F5-4059-A9D7-E69D1552E3C3}.Debug|x86.ActiveCfg = Debug|Win32
		{1430EAE6-26F5-4059-A9D7-E69D1552E3C3}.Debug|x86.Build.0 = Debug|Win32
		{1430EAE6-26F5-4059-A9D7-E69D1552E3C3}.Release|x64.ActiveCfg = Release|x64
		{1430EAE6-26F5-4059-A9D7-E69D1552E3C3}.Release|x64.Build.0 = Release|x64
		{1430EAE6-26F5-4059-A9D7-E69D1552E3C3}.Release|x86.ActiveCfg = Release|Win32
		{1430EAE6-26F5-4059-A9D7-E69D1552E3C3}.Release|x86.Build.0 = Release|Win32
		{1A82ED70-5C0F-42ED-AA8E-6BF7365DFD80}.Debug|x64.ActiveCfg = Debug|x64
		{1A82ED70-5C0F-42ED-AA8E-6BF7365DFD80}.Debug|x64.Build.0 = Debug|x64
		{1A82ED70-5C0F-42ED-AA8E-6BF7365DFD80}.Debug|x86.ActiveCfg = Debug|Win32
		{1A82ED70-5C0F-42ED-AA8E-6BF7365DFD80}.Debug|x86.Build.0 = Debug|Win32
		{1A82ED70-5C0F-42ED-AA8E-6BF7365DFD80}.Release|x64.ActiveCfg = Release|x64
		{1A82ED70-5C0F-42ED-AA8E-6BF7365DFD80}.Release|x64.Build.0 = Release|x64
		{1A82ED70-5C0F-42ED-AA8E-6BF7365DFD80}.Release|x86.ActiveCfg = Release|Win32
		{1A82ED70-5C0F-42ED-AA8E-6BF7365DFD80}.Release|x86.Build.0 = Release|Win32
		{E4C9625F-6866-4D0B-A62D-AFC3EE2A2FC3}.Debug|x64.ActiveCfg = Debug|x64
		{E4C9625F-6866-4D0B-A62D-AFC3EE2A2FC3}.Debug|x64.Build.0 = Debug|x64
		{E4C9625F-6866-4D0B-A62D-AFC3EE2A2FC3}.Debug|x86.ActiveCfg = Debug|Win32
		{E4C9625F-6866-4D0B-A62D-AFC3EE2A2FC3}.Debug|x86.Build.0 = Debug|Win32
		{E4C9625F-6866-4D0B-A62D-AFC3EE2A2FC3}.Release|x64.ActiveCfg = Release|x64
		{E4C9625F-6866-4D0B-A62D-AFC3EE2A2FC3}.Release|x64.Build.0 = Release|x64
		{E4C9625F-6866-4D0B-A62D-AFC3EE2A2FC3}.Release|x86.ActiveCfg = Release|Win32
		{E4C9625F-6866-4D0B-A62D-AFC3EE2A2FC3}.Release|x86.Build.0 = Release|Win32
		{B31F40D6-5463-409B-B9A6-32DC4CA26F12}.Debug|x64.ActiveCfg = Debug|x64
		{B31F40D6-5463-409B-B9A6-32DC4CA26F12}.Debug|x64.Build.0 = Debug|x64
		{B31F40D6-5463-409B-B9A6-32DC4CA26F12}.Debug|x86.ActiveCfg = Debug|Win32
		{B31F40D6-5463-409B-B9A6-32DC4CA26F12}.Debug|x86.Build.0 = Debug|Win32
		{B31F40D6-5463-409B-B9A6-32DC4CA26F12}.Release|x64.ActiveCfg = Release|x64
		{B31F40D6-5463-409B-B9A6-32DC4CA26F12}.Release|x64.Build.0 = Release|x64
		{B31F40D6-5463-409B-B9A6-32DC4CA26F12}.Release|x86.ActiveCfg = Release|Win32
		{B31F40D6-5463-409B-B9A6-32DC4CA26F12}.Release|x86.Build.0 = Release|Win32
		{4EAF92F9-46E8-4761-949B-0F90D5EBC10B}.Debug|x64.ActiveCfg = Debug|x64
		{4EAF92F9-46E8-4761-949B-0F90D5EBC10B}.Debug|x64.Build.0 = Debug|x64
		{4EAF92F9-46E8-4761-949B-0F90D5EBC10B}.Debug|x86.ActiveCfg = Debug|Win32
		{4EAF92F9-46E8-4761-949B-0F90D5EBC10B}.Debug|x86.Build.0 = Debug|Win32
		{4EAF92F9-46E8-4761-949B-0F90D5EBC10B}.Release|x64.ActiveCfg = Release|x64
		{4EAF92F9-46E8-4761-949B-0F90D5EBC10B}.Release|x64.Build.0 = Release|x64
		{4EAF92F9-46E8-4761-949B-0F90D5EBC10B}.Release|x86.ActiveCfg = Release|Win32
		{4EAF92F9-46E8-4761-949B-0F90D5EBC10B}.Release|x86.Build.0 = Release|Win32
		{3737A499-AF1C-4536-B32F-CB57D4FF2A65}.Debug|x64.ActiveCfg = Debug|x64
		{3737A499-AF1C-4536-B32F-CB57D4FF2A65}.Debug|x64.Build.0 = Debug|x64
		{3737A499-AF1C-4536-B32F-CB57D4FF2A65}.Debug|x86.ActiveCfg = Debug|Win32
		{3737A499-AF1C-4536-B32F-CB57D4FF2A65}.Debug|x86.Build.0 = Debug|Win32
		{3737A499-AF1C-4536-B32F-CB57D4FF2A65}.Release|x64.ActiveCfg = Release|x64
		{3737A499-AF1C-4536-B32F-CB57D4FF2A65}.Release|x64.Build.0 = Release|x64
		{3737A499-AF1C-4536-B32F-CB57D4FF2A65}.Release|x86.ActiveCfg = Release|Win32
		{3737A499-AF1C-4536-B32F-CB57D4FF2A65}.Release|x86.Build.0 = Release|Win32
	EndGlobalSection
	GlobalSection(SolutionProperties) = preSolution
		HideSolutionNode = FALSE
	EndGlobalSection
	GlobalSection(ExtensibilityGlobals) = postSolution
		SolutionGuid = {DC4B3E75-1197-4E99-AB49-A2AB1C50E991}
	EndGlobalSection
EndGlobal
