
Microsoft Visual Studio Solution File, Format Version 12.00
# Visual Studio Version 17
VisualStudioVersion = 17.3.32922.545
MinimumVisualStudioVersion = 10.0.40219.1
Project("{8BC9CEB8-8B4A-11D0-8D11-00A0C91BC942}") = "结构体2", "Project1\Project1.vcxproj", "{3A178FC6-524A-49B2-8170-C7A1B5FFC0BE}"
EndProject
Project("{8BC9CEB8-8B4A-11D0-8D11-00A0C91BC942}") = "分支与循环语句", "10.6（2）\10.6（2）.vcxproj", "{D38AE0DE-ABA9-4AA7-8467-A3A3837D79E4}"
EndProject
Project("{8BC9CEB8-8B4A-11D0-8D11-00A0C91BC942}") = "图书馆存书系统", "图书馆存书系统\图书馆存书系统.vcxproj", "{ECD868CC-7005-4A63-87CF-C986B0A50CF5}"
EndProject
Project("{8BC9CEB8-8B4A-11D0-8D11-00A0C91BC942}") = "判断n以内的奇数", "判断100以内的奇数\判断100以内的奇数.vcxproj", "{2B8E0075-C707-4418-8044-8955B3BF10CE}"
EndProject
Project("{8BC9CEB8-8B4A-11D0-8D11-00A0C91BC942}") = "switch调试", "Project2\Project2.vcxproj", "{4000F7DA-6DA5-47FA-B387-8A393FF0833A}"
EndProject
Project("{8BC9CEB8-8B4A-11D0-8D11-00A0C91BC942}") = "switch调试2", "Project3\Project3.vcxproj", "{86DE742D-7706-44AE-A327-811745BD4BF0}"
EndProject
Project("{8BC9CEB8-8B4A-11D0-8D11-00A0C91BC942}") = "密码调试", "Project11\Project11.vcxproj", "{9EE170FE-8855-4221-8EC4-6F38866016A6}"
EndProject
Project("{8BC9CEB8-8B4A-11D0-8D11-00A0C91BC942}") = "成绩表", "Project7\Project7.vcxproj", "{92816E45-57E0-4DB5-AF09-D74549F03165}"
EndProject
Project("{8BC9CEB8-8B4A-11D0-8D11-00A0C91BC942}") = "圣诞树", "Project1qw\Project1qw.vcxproj", "{936A103D-2515-4788-A59A-3DBC6880D01B}"
EndProject
Project("{8BC9CEB8-8B4A-11D0-8D11-00A0C91BC942}") = "for打印", "Project1czcz\Project1czcz.vcxproj", "{9B88F3C7-22B1-47CB-B6BB-123D46DB6A9B}"
EndProject
Project("{8BC9CEB8-8B4A-11D0-8D11-00A0C91BC942}") = "调换数组", "Project1111\Project1111.vcxproj", "{6AF57183-BE0F-4A77-8A4E-4981E7CB9F22}"
EndProject
Project("{8BC9CEB8-8B4A-11D0-8D11-00A0C91BC942}") = "时间转换", "Proje\Proje.vcxproj", "{E514B52A-3ACB-4405-8D60-D2234A0A4BAC}"
EndProject
Project("{8BC9CEB8-8B4A-11D0-8D11-00A0C91BC942}") = "质数", "质数\质数.vcxproj", "{D44E90C3-C898-419C-BB8C-43FC73F91BC8}"
EndProject
Project("{8BC9CEB8-8B4A-11D0-8D11-00A0C91BC942}") = "调试", "ds\ds.vcxproj", "{93791DD4-5E1D-47A9-BB91-2E8EB01C75DD}"
EndProject
Project("{8BC9CEB8-8B4A-11D0-8D11-00A0C91BC942}") = "sg", "sg\sg.vcxproj", "{A1100E00-C42C-4633-8B10-60579C170D82}"
EndProject
Project("{8BC9CEB8-8B4A-11D0-8D11-00A0C91BC942}") = "99乘法表", "99乘法表\99乘法表.vcxproj", "{9B2D7627-91A4-4980-84C7-5FBF17DB1822}"
EndProject
Project("{8BC9CEB8-8B4A-11D0-8D11-00A0C91BC942}") = "作业", "作业\作业.vcxproj", "{D09AF193-2AAB-4697-ADEA-66F770A452E9}"
EndProject
Project("{8BC9CEB8-8B4A-11D0-8D11-00A0C91BC942}") = "sdsgsg", "sdsgsg\sdsgsg.vcxproj", "{3FD559C2-92DD-4667-B9D4-5B8258C8BA3C}"
EndProject
Project("{8BC9CEB8-8B4A-11D0-8D11-00A0C91BC942}") = "阶乘相加", "阶乘相加\阶乘相加.vcxproj", "{486429FA-4604-4775-B9E7-2C83BA72ACEF}"
EndProject
Project("{8BC9CEB8-8B4A-11D0-8D11-00A0C91BC942}") = "Project1afaf", "Project1afaf\Project1afaf.vcxproj", "{4DF4C07B-C881-4BA0-AAC9-33A16BB50961}"
EndProject
Project("{8BC9CEB8-8B4A-11D0-8D11-00A0C91BC942}") = "数列寻找", "数列寻找\数列寻找.vcxproj", "{EADE0315-2140-479D-99BF-349AECF526A0}"
EndProject
Project("{8BC9CEB8-8B4A-11D0-8D11-00A0C91BC942}") = "二分法找数列", "二分法找数列\二分法找数列.vcxproj", "{B147229A-27D3-436C-8D5F-C5EDEACBAE13}"
EndProject
Project("{8BC9CEB8-8B4A-11D0-8D11-00A0C91BC942}") = "两侧打印", "ffsfsfs\ffsfsfs.vcxproj", "{DAB0AA4A-EC92-49EC-813F-6AE73C925605}"
EndProject
Project("{8BC9CEB8-8B4A-11D0-8D11-00A0C91BC942}") = "密码登录", "密码登录\密码登录.vcxproj", "{20DD9971-5268-4765-B276-AD7EA3A86B38}"
EndProject
Project("{8BC9CEB8-8B4A-11D0-8D11-00A0C91BC942}") = "匀变速运动", "匀变速运动\匀变速运动.vcxproj", "{5AFC5439-3F4A-4064-82DE-6854AEFD90E9}"
EndProject
Project("{8BC9CEB8-8B4A-11D0-8D11-00A0C91BC942}") = "数组调试", "数组调试\数组调试.vcxproj", "{DB4D6CC6-BDF5-4059-A560-FD81368D22BF}"
EndProject
Project("{8BC9CEB8-8B4A-11D0-8D11-00A0C91BC942}") = "计算bmi", "计算bmi\计算bmi.vcxproj", "{16ED67F1-D95F-4590-964B-FC4789C11088}"
EndProject
Project("{8BC9CEB8-8B4A-11D0-8D11-00A0C91BC942}") = "计算三角形面积和周长", "计算三角形面积和周长\计算三角形面积和周长.vcxproj", "{FCA1F65A-EE7B-4AA5-964F-8AF61D9CF485}"
EndProject
Project("{8BC9CEB8-8B4A-11D0-8D11-00A0C91BC942}") = "计算球体的体积", "计算球体的体积\计算球体的体积.vcxproj", "{9B86B186-7930-4DB0-A155-DDB8408A6976}"
EndProject
Project("{8BC9CEB8-8B4A-11D0-8D11-00A0C91BC942}") = "大小写转换", "大小写转换\大小写转换.vcxproj", "{1430EAE6-26F5-4059-A9D7-E69D1552E3C3}"
EndProject
Project("{8BC9CEB8-8B4A-11D0-8D11-00A0C91BC942}") = "移位操作符调试", "移位操作符调试\移位操作符调试.vcxproj", "{1A82ED70-5C0F-42ED-AA8E-6BF7365DFD80}"
EndProject
Project("{8BC9CEB8-8B4A-11D0-8D11-00A0C91BC942}") = "素数升级算法", "素数\素数.vcxproj", "{E4C9625F-6866-4D0B-A62D-AFC3EE2A2FC3}"
EndProject
Project("{8BC9CEB8-8B4A-11D0-8D11-00A0C91BC942}") = "调试f", "调试f\调试f.vcxproj", "{B31F40D6-5463-409B-B9A6-32DC4CA26F12}"
EndProject
Project("{8BC9CEB8-8B4A-11D0-8D11-00A0C91BC942}") = "数组找最大值", "数组找最大值\数组找最大值.vcxproj", "{4EAF92F9-46E8-4761-949B-0F90D5EBC10B}"
EndProject
Project("{8BC9CEB8-8B4A-11D0-8D11-00A0C91BC942}") = "猜数字游戏", "猜数字游戏\猜数字游戏.vcxproj", "{3737A499-AF1C-4536-B32F-CB57D4FF2A65}"
EndProject
Project("{8BC9CEB8-8B4A-11D0-8D11-00A0C91BC942}") = "函数调试", "函数调试\函数调试.vcxproj", "{280BB463-F76C-4EA7-BC16-ED9CA95B04D5}"
EndProject
Project("{8BC9CEB8-8B4A-11D0-8D11-00A0C91BC942}") = "1234变1 2 3 4", "1234变1 2 3 4\1234变1 2 3 4.vcxproj", "{A1BDED3A-189E-41F1-927E-DB5FF0256CC3}"
EndProject
Project("{8BC9CEB8-8B4A-11D0-8D11-00A0C91BC942}") = "strlen", "strlen\strlen.vcxproj", "{067DBFCB-75F8-4719-BE46-95F358F09D22}"
EndProject
Project("{8BC9CEB8-8B4A-11D0-8D11-00A0C91BC942}") = "阶乘递归", "阶乘递归\阶乘递归.vcxproj", "{52926522-F755-4136-A0DC-D9B93FD8367A}"
EndProject
Project("{8BC9CEB8-8B4A-11D0-8D11-00A0C91BC942}") = "阶乘相加递归", "阶乘相加递归\阶乘相加递归.vcxproj", "{456AED36-95A1-4D19-B6BA-BA96D44130FE}"
EndProject
Project("{8BC9CEB8-8B4A-11D0-8D11-00A0C91BC942}") = "斐波那契数列", "斐波那契数列\斐波那契数列.vcxproj", "{24F65074-A6C5-470C-9B12-06C22520D5C9}"
EndProject
Project("{8BC9CEB8-8B4A-11D0-8D11-00A0C91BC942}") = "青蛙跳台阶", "青蛙跳台阶\青蛙跳台阶.vcxproj", "{01F4B88A-A2A2-4988-BD0C-51A942457806}"
EndProject
Project("{8BC9CEB8-8B4A-11D0-8D11-00A0C91BC942}") = "汉诺塔", "汉诺塔\汉诺塔.vcxproj", "{39F336B7-01FB-4BA7-BED1-5AB34A4DA1CA}"
EndProject
Project("{8BC9CEB8-8B4A-11D0-8D11-00A0C91BC942}") = "数组调试2", "数组调试2\数组调试2.vcxproj", "{A581CF07-E305-47F8-8A76-E3595673C2FC}"
EndProject
Project("{8BC9CEB8-8B4A-11D0-8D11-00A0C91BC942}") = "冒泡", "冒泡\冒泡.vcxproj", "{2A24BD99-5495-4811-A491-6E42B4D4D13E}"
EndProject
Project("{8BC9CEB8-8B4A-11D0-8D11-00A0C91BC942}") = "10.18", "10.18\10.18.vcxproj", "{346040D8-52E3-420B-9995-5F5E5E2E6C81}"
EndProject
Project("{8BC9CEB8-8B4A-11D0-8D11-00A0C91BC942}") = "三子棋", "三子棋\三子棋.vcxproj", "{82F102C1-A5C2-4364-9858-DEFD329B9159}"
EndProject
Project("{8BC9CEB8-8B4A-11D0-8D11-00A0C91BC942}") = "扫雷", "扫雷\扫雷.vcxproj", "{CADC8FAE-1107-4411-AF15-0C0920C6B0B4}"
EndProject
Project("{8BC9CEB8-8B4A-11D0-8D11-00A0C91BC942}") = "调试", "调试\调试.vcxproj", "{01504FD9-DC08-4FA7-9A41-E678401067CC}"
EndProject
Project("{8BC9CEB8-8B4A-11D0-8D11-00A0C91BC942}") = "无序数组查找元素", "无序数组查找元素\无序数组查找元素.vcxproj", "{4B28C869-5FAD-44D7-8271-99D744DD6C4E}"
EndProject
Project("{8BC9CEB8-8B4A-11D0-8D11-00A0C91BC942}") = "进制A+B", "进制A+B\进制A+B.vcxproj", "{C69340AA-D592-415B-BD75-3D21513CF1B7}"
EndProject
Project("{8BC9CEB8-8B4A-11D0-8D11-00A0C91BC942}") = "判断是否为字母", "判断是否为字母\判断是否为字母.vcxproj", "{AF412A97-9CF8-403E-B72B-8022B9C23EED}"
EndProject
Project("{8BC9CEB8-8B4A-11D0-8D11-00A0C91BC942}") = "Lily Number", "Lily Number\Lily Number.vcxproj", "{8EE5D258-B140-43B1-90D6-E2A52DB6B54F}"
EndProject
Project("{8BC9CEB8-8B4A-11D0-8D11-00A0C91BC942}") = "争夺前五名", "争夺前五名\争夺前五名.vcxproj", "{6D7663E7-BEDD-4F8E-973F-92FE9F8E1F97}"
EndProject
Project("{8BC9CEB8-8B4A-11D0-8D11-00A0C91BC942}") = "竞选社长", "竞选社长\竞选社长.vcxproj", "{EC3521E1-F0F2-4A0D-9D6F-7A09723A8457}"
EndProject
Project("{8BC9CEB8-8B4A-11D0-8D11-00A0C91BC942}") = "判断是否为元音", "判断是否为元音\判断是否为元音.vcxproj", "{BB2E1EBC-9303-4BB3-A6BE-2122E124F4C5}"
EndProject
Project("{8BC9CEB8-8B4A-11D0-8D11-00A0C91BC942}") = "一元二次方程求解", "一元二次方程求解\一元二次方程求解.vcxproj", "{C9774347-AF5C-4D3A-AF8E-04A2CEBA6316}"
EndProject
Project("{8BC9CEB8-8B4A-11D0-8D11-00A0C91BC942}") = "简单计算器", "简单计算器\简单计算器.vcxproj", "{15CC7B4F-CB14-4439-BBA5-DCE7CB05154D}"
EndProject
Project("{8BC9CEB8-8B4A-11D0-8D11-00A0C91BC942}") = "哥德巴赫猜想", "哥德巴赫猜想\哥德巴赫猜想.vcxproj", "{A5E6A197-7A23-41F0-A77F-46B2D3DFC99B}"
EndProject
Project("{8BC9CEB8-8B4A-11D0-8D11-00A0C91BC942}") = "菱形", "菱形\菱形.vcxproj", "{4733371E-4050-4192-9E51-D4026B77FA4C}"
EndProject
Project("{8BC9CEB8-8B4A-11D0-8D11-00A0C91BC942}") = "k字", "k字\k字.vcxproj", "{AD49F633-43DF-455E-A128-E15D24AB4BA9}"
EndProject
Project("{8BC9CEB8-8B4A-11D0-8D11-00A0C91BC942}") = "飞机", "飞机\飞机.vcxproj", "{918C7CF9-C43C-432F-A10A-273EB97FE759}"
EndProject
Project("{8BC9CEB8-8B4A-11D0-8D11-00A0C91BC942}") = "x字", "x字\x字.vcxproj", "{46273300-0E88-4B0D-84CB-6C218443A2C6}"
EndProject
Project("{8BC9CEB8-8B4A-11D0-8D11-00A0C91BC942}") = "数组输入数再排列", "数组输入数再排列\数组输入数再排列.vcxproj", "{70B9D2F3-46D2-4FEF-8AAA-591DAD2FF968}"
EndProject
Project("{8BC9CEB8-8B4A-11D0-8D11-00A0C91BC942}") = "筛选法求素数", "筛选法求素数\筛选法求素数.vcxproj", "{0C77B0BD-0A59-4EB3-A6F7-96F090C558A4}"
EndProject
Project("{8BC9CEB8-8B4A-11D0-8D11-00A0C91BC942}") = "作业2", "作业2\作业2.vcxproj", "{02676DD3-5775-40D4-81EF-CF069C6AFF6F}"
EndProject
Project("{8BC9CEB8-8B4A-11D0-8D11-00A0C91BC942}") = "图像相似度", "图像相似度\图像相似度.vcxproj", "{2850588E-4A7F-4159-A25E-B03E5C5DD248}"
EndProject
Project("{8BC9CEB8-8B4A-11D0-8D11-00A0C91BC942}") = "包含数字9的数", "包含数字9的数\包含数字9的数.vcxproj", "{71B157D5-3BDE-41BA-A582-EAD6D240FF70}"
EndProject
Project("{8BC9CEB8-8B4A-11D0-8D11-00A0C91BC942}") = "统计二进制中1的个数", "统计二进制中1的个数\统计二进制中1的个数.vcxproj", "{2F12F60B-1773-4A49-9616-28E6B8B7C7DC}"
EndProject
Project("{8BC9CEB8-8B4A-11D0-8D11-00A0C91BC942}") = "打印整数二进制的奇数位和偶数位", "打印整数二进制的奇数位和偶数位\打印整数二进制的奇数位和偶数位.vcxproj", "{786A7DBD-8336-444B-A4B8-8B0BF5EF1A40}"
EndProject
Project("{8BC9CEB8-8B4A-11D0-8D11-00A0C91BC942}") = "求两个数二进制中不同位的个数", "求两个数二进制中不同位的个数\求两个数二进制中不同位的个数.vcxproj", "{B946ACEB-CC33-4F7C-9AB9-A0B76AD89FEE}"
EndProject
Project("{8BC9CEB8-8B4A-11D0-8D11-00A0C91BC942}") = "无敌版斐波那契", "无敌版斐波那契\无敌版斐波那契.vcxproj", "{3929026E-4C4D-43BA-BF07-CDC306577B59}"
EndProject
Project("{8BC9CEB8-8B4A-11D0-8D11-00A0C91BC942}") = "获得月份天数", "获得月份天数\获得月份天数.vcxproj", "{66B42293-B812-4D00-B0FD-785CD7A446BF}"
EndProject
Project("{8BC9CEB8-8B4A-11D0-8D11-00A0C91BC942}") = "有序序列合并", "有序序列合并\有序序列合并.vcxproj", "{E9E37CD0-E10D-49D7-AC4E-7F48B563D747}"
EndProject
Project("{8BC9CEB8-8B4A-11D0-8D11-00A0C91BC942}") = "矩阵转置", "矩阵转置\矩阵转置.vcxproj", "{DF24A7EE-D0A1-4974-8481-71057A224CAA}"
EndProject
Project("{8BC9CEB8-8B4A-11D0-8D11-00A0C91BC942}") = "矩阵交换", "矩阵交换\矩阵交换.vcxproj", "{2BE96643-8BAD-4E6F-8BC4-F0BF62E3973C}"
EndProject
Project("{8BC9CEB8-8B4A-11D0-8D11-00A0C91BC942}") = "小乐乐与序列", "小乐乐与序列\小乐乐与序列.vcxproj", "{411AF97D-67B6-4479-8F66-A4B7109CEF3C}"
EndProject
Project("{8BC9CEB8-8B4A-11D0-8D11-00A0C91BC942}") = "小乐乐与字符串", "小乐乐与字符串\小乐乐与字符串.vcxproj", "{88E7D9FD-2ECE-4A05-8539-BD1EA3C6062B}"
EndProject
Project("{8BC9CEB8-8B4A-11D0-8D11-00A0C91BC942}") = "小乐乐与二段数", "小乐乐与二段数\小乐乐与二段数.vcxproj", "{15805FA4-5714-482C-86FC-645C8A340F05}"
EndProject
Project("{8BC9CEB8-8B4A-11D0-8D11-00A0C91BC942}") = "桶排", "桶排\桶排.vcxproj", "{4445D2FC-040C-4296-B617-64E80BADC540}"
EndProject
Project("{8BC9CEB8-8B4A-11D0-8D11-00A0C91BC942}") = "Project111", "Project111\Project111.vcxproj", "{29564BD5-0148-4B7C-ABBF-3FCBE8C4C772}"
EndProject
Project("{8BC9CEB8-8B4A-11D0-8D11-00A0C91BC942}") = "使用指针打印数组内容", "使用指针打印数组内容\使用指针打印数组内容.vcxproj", "{5963CBF3-1340-4581-BC1D-2776B66535ED}"
EndProject
Project("{8BC9CEB8-8B4A-11D0-8D11-00A0C91BC942}") = "字符逆序", "字符逆序\字符逆序.vcxproj", "{E8493F88-D008-4B9A-B928-DDE8A730BCD8}"
EndProject
Project("{8BC9CEB8-8B4A-11D0-8D11-00A0C91BC942}") = "计算求和", "计算求和\计算求和.vcxproj", "{15AAB5F1-9389-4D07-8182-03EB2AF35E23}"
EndProject
Project("{8BC9CEB8-8B4A-11D0-8D11-00A0C91BC942}") = "喝汽水问题", "喝汽水问题\喝汽水问题.vcxproj", "{93930094-D9A8-4910-B49E-1291C369503C}"
EndProject
Project("{8BC9CEB8-8B4A-11D0-8D11-00A0C91BC942}") = "caonima", "caonima\caonima.vcxproj", "{A1A8C606-C715-4DE6-8BFC-87C5621CF3FA}"
EndProject
Project("{8BC9CEB8-8B4A-11D0-8D11-00A0C91BC942}") = "圣诞树", "圣诞树\圣诞树.vcxproj", "{783D5FF7-0276-4816-9222-902044CFA281}"
EndProject
Project("{8BC9CEB8-8B4A-11D0-8D11-00A0C91BC942}") = "超级圣诞树", "超级圣诞树\超级圣诞树.vcxproj", "{06F479C9-4F33-4029-B7F4-0EE7100A37AD}"
EndProject
Project("{8BC9CEB8-8B4A-11D0-8D11-00A0C91BC942}") = "作业3", "作业3\作业3.vcxproj", "{6B8E6A29-C5E8-492A-9426-F2F2DE23A97B}"
EndProject
Project("{8BC9CEB8-8B4A-11D0-8D11-00A0C91BC942}") = "计算日期到天数转换", "计算日期到天数转换\计算日期到天数转换.vcxproj", "{93B2DFF2-4C67-4C3A-B9D4-8DA302F21709}"
EndProject
Project("{8BC9CEB8-8B4A-11D0-8D11-00A0C91BC942}") = "函数指针", "函数指针\函数指针.vcxproj", "{1F0B20CA-A3B8-4C8C-B9FB-0BF29BCB8A2B}"
EndProject
Project("{8BC9CEB8-8B4A-11D0-8D11-00A0C91BC942}") = "猜名次", "猜名次\猜名次.vcxproj", "{A59ED5E6-BBEE-440D-9CD4-045EFE756DC9}"
EndProject
Project("{8BC9CEB8-8B4A-11D0-8D11-00A0C91BC942}") = "谋杀案", "谋杀案\谋杀案.vcxproj", "{549A2632-FAAA-486B-9894-8334B6A8D06F}"
EndProject
Project("{8BC9CEB8-8B4A-11D0-8D11-00A0C91BC942}") = "杨辉三角", "杨辉三角\杨辉三角.vcxproj", "{F6F6FF70-3543-408A-A8AE-10EBD5F3D81A}"
EndProject
Project("{8BC9CEB8-8B4A-11D0-8D11-00A0C91BC942}") = "杨氏矩阵", "杨氏矩阵\杨氏矩阵.vcxproj", "{ED44E39E-F400-499D-A327-B6C75EBF244C}"
EndProject
Project("{8BC9CEB8-8B4A-11D0-8D11-00A0C91BC942}") = "字符串左旋", "字符串左旋\字符串左旋.vcxproj", "{EB9E1CEA-FA24-425D-AEAD-FE0AABFBA5C6}"
EndProject
Project("{8BC9CEB8-8B4A-11D0-8D11-00A0C91BC942}") = "字符串旋转结果", "字符串旋转结果\字符串旋转结果.vcxproj", "{2B08EAF7-BE1B-48E3-B0D6-9FB7A398E3F0}"
EndProject
Project("{8BC9CEB8-8B4A-11D0-8D11-00A0C91BC942}") = "qsort模拟实现", "qsort模拟实现\qsort模拟实现.vcxproj", "{AED920EC-E640-4258-B415-57CDDB6689B1}"
EndProject
Project("{8BC9CEB8-8B4A-11D0-8D11-00A0C91BC942}") = "赦免战俘", "赦免战俘\赦免战俘.vcxproj", "{DEEDBF95-5896-433A-A3A8-49F0427D3E40}"
EndProject
Project("{8BC9CEB8-8B4A-11D0-8D11-00A0C91BC942}") = "数据结构", "数据结构\数据结构.vcxproj", "{9C56B221-B76E-48E8-91A6-8E4D50136885}"
EndProject
Project("{8BC9CEB8-8B4A-11D0-8D11-00A0C91BC942}") = "消失的数字", "消失的数字\消失的数字.vcxproj", "{5DBAECEE-2E42-41F1-B11C-72ACBB4181F8}"
EndProject
Project("{8BC9CEB8-8B4A-11D0-8D11-00A0C91BC942}") = "通讯录", "通讯录\通讯录.vcxproj", "{F6EE1A1C-5B5C-439E-8DE5-BB0185B08344}"
EndProject
Project("{8BC9CEB8-8B4A-11D0-8D11-00A0C91BC942}") = "链表", "链表\链表.vcxproj", "{A27A30AB-BEF9-4019-B910-9E48BF2CD1A3}"
EndProject
Project("{8BC9CEB8-8B4A-11D0-8D11-00A0C91BC942}") = "lin", "lin\lin.vcxproj", "{D77C0FC4-1223-4009-985B-022B0C77E309}"
EndProject
Project("{8BC9CEB8-8B4A-11D0-8D11-00A0C91BC942}") = "学生信息系统", "学生信息系统\学生信息系统.vcxproj", "{1A66BD18-FD35-4DD7-9260-A3CD2E68168E}"
EndProject
Project("{8BC9CEB8-8B4A-11D0-8D11-00A0C91BC942}") = "选拔赛", "选拔赛\选拔赛.vcxproj", "{7CD0605E-125A-492C-8D8B-03DF218B0F42}"
EndProject
Global
	GlobalSection(SolutionConfigurationPlatforms) = preSolution
		Debug|x64 = Debug|x64
		Debug|x86 = Debug|x86
		Release|x64 = Release|x64
		Release|x86 = Release|x86
	EndGlobalSection
	GlobalSection(ProjectConfigurationPlatforms) = postSolution
		{3A178FC6-524A-49B2-8170-C7A1B5FFC0BE}.Debug|x64.ActiveCfg = Debug|x64
		{3A178FC6-524A-49B2-8170-C7A1B5FFC0BE}.Debug|x64.Build.0 = Debug|x64
		{3A178FC6-524A-49B2-8170-C7A1B5FFC0BE}.Debug|x86.ActiveCfg = Debug|Win32
		{3A178FC6-524A-49B2-8170-C7A1B5FFC0BE}.Debug|x86.Build.0 = Debug|Win32
		{3A178FC6-524A-49B2-8170-C7A1B5FFC0BE}.Release|x64.ActiveCfg = Release|x64
		{3A178FC6-524A-49B2-8170-C7A1B5FFC0BE}.Release|x64.Build.0 = Release|x64
		{3A178FC6-524A-49B2-8170-C7A1B5FFC0BE}.Release|x86.ActiveCfg = Release|Win32
		{3A178FC6-524A-49B2-8170-C7A1B5FFC0BE}.Release|x86.Build.0 = Release|Win32
		{D38AE0DE-ABA9-4AA7-8467-A3A3837D79E4}.Debug|x64.ActiveCfg = Debug|x64
		{D38AE0DE-ABA9-4AA7-8467-A3A3837D79E4}.Debug|x64.Build.0 = Debug|x64
		{D38AE0DE-ABA9-4AA7-8467-A3A3837D79E4}.Debug|x86.ActiveCfg = Debug|Win32
		{D38AE0DE-ABA9-4AA7-8467-A3A3837D79E4}.Debug|x86.Build.0 = Debug|Win32
		{D38AE0DE-ABA9-4AA7-8467-A3A3837D79E4}.Release|x64.ActiveCfg = Release|x64
		{D38AE0DE-ABA9-4AA7-8467-A3A3837D79E4}.Release|x64.Build.0 = Release|x64
		{D38AE0DE-ABA9-4AA7-8467-A3A3837D79E4}.Release|x86.ActiveCfg = Release|Win32
		{D38AE0DE-ABA9-4AA7-8467-A3A3837D79E4}.Release|x86.Build.0 = Release|Win32
		{ECD868CC-7005-4A63-87CF-C986B0A50CF5}.Debug|x64.ActiveCfg = Debug|x64
		{ECD868CC-7005-4A63-87CF-C986B0A50CF5}.Debug|x64.Build.0 = Debug|x64
		{ECD868CC-7005-4A63-87CF-C986B0A50CF5}.Debug|x86.ActiveCfg = Debug|Win32
		{ECD868CC-7005-4A63-87CF-C986B0A50CF5}.Debug|x86.Build.0 = Debug|Win32
		{ECD868CC-7005-4A63-87CF-C986B0A50CF5}.Release|x64.ActiveCfg = Release|x64
		{ECD868CC-7005-4A63-87CF-C986B0A50CF5}.Release|x64.Build.0 = Release|x64
		{ECD868CC-7005-4A63-87CF-C986B0A50CF5}.Release|x86.ActiveCfg = Release|Win32
		{ECD868CC-7005-4A63-87CF-C986B0A50CF5}.Release|x86.Build.0 = Release|Win32
		{2B8E0075-C707-4418-8044-8955B3BF10CE}.Debug|x64.ActiveCfg = Debug|x64
		{2B8E0075-C707-4418-8044-8955B3BF10CE}.Debug|x64.Build.0 = Debug|x64
		{2B8E0075-C707-4418-8044-8955B3BF10CE}.Debug|x86.ActiveCfg = Debug|Win32
		{2B8E0075-C707-4418-8044-8955B3BF10CE}.Debug|x86.Build.0 = Debug|Win32
		{2B8E0075-C707-4418-8044-8955B3BF10CE}.Release|x64.ActiveCfg = Release|x64
		{2B8E0075-C707-4418-8044-8955B3BF10CE}.Release|x64.Build.0 = Release|x64
		{2B8E0075-C707-4418-8044-8955B3BF10CE}.Release|x86.ActiveCfg = Release|Win32
		{2B8E0075-C707-4418-8044-8955B3BF10CE}.Release|x86.Build.0 = Release|Win32
		{4000F7DA-6DA5-47FA-B387-8A393FF0833A}.Debug|x64.ActiveCfg = Debug|x64
		{4000F7DA-6DA5-47FA-B387-8A393FF0833A}.Debug|x64.Build.0 = Debug|x64
		{4000F7DA-6DA5-47FA-B387-8A393FF0833A}.Debug|x86.ActiveCfg = Debug|Win32
		{4000F7DA-6DA5-47FA-B387-8A393FF0833A}.Debug|x86.Build.0 = Debug|Win32
		{4000F7DA-6DA5-47FA-B387-8A393FF0833A}.Release|x64.ActiveCfg = Release|x64
		{4000F7DA-6DA5-47FA-B387-8A393FF0833A}.Release|x64.Build.0 = Release|x64
		{4000F7DA-6DA5-47FA-B387-8A393FF0833A}.Release|x86.ActiveCfg = Release|Win32
		{4000F7DA-6DA5-47FA-B387-8A393FF0833A}.Release|x86.Build.0 = Release|Win32
		{86DE742D-7706-44AE-A327-811745BD4BF0}.Debug|x64.ActiveCfg = Debug|x64
		{86DE742D-7706-44AE-A327-811745BD4BF0}.Debug|x64.Build.0 = Debug|x64
		{86DE742D-7706-44AE-A327-811745BD4BF0}.Debug|x86.ActiveCfg = Debug|Win32
		{86DE742D-7706-44AE-A327-811745BD4BF0}.Debug|x86.Build.0 = Debug|Win32
		{86DE742D-7706-44AE-A327-811745BD4BF0}.Release|x64.ActiveCfg = Release|x64
		{86DE742D-7706-44AE-A327-811745BD4BF0}.Release|x64.Build.0 = Release|x64
		{86DE742D-7706-44AE-A327-811745BD4BF0}.Release|x86.ActiveCfg = Release|Win32
		{86DE742D-7706-44AE-A327-811745BD4BF0}.Release|x86.Build.0 = Release|Win32
		{9EE170FE-8855-4221-8EC4-6F38866016A6}.Debug|x64.ActiveCfg = Debug|x64
		{9EE170FE-8855-4221-8EC4-6F38866016A6}.Debug|x64.Build.0 = Debug|x64
		{9EE170FE-8855-4221-8EC4-6F38866016A6}.Debug|x86.ActiveCfg = Debug|Win32
		{9EE170FE-8855-4221-8EC4-6F38866016A6}.Debug|x86.Build.0 = Debug|Win32
		{9EE170FE-8855-4221-8EC4-6F38866016A6}.Release|x64.ActiveCfg = Release|x64
		{9EE170FE-8855-4221-8EC4-6F38866016A6}.Release|x64.Build.0 = Release|x64
		{9EE170FE-8855-4221-8EC4-6F38866016A6}.Release|x86.ActiveCfg = Release|Win32
		{9EE170FE-8855-4221-8EC4-6F38866016A6}.Release|x86.Build.0 = Release|Win32
		{92816E45-57E0-4DB5-AF09-D74549F03165}.Debug|x64.ActiveCfg = Debug|x64
		{92816E45-57E0-4DB5-AF09-D74549F03165}.Debug|x64.Build.0 = Debug|x64
		{92816E45-57E0-4DB5-AF09-D74549F03165}.Debug|x86.ActiveCfg = Debug|Win32
		{92816E45-57E0-4DB5-AF09-D74549F03165}.Debug|x86.Build.0 = Debug|Win32
		{92816E45-57E0-4DB5-AF09-D74549F03165}.Release|x64.ActiveCfg = Release|x64
		{92816E45-57E0-4DB5-AF09-D74549F03165}.Release|x64.Build.0 = Release|x64
		{92816E45-57E0-4DB5-AF09-D74549F03165}.Release|x86.ActiveCfg = Release|Win32
		{92816E45-57E0-4DB5-AF09-D74549F03165}.Release|x86.Build.0 = Release|Win32
		{936A103D-2515-4788-A59A-3DBC6880D01B}.Debug|x64.ActiveCfg = Debug|x64
		{936A103D-2515-4788-A59A-3DBC6880D01B}.Debug|x64.Build.0 = Debug|x64
		{936A103D-2515-4788-A59A-3DBC6880D01B}.Debug|x86.ActiveCfg = Debug|Win32
		{936A103D-2515-4788-A59A-3DBC6880D01B}.Debug|x86.Build.0 = Debug|Win32
		{936A103D-2515-4788-A59A-3DBC6880D01B}.Release|x64.ActiveCfg = Release|x64
		{936A103D-2515-4788-A59A-3DBC6880D01B}.Release|x64.Build.0 = Release|x64
		{936A103D-2515-4788-A59A-3DBC6880D01B}.Release|x86.ActiveCfg = Release|Win32
		{936A103D-2515-4788-A59A-3DBC6880D01B}.Release|x86.Build.0 = Release|Win32
		{9B88F3C7-22B1-47CB-B6BB-123D46DB6A9B}.Debug|x64.ActiveCfg = Debug|x64
		{9B88F3C7-22B1-47CB-B6BB-123D46DB6A9B}.Debug|x64.Build.0 = Debug|x64
		{9B88F3C7-22B1-47CB-B6BB-123D46DB6A9B}.Debug|x86.ActiveCfg = Debug|Win32
		{9B88F3C7-22B1-47CB-B6BB-123D46DB6A9B}.Debug|x86.Build.0 = Debug|Win32
		{9B88F3C7-22B1-47CB-B6BB-123D46DB6A9B}.Release|x64.ActiveCfg = Release|x64
		{9B88F3C7-22B1-47CB-B6BB-123D46DB6A9B}.Release|x64.Build.0 = Release|x64
		{9B88F3C7-22B1-47CB-B6BB-123D46DB6A9B}.Release|x86.ActiveCfg = Release|Win32
		{9B88F3C7-22B1-47CB-B6BB-123D46DB6A9B}.Release|x86.Build.0 = Release|Win32
		{6AF57183-BE0F-4A77-8A4E-4981E7CB9F22}.Debug|x64.ActiveCfg = Debug|x64
		{6AF57183-BE0F-4A77-8A4E-4981E7CB9F22}.Debug|x64.Build.0 = Debug|x64
		{6AF57183-BE0F-4A77-8A4E-4981E7CB9F22}.Debug|x86.ActiveCfg = Debug|Win32
		{6AF57183-BE0F-4A77-8A4E-4981E7CB9F22}.Debug|x86.Build.0 = Debug|Win32
		{6AF57183-BE0F-4A77-8A4E-4981E7CB9F22}.Release|x64.ActiveCfg = Release|x64
		{6AF57183-BE0F-4A77-8A4E-4981E7CB9F22}.Release|x64.Build.0 = Release|x64
		{6AF57183-BE0F-4A77-8A4E-4981E7CB9F22}.Release|x86.ActiveCfg = Release|Win32
		{6AF57183-BE0F-4A77-8A4E-4981E7CB9F22}.Release|x86.Build.0 = Release|Win32
		{E514B52A-3ACB-4405-8D60-D2234A0A4BAC}.Debug|x64.ActiveCfg = Debug|x64
		{E514B52A-3ACB-4405-8D60-D2234A0A4BAC}.Debug|x64.Build.0 = Debug|x64
		{E514B52A-3ACB-4405-8D60-D2234A0A4BAC}.Debug|x86.ActiveCfg = Debug|Win32
		{E514B52A-3ACB-4405-8D60-D2234A0A4BAC}.Debug|x86.Build.0 = Debug|Win32
		{E514B52A-3ACB-4405-8D60-D2234A0A4BAC}.Release|x64.ActiveCfg = Release|x64
		{E514B52A-3ACB-4405-8D60-D2234A0A4BAC}.Release|x64.Build.0 = Release|x64
		{E514B52A-3ACB-4405-8D60-D2234A0A4BAC}.Release|x86.ActiveCfg = Release|Win32
		{E514B52A-3ACB-4405-8D60-D2234A0A4BAC}.Release|x86.Build.0 = Release|Win32
		{D44E90C3-C898-419C-BB8C-43FC73F91BC8}.Debug|x64.ActiveCfg = Debug|x64
		{D44E90C3-C898-419C-BB8C-43FC73F91BC8}.Debug|x64.Build.0 = Debug|x64
		{D44E90C3-C898-419C-BB8C-43FC73F91BC8}.Debug|x86.ActiveCfg = Debug|Win32
		{D44E90C3-C898-419C-BB8C-43FC73F91BC8}.Debug|x86.Build.0 = Debug|Win32
		{D44E90C3-C898-419C-BB8C-43FC73F91BC8}.Release|x64.ActiveCfg = Release|x64
		{D44E90C3-C898-419C-BB8C-43FC73F91BC8}.Release|x64.Build.0 = Release|x64
		{D44E90C3-C898-419C-BB8C-43FC73F91BC8}.Release|x86.ActiveCfg = Release|Win32
		{D44E90C3-C898-419C-BB8C-43FC73F91BC8}.Release|x86.Build.0 = Release|Win32
		{93791DD4-5E1D-47A9-BB91-2E8EB01C75DD}.Debug|x64.ActiveCfg = Debug|x64
		{93791DD4-5E1D-47A9-BB91-2E8EB01C75DD}.Debug|x64.Build.0 = Debug|x64
		{93791DD4-5E1D-47A9-BB91-2E8EB01C75DD}.Debug|x86.ActiveCfg = Debug|Win32
		{93791DD4-5E1D-47A9-BB91-2E8EB01C75DD}.Debug|x86.Build.0 = Debug|Win32
		{93791DD4-5E1D-47A9-BB91-2E8EB01C75DD}.Release|x64.ActiveCfg = Release|x64
		{93791DD4-5E1D-47A9-BB91-2E8EB01C75DD}.Release|x64.Build.0 = Release|x64
		{93791DD4-5E1D-47A9-BB91-2E8EB01C75DD}.Release|x86.ActiveCfg = Release|Win32
		{93791DD4-5E1D-47A9-BB91-2E8EB01C75DD}.Release|x86.Build.0 = Release|Win32
		{A1100E00-C42C-4633-8B10-60579C170D82}.Debug|x64.ActiveCfg = Debug|x64
		{A1100E00-C42C-4633-8B10-60579C170D82}.Debug|x64.Build.0 = Debug|x64
		{A1100E00-C42C-4633-8B10-60579C170D82}.Debug|x86.ActiveCfg = Debug|Win32
		{A1100E00-C42C-4633-8B10-60579C170D82}.Debug|x86.Build.0 = Debug|Win32
		{A1100E00-C42C-4633-8B10-60579C170D82}.Release|x64.ActiveCfg = Release|x64
		{A1100E00-C42C-4633-8B10-60579C170D82}.Release|x64.Build.0 = Release|x64
		{A1100E00-C42C-4633-8B10-60579C170D82}.Release|x86.ActiveCfg = Release|Win32
		{A1100E00-C42C-4633-8B10-60579C170D82}.Release|x86.Build.0 = Release|Win32
		{9B2D7627-91A4-4980-84C7-5FBF17DB1822}.Debug|x64.ActiveCfg = Debug|x64
		{9B2D7627-91A4-4980-84C7-5FBF17DB1822}.Debug|x64.Build.0 = Debug|x64
		{9B2D7627-91A4-4980-84C7-5FBF17DB1822}.Debug|x86.ActiveCfg = Debug|Win32
		{9B2D7627-91A4-4980-84C7-5FBF17DB1822}.Debug|x86.Build.0 = Debug|Win32
		{9B2D7627-91A4-4980-84C7-5FBF17DB1822}.Release|x64.ActiveCfg = Release|x64
		{9B2D7627-91A4-4980-84C7-5FBF17DB1822}.Release|x64.Build.0 = Release|x64
		{9B2D7627-91A4-4980-84C7-5FBF17DB1822}.Release|x86.ActiveCfg = Release|Win32
		{9B2D7627-91A4-4980-84C7-5FBF17DB1822}.Release|x86.Build.0 = Release|Win32
		{D09AF193-2AAB-4697-ADEA-66F770A452E9}.Debug|x64.ActiveCfg = Debug|x64
		{D09AF193-2AAB-4697-ADEA-66F770A452E9}.Debug|x64.Build.0 = Debug|x64
		{D09AF193-2AAB-4697-ADEA-66F770A452E9}.Debug|x86.ActiveCfg = Debug|Win32
		{D09AF193-2AAB-4697-ADEA-66F770A452E9}.Debug|x86.Build.0 = Debug|Win32
		{D09AF193-2AAB-4697-ADEA-66F770A452E9}.Release|x64.ActiveCfg = Release|x64
		{D09AF193-2AAB-4697-ADEA-66F770A452E9}.Release|x64.Build.0 = Release|x64
		{D09AF193-2AAB-4697-ADEA-66F770A452E9}.Release|x86.ActiveCfg = Release|Win32
		{D09AF193-2AAB-4697-ADEA-66F770A452E9}.Release|x86.Build.0 = Release|Win32
		{3FD559C2-92DD-4667-B9D4-5B8258C8BA3C}.Debug|x64.ActiveCfg = Debug|x64
		{3FD559C2-92DD-4667-B9D4-5B8258C8BA3C}.Debug|x64.Build.0 = Debug|x64
		{3FD559C2-92DD-4667-B9D4-5B8258C8BA3C}.Debug|x86.ActiveCfg = Debug|Win32
		{3FD559C2-92DD-4667-B9D4-5B8258C8BA3C}.Debug|x86.Build.0 = Debug|Win32
		{3FD559C2-92DD-4667-B9D4-5B8258C8BA3C}.Release|x64.ActiveCfg = Release|x64
		{3FD559C2-92DD-4667-B9D4-5B8258C8BA3C}.Release|x64.Build.0 = Release|x64
		{3FD559C2-92DD-4667-B9D4-5B8258C8BA3C}.Release|x86.ActiveCfg = Release|Win32
		{3FD559C2-92DD-4667-B9D4-5B8258C8BA3C}.Release|x86.Build.0 = Release|Win32
		{486429FA-4604-4775-B9E7-2C83BA72ACEF}.Debug|x64.ActiveCfg = Debug|x64
		{486429FA-4604-4775-B9E7-2C83BA72ACEF}.Debug|x64.Build.0 = Debug|x64
		{486429FA-4604-4775-B9E7-2C83BA72ACEF}.Debug|x86.ActiveCfg = Debug|Win32
		{486429FA-4604-4775-B9E7-2C83BA72ACEF}.Debug|x86.Build.0 = Debug|Win32
		{486429FA-4604-4775-B9E7-2C83BA72ACEF}.Release|x64.ActiveCfg = Release|x64
		{486429FA-4604-4775-B9E7-2C83BA72ACEF}.Release|x64.Build.0 = Release|x64
		{486429FA-4604-4775-B9E7-2C83BA72ACEF}.Release|x86.ActiveCfg = Release|Win32
		{486429FA-4604-4775-B9E7-2C83BA72ACEF}.Release|x86.Build.0 = Release|Win32
		{4DF4C07B-C881-4BA0-AAC9-33A16BB50961}.Debug|x64.ActiveCfg = Debug|x64
		{4DF4C07B-C881-4BA0-AAC9-33A16BB50961}.Debug|x64.Build.0 = Debug|x64
		{4DF4C07B-C881-4BA0-AAC9-33A16BB50961}.Debug|x86.ActiveCfg = Debug|Win32
		{4DF4C07B-C881-4BA0-AAC9-33A16BB50961}.Debug|x86.Build.0 = Debug|Win32
		{4DF4C07B-C881-4BA0-AAC9-33A16BB50961}.Release|x64.ActiveCfg = Release|x64
		{4DF4C07B-C881-4BA0-AAC9-33A16BB50961}.Release|x64.Build.0 = Release|x64
		{4DF4C07B-C881-4BA0-AAC9-33A16BB50961}.Release|x86.ActiveCfg = Release|Win32
		{4DF4C07B-C881-4BA0-AAC9-33A16BB50961}.Release|x86.Build.0 = Release|Win32
		{EADE0315-2140-479D-99BF-349AECF526A0}.Debug|x64.ActiveCfg = Debug|x64
		{EADE0315-2140-479D-99BF-349AECF526A0}.Debug|x64.Build.0 = Debug|x64
		{EADE0315-2140-479D-99BF-349AECF526A0}.Debug|x86.ActiveCfg = Debug|Win32
		{EADE0315-2140-479D-99BF-349AECF526A0}.Debug|x86.Build.0 = Debug|Win32
		{EADE0315-2140-479D-99BF-349AECF526A0}.Release|x64.ActiveCfg = Release|x64
		{EADE0315-2140-479D-99BF-349AECF526A0}.Release|x64.Build.0 = Release|x64
		{EADE0315-2140-479D-99BF-349AECF526A0}.Release|x86.ActiveCfg = Release|Win32
		{EADE0315-2140-479D-99BF-349AECF526A0}.Release|x86.Build.0 = Release|Win32
		{B147229A-27D3-436C-8D5F-C5EDEACBAE13}.Debug|x64.ActiveCfg = Debug|x64
		{B147229A-27D3-436C-8D5F-C5EDEACBAE13}.Debug|x64.Build.0 = Debug|x64
		{B147229A-27D3-436C-8D5F-C5EDEACBAE13}.Debug|x86.ActiveCfg = Debug|Win32
		{B147229A-27D3-436C-8D5F-C5EDEACBAE13}.Debug|x86.Build.0 = Debug|Win32
		{B147229A-27D3-436C-8D5F-C5EDEACBAE13}.Release|x64.ActiveCfg = Release|x64
		{B147229A-27D3-436C-8D5F-C5EDEACBAE13}.Release|x64.Build.0 = Release|x64
		{B147229A-27D3-436C-8D5F-C5EDEACBAE13}.Release|x86.ActiveCfg = Release|Win32
		{B147229A-27D3-436C-8D5F-C5EDEACBAE13}.Release|x86.Build.0 = Release|Win32
		{DAB0AA4A-EC92-49EC-813F-6AE73C925605}.Debug|x64.ActiveCfg = Debug|x64
		{DAB0AA4A-EC92-49EC-813F-6AE73C925605}.Debug|x64.Build.0 = Debug|x64
		{DAB0AA4A-EC92-49EC-813F-6AE73C925605}.Debug|x86.ActiveCfg = Debug|Win32
		{DAB0AA4A-EC92-49EC-813F-6AE73C925605}.Debug|x86.Build.0 = Debug|Win32
		{DAB0AA4A-EC92-49EC-813F-6AE73C925605}.Release|x64.ActiveCfg = Release|x64
		{DAB0AA4A-EC92-49EC-813F-6AE73C925605}.Release|x64.Build.0 = Release|x64
		{DAB0AA4A-EC92-49EC-813F-6AE73C925605}.Release|x86.ActiveCfg = Release|Win32
		{DAB0AA4A-EC92-49EC-813F-6AE73C925605}.Release|x86.Build.0 = Release|Win32
		{20DD9971-5268-4765-B276-AD7EA3A86B38}.Debug|x64.ActiveCfg = Debug|x64
		{20DD9971-5268-4765-B276-AD7EA3A86B38}.Debug|x64.Build.0 = Debug|x64
		{20DD9971-5268-4765-B276-AD7EA3A86B38}.Debug|x86.ActiveCfg = Debug|Win32
		{20DD9971-5268-4765-B276-AD7EA3A86B38}.Debug|x86.Build.0 = Debug|Win32
		{20DD9971-5268-4765-B276-AD7EA3A86B38}.Release|x64.ActiveCfg = Release|x64
		{20DD9971-5268-4765-B276-AD7EA3A86B38}.Release|x64.Build.0 = Release|x64
		{20DD9971-5268-4765-B276-AD7EA3A86B38}.Release|x86.ActiveCfg = Release|Win32
		{20DD9971-5268-4765-B276-AD7EA3A86B38}.Release|x86.Build.0 = Release|Win32
		{5AFC5439-3F4A-4064-82DE-6854AEFD90E9}.Debug|x64.ActiveCfg = Debug|x64
		{5AFC5439-3F4A-4064-82DE-6854AEFD90E9}.Debug|x64.Build.0 = Debug|x64
		{5AFC5439-3F4A-4064-82DE-6854AEFD90E9}.Debug|x86.ActiveCfg = Debug|Win32
		{5AFC5439-3F4A-4064-82DE-6854AEFD90E9}.Debug|x86.Build.0 = Debug|Win32
		{5AFC5439-3F4A-4064-82DE-6854AEFD90E9}.Release|x64.ActiveCfg = Release|x64
		{5AFC5439-3F4A-4064-82DE-6854AEFD90E9}.Release|x64.Build.0 = Release|x64
		{5AFC5439-3F4A-4064-82DE-6854AEFD90E9}.Release|x86.ActiveCfg = Release|Win32
		{5AFC5439-3F4A-4064-82DE-6854AEFD90E9}.Release|x86.Build.0 = Release|Win32
		{DB4D6CC6-BDF5-4059-A560-FD81368D22BF}.Debug|x64.ActiveCfg = Debug|x64
		{DB4D6CC6-BDF5-4059-A560-FD81368D22BF}.Debug|x64.Build.0 = Debug|x64
		{DB4D6CC6-BDF5-4059-A560-FD81368D22BF}.Debug|x86.ActiveCfg = Debug|Win32
		{DB4D6CC6-BDF5-4059-A560-FD81368D22BF}.Debug|x86.Build.0 = Debug|Win32
		{DB4D6CC6-BDF5-4059-A560-FD81368D22BF}.Release|x64.ActiveCfg = Release|x64
		{DB4D6CC6-BDF5-4059-A560-FD81368D22BF}.Release|x64.Build.0 = Release|x64
		{DB4D6CC6-BDF5-4059-A560-FD81368D22BF}.Release|x86.ActiveCfg = Release|Win32
		{DB4D6CC6-BDF5-4059-A560-FD81368D22BF}.Release|x86.Build.0 = Release|Win32
		{16ED67F1-D95F-4590-964B-FC4789C11088}.Debug|x64.ActiveCfg = Debug|x64
		{16ED67F1-D95F-4590-964B-FC4789C11088}.Debug|x64.Build.0 = Debug|x64
		{16ED67F1-D95F-4590-964B-FC4789C11088}.Debug|x86.ActiveCfg = Debug|Win32
		{16ED67F1-D95F-4590-964B-FC4789C11088}.Debug|x86.Build.0 = Debug|Win32
		{16ED67F1-D95F-4590-964B-FC4789C11088}.Release|x64.ActiveCfg = Release|x64
		{16ED67F1-D95F-4590-964B-FC4789C11088}.Release|x64.Build.0 = Release|x64
		{16ED67F1-D95F-4590-964B-FC4789C11088}.Release|x86.ActiveCfg = Release|Win32
		{16ED67F1-D95F-4590-964B-FC4789C11088}.Release|x86.Build.0 = Release|Win32
		{FCA1F65A-EE7B-4AA5-964F-8AF61D9CF485}.Debug|x64.ActiveCfg = Debug|x64
		{FCA1F65A-EE7B-4AA5-964F-8AF61D9CF485}.Debug|x64.Build.0 = Debug|x64
		{FCA1F65A-EE7B-4AA5-964F-8AF61D9CF485}.Debug|x86.ActiveCfg = Debug|Win32
		{FCA1F65A-EE7B-4AA5-964F-8AF61D9CF485}.Debug|x86.Build.0 = Debug|Win32
		{FCA1F65A-EE7B-4AA5-964F-8AF61D9CF485}.Release|x64.ActiveCfg = Release|x64
		{FCA1F65A-EE7B-4AA5-964F-8AF61D9CF485}.Release|x64.Build.0 = Release|x64
		{FCA1F65A-EE7B-4AA5-964F-8AF61D9CF485}.Release|x86.ActiveCfg = Release|Win32
		{FCA1F65A-EE7B-4AA5-964F-8AF61D9CF485}.Release|x86.Build.0 = Release|Win32
		{9B86B186-7930-4DB0-A155-DDB8408A6976}.Debug|x64.ActiveCfg = Debug|x64
		{9B86B186-7930-4DB0-A155-DDB8408A6976}.Debug|x64.Build.0 = Debug|x64
		{9B86B186-7930-4DB0-A155-DDB8408A6976}.Debug|x86.ActiveCfg = Debug|Win32
		{9B86B186-7930-4DB0-A155-DDB8408A6976}.Debug|x86.Build.0 = Debug|Win32
		{9B86B186-7930-4DB0-A155-DDB8408A6976}.Release|x64.ActiveCfg = Release|x64
		{9B86B186-7930-4DB0-A155-DDB8408A6976}.Release|x64.Build.0 = Release|x64
		{9B86B186-7930-4DB0-A155-DDB8408A6976}.Release|x86.ActiveCfg = Release|Win32
		{9B86B186-7930-4DB0-A155-DDB8408A6976}.Release|x86.Build.0 = Release|Win32
		{1430EAE6-26F5-4059-A9D7-E69D1552E3C3}.Debug|x64.ActiveCfg = Debug|x64
		{1430EAE6-26F5-4059-A9D7-E69D1552E3C3}.Debug|x64.Build.0 = Debug|x64
		{1430EAE6-26F5-4059-A9D7-E69D1552E3C3}.Debug|x86.ActiveCfg = Debug|Win32
		{1430EAE6-26F5-4059-A9D7-E69D1552E3C3}.Debug|x86.Build.0 = Debug|Win32
		{1430EAE6-26F5-4059-A9D7-E69D1552E3C3}.Release|x64.ActiveCfg = Release|x64
		{1430EAE6-26F5-4059-A9D7-E69D1552E3C3}.Release|x64.Build.0 = Release|x64
		{1430EAE6-26F5-4059-A9D7-E69D1552E3C3}.Release|x86.ActiveCfg = Release|Win32
		{1430EAE6-26F5-4059-A9D7-E69D1552E3C3}.Release|x86.Build.0 = Release|Win32
		{1A82ED70-5C0F-42ED-AA8E-6BF7365DFD80}.Debug|x64.ActiveCfg = Debug|x64
		{1A82ED70-5C0F-42ED-AA8E-6BF7365DFD80}.Debug|x64.Build.0 = Debug|x64
		{1A82ED70-5C0F-42ED-AA8E-6BF7365DFD80}.Debug|x86.ActiveCfg = Debug|Win32
		{1A82ED70-5C0F-42ED-AA8E-6BF7365DFD80}.Debug|x86.Build.0 = Debug|Win32
		{1A82ED70-5C0F-42ED-AA8E-6BF7365DFD80}.Release|x64.ActiveCfg = Release|x64
		{1A82ED70-5C0F-42ED-AA8E-6BF7365DFD80}.Release|x64.Build.0 = Release|x64
		{1A82ED70-5C0F-42ED-AA8E-6BF7365DFD80}.Release|x86.ActiveCfg = Release|Win32
		{1A82ED70-5C0F-42ED-AA8E-6BF7365DFD80}.Release|x86.Build.0 = Release|Win32
		{E4C9625F-6866-4D0B-A62D-AFC3EE2A2FC3}.Debug|x64.ActiveCfg = Debug|x64
		{E4C9625F-6866-4D0B-A62D-AFC3EE2A2FC3}.Debug|x64.Build.0 = Debug|x64
		{E4C9625F-6866-4D0B-A62D-AFC3EE2A2FC3}.Debug|x86.ActiveCfg = Debug|Win32
		{E4C9625F-6866-4D0B-A62D-AFC3EE2A2FC3}.Debug|x86.Build.0 = Debug|Win32
		{E4C9625F-6866-4D0B-A62D-AFC3EE2A2FC3}.Release|x64.ActiveCfg = Release|x64
		{E4C9625F-6866-4D0B-A62D-AFC3EE2A2FC3}.Release|x64.Build.0 = Release|x64
		{E4C9625F-6866-4D0B-A62D-AFC3EE2A2FC3}.Release|x86.ActiveCfg = Release|Win32
		{E4C9625F-6866-4D0B-A62D-AFC3EE2A2FC3}.Release|x86.Build.0 = Release|Win32
		{B31F40D6-5463-409B-B9A6-32DC4CA26F12}.Debug|x64.ActiveCfg = Debug|x64
		{B31F40D6-5463-409B-B9A6-32DC4CA26F12}.Debug|x64.Build.0 = Debug|x64
		{B31F40D6-5463-409B-B9A6-32DC4CA26F12}.Debug|x86.ActiveCfg = Debug|Win32
		{B31F40D6-5463-409B-B9A6-32DC4CA26F12}.Debug|x86.Build.0 = Debug|Win32
		{B31F40D6-5463-409B-B9A6-32DC4CA26F12}.Release|x64.ActiveCfg = Release|x64
		{B31F40D6-5463-409B-B9A6-32DC4CA26F12}.Release|x64.Build.0 = Release|x64
		{B31F40D6-5463-409B-B9A6-32DC4CA26F12}.Release|x86.ActiveCfg = Release|Win32
		{B31F40D6-5463-409B-B9A6-32DC4CA26F12}.Release|x86.Build.0 = Release|Win32
		{4EAF92F9-46E8-4761-949B-0F90D5EBC10B}.Debug|x64.ActiveCfg = Debug|x64
		{4EAF92F9-46E8-4761-949B-0F90D5EBC10B}.Debug|x64.Build.0 = Debug|x64
		{4EAF92F9-46E8-4761-949B-0F90D5EBC10B}.Debug|x86.ActiveCfg = Debug|Win32
		{4EAF92F9-46E8-4761-949B-0F90D5EBC10B}.Debug|x86.Build.0 = Debug|Win32
		{4EAF92F9-46E8-4761-949B-0F90D5EBC10B}.Release|x64.ActiveCfg = Release|x64
		{4EAF92F9-46E8-4761-949B-0F90D5EBC10B}.Release|x64.Build.0 = Release|x64
		{4EAF92F9-46E8-4761-949B-0F90D5EBC10B}.Release|x86.ActiveCfg = Release|Win32
		{4EAF92F9-46E8-4761-949B-0F90D5EBC10B}.Release|x86.Build.0 = Release|Win32
		{3737A499-AF1C-4536-B32F-CB57D4FF2A65}.Debug|x64.ActiveCfg = Debug|x64
		{3737A499-AF1C-4536-B32F-CB57D4FF2A65}.Debug|x64.Build.0 = Debug|x64
		{3737A499-AF1C-4536-B32F-CB57D4FF2A65}.Debug|x86.ActiveCfg = Debug|Win32
		{3737A499-AF1C-4536-B32F-CB57D4FF2A65}.Debug|x86.Build.0 = Debug|Win32
		{3737A499-AF1C-4536-B32F-CB57D4FF2A65}.Release|x64.ActiveCfg = Release|x64
		{3737A499-AF1C-4536-B32F-CB57D4FF2A65}.Release|x64.Build.0 = Release|x64
		{3737A499-AF1C-4536-B32F-CB57D4FF2A65}.Release|x86.ActiveCfg = Release|Win32
		{3737A499-AF1C-4536-B32F-CB57D4FF2A65}.Release|x86.Build.0 = Release|Win32
		{280BB463-F76C-4EA7-BC16-ED9CA95B04D5}.Debug|x64.ActiveCfg = Debug|x64
		{280BB463-F76C-4EA7-BC16-ED9CA95B04D5}.Debug|x64.Build.0 = Debug|x64
		{280BB463-F76C-4EA7-BC16-ED9CA95B04D5}.Debug|x86.ActiveCfg = Debug|Win32
		{280BB463-F76C-4EA7-BC16-ED9CA95B04D5}.Debug|x86.Build.0 = Debug|Win32
		{280BB463-F76C-4EA7-BC16-ED9CA95B04D5}.Release|x64.ActiveCfg = Release|x64
		{280BB463-F76C-4EA7-BC16-ED9CA95B04D5}.Release|x64.Build.0 = Release|x64
		{280BB463-F76C-4EA7-BC16-ED9CA95B04D5}.Release|x86.ActiveCfg = Release|Win32
		{280BB463-F76C-4EA7-BC16-ED9CA95B04D5}.Release|x86.Build.0 = Release|Win32
		{A1BDED3A-189E-41F1-927E-DB5FF0256CC3}.Debug|x64.ActiveCfg = Debug|x64
		{A1BDED3A-189E-41F1-927E-DB5FF0256CC3}.Debug|x64.Build.0 = Debug|x64
		{A1BDED3A-189E-41F1-927E-DB5FF0256CC3}.Debug|x86.ActiveCfg = Debug|Win32
		{A1BDED3A-189E-41F1-927E-DB5FF0256CC3}.Debug|x86.Build.0 = Debug|Win32
		{A1BDED3A-189E-41F1-927E-DB5FF0256CC3}.Release|x64.ActiveCfg = Release|x64
		{A1BDED3A-189E-41F1-927E-DB5FF0256CC3}.Release|x64.Build.0 = Release|x64
		{A1BDED3A-189E-41F1-927E-DB5FF0256CC3}.Release|x86.ActiveCfg = Release|Win32
		{A1BDED3A-189E-41F1-927E-DB5FF0256CC3}.Release|x86.Build.0 = Release|Win32
		{067DBFCB-75F8-4719-BE46-95F358F09D22}.Debug|x64.ActiveCfg = Debug|x64
		{067DBFCB-75F8-4719-BE46-95F358F09D22}.Debug|x64.Build.0 = Debug|x64
		{067DBFCB-75F8-4719-BE46-95F358F09D22}.Debug|x86.ActiveCfg = Debug|Win32
		{067DBFCB-75F8-4719-BE46-95F358F09D22}.Debug|x86.Build.0 = Debug|Win32
		{067DBFCB-75F8-4719-BE46-95F358F09D22}.Release|x64.ActiveCfg = Release|x64
		{067DBFCB-75F8-4719-BE46-95F358F09D22}.Release|x64.Build.0 = Release|x64
		{067DBFCB-75F8-4719-BE46-95F358F09D22}.Release|x86.ActiveCfg = Release|Win32
		{067DBFCB-75F8-4719-BE46-95F358F09D22}.Release|x86.Build.0 = Release|Win32
		{52926522-F755-4136-A0DC-D9B93FD8367A}.Debug|x64.ActiveCfg = Debug|x64
		{52926522-F755-4136-A0DC-D9B93FD8367A}.Debug|x64.Build.0 = Debug|x64
		{52926522-F755-4136-A0DC-D9B93FD8367A}.Debug|x86.ActiveCfg = Debug|Win32
		{52926522-F755-4136-A0DC-D9B93FD8367A}.Debug|x86.Build.0 = Debug|Win32
		{52926522-F755-4136-A0DC-D9B93FD8367A}.Release|x64.ActiveCfg = Release|x64
		{52926522-F755-4136-A0DC-D9B93FD8367A}.Release|x64.Build.0 = Release|x64
		{52926522-F755-4136-A0DC-D9B93FD8367A}.Release|x86.ActiveCfg = Release|Win32
		{52926522-F755-4136-A0DC-D9B93FD8367A}.Release|x86.Build.0 = Release|Win32
		{456AED36-95A1-4D19-B6BA-BA96D44130FE}.Debug|x64.ActiveCfg = Debug|x64
		{456AED36-95A1-4D19-B6BA-BA96D44130FE}.Debug|x64.Build.0 = Debug|x64
		{456AED36-95A1-4D19-B6BA-BA96D44130FE}.Debug|x86.ActiveCfg = Debug|Win32
		{456AED36-95A1-4D19-B6BA-BA96D44130FE}.Debug|x86.Build.0 = Debug|Win32
		{456AED36-95A1-4D19-B6BA-BA96D44130FE}.Release|x64.ActiveCfg = Release|x64
		{456AED36-95A1-4D19-B6BA-BA96D44130FE}.Release|x64.Build.0 = Release|x64
		{456AED36-95A1-4D19-B6BA-BA96D44130FE}.Release|x86.ActiveCfg = Release|Win32
		{456AED36-95A1-4D19-B6BA-BA96D44130FE}.Release|x86.Build.0 = Release|Win32
		{24F65074-A6C5-470C-9B12-06C22520D5C9}.Debug|x64.ActiveCfg = Debug|x64
		{24F65074-A6C5-470C-9B12-06C22520D5C9}.Debug|x64.Build.0 = Debug|x64
		{24F65074-A6C5-470C-9B12-06C22520D5C9}.Debug|x86.ActiveCfg = Debug|Win32
		{24F65074-A6C5-470C-9B12-06C22520D5C9}.Debug|x86.Build.0 = Debug|Win32
		{24F65074-A6C5-470C-9B12-06C22520D5C9}.Release|x64.ActiveCfg = Release|x64
		{24F65074-A6C5-470C-9B12-06C22520D5C9}.Release|x64.Build.0 = Release|x64
		{24F65074-A6C5-470C-9B12-06C22520D5C9}.Release|x86.ActiveCfg = Release|Win32
		{24F65074-A6C5-470C-9B12-06C22520D5C9}.Release|x86.Build.0 = Release|Win32
		{01F4B88A-A2A2-4988-BD0C-51A942457806}.Debug|x64.ActiveCfg = Debug|x64
		{01F4B88A-A2A2-4988-BD0C-51A942457806}.Debug|x64.Build.0 = Debug|x64
		{01F4B88A-A2A2-4988-BD0C-51A942457806}.Debug|x86.ActiveCfg = Debug|Win32
		{01F4B88A-A2A2-4988-BD0C-51A942457806}.Debug|x86.Build.0 = Debug|Win32
		{01F4B88A-A2A2-4988-BD0C-51A942457806}.Release|x64.ActiveCfg = Release|x64
		{01F4B88A-A2A2-4988-BD0C-51A942457806}.Release|x64.Build.0 = Release|x64
		{01F4B88A-A2A2-4988-BD0C-51A942457806}.Release|x86.ActiveCfg = Release|Win32
		{01F4B88A-A2A2-4988-BD0C-51A942457806}.Release|x86.Build.0 = Release|Win32
		{39F336B7-01FB-4BA7-BED1-5AB34A4DA1CA}.Debug|x64.ActiveCfg = Debug|x64
		{39F336B7-01FB-4BA7-BED1-5AB34A4DA1CA}.Debug|x64.Build.0 = Debug|x64
		{39F336B7-01FB-4BA7-BED1-5AB34A4DA1CA}.Debug|x86.ActiveCfg = Debug|Win32
		{39F336B7-01FB-4BA7-BED1-5AB34A4DA1CA}.Debug|x86.Build.0 = Debug|Win32
		{39F336B7-01FB-4BA7-BED1-5AB34A4DA1CA}.Release|x64.ActiveCfg = Release|x64
		{39F336B7-01FB-4BA7-BED1-5AB34A4DA1CA}.Release|x64.Build.0 = Release|x64
		{39F336B7-01FB-4BA7-BED1-5AB34A4DA1CA}.Release|x86.ActiveCfg = Release|Win32
		{39F336B7-01FB-4BA7-BED1-5AB34A4DA1CA}.Release|x86.Build.0 = Release|Win32
		{A581CF07-E305-47F8-8A76-E3595673C2FC}.Debug|x64.ActiveCfg = Debug|x64
		{A581CF07-E305-47F8-8A76-E3595673C2FC}.Debug|x64.Build.0 = Debug|x64
		{A581CF07-E305-47F8-8A76-E3595673C2FC}.Debug|x86.ActiveCfg = Debug|Win32
		{A581CF07-E305-47F8-8A76-E3595673C2FC}.Debug|x86.Build.0 = Debug|Win32
		{A581CF07-E305-47F8-8A76-E3595673C2FC}.Release|x64.ActiveCfg = Release|x64
		{A581CF07-E305-47F8-8A76-E3595673C2FC}.Release|x64.Build.0 = Release|x64
		{A581CF07-E305-47F8-8A76-E3595673C2FC}.Release|x86.ActiveCfg = Release|Win32
		{A581CF07-E305-47F8-8A76-E3595673C2FC}.Release|x86.Build.0 = Release|Win32
		{2A24BD99-5495-4811-A491-6E42B4D4D13E}.Debug|x64.ActiveCfg = Debug|x64
		{2A24BD99-5495-4811-A491-6E42B4D4D13E}.Debug|x64.Build.0 = Debug|x64
		{2A24BD99-5495-4811-A491-6E42B4D4D13E}.Debug|x86.ActiveCfg = Debug|Win32
		{2A24BD99-5495-4811-A491-6E42B4D4D13E}.Debug|x86.Build.0 = Debug|Win32
		{2A24BD99-5495-4811-A491-6E42B4D4D13E}.Release|x64.ActiveCfg = Release|x64
		{2A24BD99-5495-4811-A491-6E42B4D4D13E}.Release|x64.Build.0 = Release|x64
		{2A24BD99-5495-4811-A491-6E42B4D4D13E}.Release|x86.ActiveCfg = Release|Win32
		{2A24BD99-5495-4811-A491-6E42B4D4D13E}.Release|x86.Build.0 = Release|Win32
		{346040D8-52E3-420B-9995-5F5E5E2E6C81}.Debug|x64.ActiveCfg = Debug|x64
		{346040D8-52E3-420B-9995-5F5E5E2E6C81}.Debug|x64.Build.0 = Debug|x64
		{346040D8-52E3-420B-9995-5F5E5E2E6C81}.Debug|x86.ActiveCfg = Debug|Win32
		{346040D8-52E3-420B-9995-5F5E5E2E6C81}.Debug|x86.Build.0 = Debug|Win32
		{346040D8-52E3-420B-9995-5F5E5E2E6C81}.Release|x64.ActiveCfg = Release|x64
		{346040D8-52E3-420B-9995-5F5E5E2E6C81}.Release|x64.Build.0 = Release|x64
		{346040D8-52E3-420B-9995-5F5E5E2E6C81}.Release|x86.ActiveCfg = Release|Win32
		{346040D8-52E3-420B-9995-5F5E5E2E6C81}.Release|x86.Build.0 = Release|Win32
		{82F102C1-A5C2-4364-9858-DEFD329B9159}.Debug|x64.ActiveCfg = Debug|x64
		{82F102C1-A5C2-4364-9858-DEFD329B9159}.Debug|x64.Build.0 = Debug|x64
		{82F102C1-A5C2-4364-9858-DEFD329B9159}.Debug|x86.ActiveCfg = Debug|Win32
		{82F102C1-A5C2-4364-9858-DEFD329B9159}.Debug|x86.Build.0 = Debug|Win32
		{82F102C1-A5C2-4364-9858-DEFD329B9159}.Release|x64.ActiveCfg = Release|x64
		{82F102C1-A5C2-4364-9858-DEFD329B9159}.Release|x64.Build.0 = Release|x64
		{82F102C1-A5C2-4364-9858-DEFD329B9159}.Release|x86.ActiveCfg = Release|Win32
		{82F102C1-A5C2-4364-9858-DEFD329B9159}.Release|x86.Build.0 = Release|Win32
		{CADC8FAE-1107-4411-AF15-0C0920C6B0B4}.Debug|x64.ActiveCfg = Debug|x64
		{CADC8FAE-1107-4411-AF15-0C0920C6B0B4}.Debug|x64.Build.0 = Debug|x64
		{CADC8FAE-1107-4411-AF15-0C0920C6B0B4}.Debug|x86.ActiveCfg = Debug|Win32
		{CADC8FAE-1107-4411-AF15-0C0920C6B0B4}.Debug|x86.Build.0 = Debug|Win32
		{CADC8FAE-1107-4411-AF15-0C0920C6B0B4}.Release|x64.ActiveCfg = Release|x64
		{CADC8FAE-1107-4411-AF15-0C0920C6B0B4}.Release|x64.Build.0 = Release|x64
		{CADC8FAE-1107-4411-AF15-0C0920C6B0B4}.Release|x86.ActiveCfg = Release|Win32
		{CADC8FAE-1107-4411-AF15-0C0920C6B0B4}.Release|x86.Build.0 = Release|Win32
		{01504FD9-DC08-4FA7-9A41-E678401067CC}.Debug|x64.ActiveCfg = Debug|x64
		{01504FD9-DC08-4FA7-9A41-E678401067CC}.Debug|x64.Build.0 = Debug|x64
		{01504FD9-DC08-4FA7-9A41-E678401067CC}.Debug|x86.ActiveCfg = Debug|Win32
		{01504FD9-DC08-4FA7-9A41-E678401067CC}.Debug|x86.Build.0 = Debug|Win32
		{01504FD9-DC08-4FA7-9A41-E678401067CC}.Release|x64.ActiveCfg = Release|x64
		{01504FD9-DC08-4FA7-9A41-E678401067CC}.Release|x64.Build.0 = Release|x64
		{01504FD9-DC08-4FA7-9A41-E678401067CC}.Release|x86.ActiveCfg = Release|Win32
		{01504FD9-DC08-4FA7-9A41-E678401067CC}.Release|x86.Build.0 = Release|Win32
		{4B28C869-5FAD-44D7-8271-99D744DD6C4E}.Debug|x64.ActiveCfg = Debug|x64
		{4B28C869-5FAD-44D7-8271-99D744DD6C4E}.Debug|x64.Build.0 = Debug|x64
		{4B28C869-5FAD-44D7-8271-99D744DD6C4E}.Debug|x86.ActiveCfg = Debug|Win32
		{4B28C869-5FAD-44D7-8271-99D744DD6C4E}.Debug|x86.Build.0 = Debug|Win32
		{4B28C869-5FAD-44D7-8271-99D744DD6C4E}.Release|x64.ActiveCfg = Release|x64
		{4B28C869-5FAD-44D7-8271-99D744DD6C4E}.Release|x64.Build.0 = Release|x64
		{4B28C869-5FAD-44D7-8271-99D744DD6C4E}.Release|x86.ActiveCfg = Release|Win32
		{4B28C869-5FAD-44D7-8271-99D744DD6C4E}.Release|x86.Build.0 = Release|Win32
		{C69340AA-D592-415B-BD75-3D21513CF1B7}.Debug|x64.ActiveCfg = Debug|x64
		{C69340AA-D592-415B-BD75-3D21513CF1B7}.Debug|x64.Build.0 = Debug|x64
		{C69340AA-D592-415B-BD75-3D21513CF1B7}.Debug|x86.ActiveCfg = Debug|Win32
		{C69340AA-D592-415B-BD75-3D21513CF1B7}.Debug|x86.Build.0 = Debug|Win32
		{C69340AA-D592-415B-BD75-3D21513CF1B7}.Release|x64.ActiveCfg = Release|x64
		{C69340AA-D592-415B-BD75-3D21513CF1B7}.Release|x64.Build.0 = Release|x64
		{C69340AA-D592-415B-BD75-3D21513CF1B7}.Release|x86.ActiveCfg = Release|Win32
		{C69340AA-D592-415B-BD75-3D21513CF1B7}.Release|x86.Build.0 = Release|Win32
		{AF412A97-9CF8-403E-B72B-8022B9C23EED}.Debug|x64.ActiveCfg = Debug|x64
		{AF412A97-9CF8-403E-B72B-8022B9C23EED}.Debug|x64.Build.0 = Debug|x64
		{AF412A97-9CF8-403E-B72B-8022B9C23EED}.Debug|x86.ActiveCfg = Debug|Win32
		{AF412A97-9CF8-403E-B72B-8022B9C23EED}.Debug|x86.Build.0 = Debug|Win32
		{AF412A97-9CF8-403E-B72B-8022B9C23EED}.Release|x64.ActiveCfg = Release|x64
		{AF412A97-9CF8-403E-B72B-8022B9C23EED}.Release|x64.Build.0 = Release|x64
		{AF412A97-9CF8-403E-B72B-8022B9C23EED}.Release|x86.ActiveCfg = Release|Win32
		{AF412A97-9CF8-403E-B72B-8022B9C23EED}.Release|x86.Build.0 = Release|Win32
		{8EE5D258-B140-43B1-90D6-E2A52DB6B54F}.Debug|x64.ActiveCfg = Debug|x64
		{8EE5D258-B140-43B1-90D6-E2A52DB6B54F}.Debug|x64.Build.0 = Debug|x64
		{8EE5D258-B140-43B1-90D6-E2A52DB6B54F}.Debug|x86.ActiveCfg = Debug|Win32
		{8EE5D258-B140-43B1-90D6-E2A52DB6B54F}.Debug|x86.Build.0 = Debug|Win32
		{8EE5D258-B140-43B1-90D6-E2A52DB6B54F}.Release|x64.ActiveCfg = Release|x64
		{8EE5D258-B140-43B1-90D6-E2A52DB6B54F}.Release|x64.Build.0 = Release|x64
		{8EE5D258-B140-43B1-90D6-E2A52DB6B54F}.Release|x86.ActiveCfg = Release|Win32
		{8EE5D258-B140-43B1-90D6-E2A52DB6B54F}.Release|x86.Build.0 = Release|Win32
		{6D7663E7-BEDD-4F8E-973F-92FE9F8E1F97}.Debug|x64.ActiveCfg = Debug|x64
		{6D7663E7-BEDD-4F8E-973F-92FE9F8E1F97}.Debug|x64.Build.0 = Debug|x64
		{6D7663E7-BEDD-4F8E-973F-92FE9F8E1F97}.Debug|x86.ActiveCfg = Debug|Win32
		{6D7663E7-BEDD-4F8E-973F-92FE9F8E1F97}.Debug|x86.Build.0 = Debug|Win32
		{6D7663E7-BEDD-4F8E-973F-92FE9F8E1F97}.Release|x64.ActiveCfg = Release|x64
		{6D7663E7-BEDD-4F8E-973F-92FE9F8E1F97}.Release|x64.Build.0 = Release|x64
		{6D7663E7-BEDD-4F8E-973F-92FE9F8E1F97}.Release|x86.ActiveCfg = Release|Win32
		{6D7663E7-BEDD-4F8E-973F-92FE9F8E1F97}.Release|x86.Build.0 = Release|Win32
		{EC3521E1-F0F2-4A0D-9D6F-7A09723A8457}.Debug|x64.ActiveCfg = Debug|x64
		{EC3521E1-F0F2-4A0D-9D6F-7A09723A8457}.Debug|x64.Build.0 = Debug|x64
		{EC3521E1-F0F2-4A0D-9D6F-7A09723A8457}.Debug|x86.ActiveCfg = Debug|Win32
		{EC3521E1-F0F2-4A0D-9D6F-7A09723A8457}.Debug|x86.Build.0 = Debug|Win32
		{EC3521E1-F0F2-4A0D-9D6F-7A09723A8457}.Release|x64.ActiveCfg = Release|x64
		{EC3521E1-F0F2-4A0D-9D6F-7A09723A8457}.Release|x64.Build.0 = Release|x64
		{EC3521E1-F0F2-4A0D-9D6F-7A09723A8457}.Release|x86.ActiveCfg = Release|Win32
		{EC3521E1-F0F2-4A0D-9D6F-7A09723A8457}.Release|x86.Build.0 = Release|Win32
		{BB2E1EBC-9303-4BB3-A6BE-2122E124F4C5}.Debug|x64.ActiveCfg = Debug|x64
		{BB2E1EBC-9303-4BB3-A6BE-2122E124F4C5}.Debug|x64.Build.0 = Debug|x64
		{BB2E1EBC-9303-4BB3-A6BE-2122E124F4C5}.Debug|x86.ActiveCfg = Debug|Win32
		{BB2E1EBC-9303-4BB3-A6BE-2122E124F4C5}.Debug|x86.Build.0 = Debug|Win32
		{BB2E1EBC-9303-4BB3-A6BE-2122E124F4C5}.Release|x64.ActiveCfg = Release|x64
		{BB2E1EBC-9303-4BB3-A6BE-2122E124F4C5}.Release|x64.Build.0 = Release|x64
		{BB2E1EBC-9303-4BB3-A6BE-2122E124F4C5}.Release|x86.ActiveCfg = Release|Win32
		{BB2E1EBC-9303-4BB3-A6BE-2122E124F4C5}.Release|x86.Build.0 = Release|Win32
		{C9774347-AF5C-4D3A-AF8E-04A2CEBA6316}.Debug|x64.ActiveCfg = Debug|x64
		{C9774347-AF5C-4D3A-AF8E-04A2CEBA6316}.Debug|x64.Build.0 = Debug|x64
		{C9774347-AF5C-4D3A-AF8E-04A2CEBA6316}.Debug|x86.ActiveCfg = Debug|Win32
		{C9774347-AF5C-4D3A-AF8E-04A2CEBA6316}.Debug|x86.Build.0 = Debug|Win32
		{C9774347-AF5C-4D3A-AF8E-04A2CEBA6316}.Release|x64.ActiveCfg = Release|x64
		{C9774347-AF5C-4D3A-AF8E-04A2CEBA6316}.Release|x64.Build.0 = Release|x64
		{C9774347-AF5C-4D3A-AF8E-04A2CEBA6316}.Release|x86.ActiveCfg = Release|Win32
		{C9774347-AF5C-4D3A-AF8E-04A2CEBA6316}.Release|x86.Build.0 = Release|Win32
		{15CC7B4F-CB14-4439-BBA5-DCE7CB05154D}.Debug|x64.ActiveCfg = Debug|x64
		{15CC7B4F-CB14-4439-BBA5-DCE7CB05154D}.Debug|x64.Build.0 = Debug|x64
		{15CC7B4F-CB14-4439-BBA5-DCE7CB05154D}.Debug|x86.ActiveCfg = Debug|Win32
		{15CC7B4F-CB14-4439-BBA5-DCE7CB05154D}.Debug|x86.Build.0 = Debug|Win32
		{15CC7B4F-CB14-4439-BBA5-DCE7CB05154D}.Release|x64.ActiveCfg = Release|x64
		{15CC7B4F-CB14-4439-BBA5-DCE7CB05154D}.Release|x64.Build.0 = Release|x64
		{15CC7B4F-CB14-4439-BBA5-DCE7CB05154D}.Release|x86.ActiveCfg = Release|Win32
		{15CC7B4F-CB14-4439-BBA5-DCE7CB05154D}.Release|x86.Build.0 = Release|Win32
		{A5E6A197-7A23-41F0-A77F-46B2D3DFC99B}.Debug|x64.ActiveCfg = Debug|x64
		{A5E6A197-7A23-41F0-A77F-46B2D3DFC99B}.Debug|x64.Build.0 = Debug|x64
		{A5E6A197-7A23-41F0-A77F-46B2D3DFC99B}.Debug|x86.ActiveCfg = Debug|Win32
		{A5E6A197-7A23-41F0-A77F-46B2D3DFC99B}.Debug|x86.Build.0 = Debug|Win32
		{A5E6A197-7A23-41F0-A77F-46B2D3DFC99B}.Release|x64.ActiveCfg = Release|x64
		{A5E6A197-7A23-41F0-A77F-46B2D3DFC99B}.Release|x64.Build.0 = Release|x64
		{A5E6A197-7A23-41F0-A77F-46B2D3DFC99B}.Release|x86.ActiveCfg = Release|Win32
		{A5E6A197-7A23-41F0-A77F-46B2D3DFC99B}.Release|x86.Build.0 = Release|Win32
		{4733371E-4050-4192-9E51-D4026B77FA4C}.Debug|x64.ActiveCfg = Debug|x64
		{4733371E-4050-4192-9E51-D4026B77FA4C}.Debug|x64.Build.0 = Debug|x64
		{4733371E-4050-4192-9E51-D4026B77FA4C}.Debug|x86.ActiveCfg = Debug|Win32
		{4733371E-4050-4192-9E51-D4026B77FA4C}.Debug|x86.Build.0 = Debug|Win32
		{4733371E-4050-4192-9E51-D4026B77FA4C}.Release|x64.ActiveCfg = Release|x64
		{4733371E-4050-4192-9E51-D4026B77FA4C}.Release|x64.Build.0 = Release|x64
		{4733371E-4050-4192-9E51-D4026B77FA4C}.Release|x86.ActiveCfg = Release|Win32
		{4733371E-4050-4192-9E51-D4026B77FA4C}.Release|x86.Build.0 = Release|Win32
		{AD49F633-43DF-455E-A128-E15D24AB4BA9}.Debug|x64.ActiveCfg = Debug|x64
		{AD49F633-43DF-455E-A128-E15D24AB4BA9}.Debug|x64.Build.0 = Debug|x64
		{AD49F633-43DF-455E-A128-E15D24AB4BA9}.Debug|x86.ActiveCfg = Debug|Win32
		{AD49F633-43DF-455E-A128-E15D24AB4BA9}.Debug|x86.Build.0 = Debug|Win32
		{AD49F633-43DF-455E-A128-E15D24AB4BA9}.Release|x64.ActiveCfg = Release|x64
		{AD49F633-43DF-455E-A128-E15D24AB4BA9}.Release|x64.Build.0 = Release|x64
		{AD49F633-43DF-455E-A128-E15D24AB4BA9}.Release|x86.ActiveCfg = Release|Win32
		{AD49F633-43DF-455E-A128-E15D24AB4BA9}.Release|x86.Build.0 = Release|Win32
		{918C7CF9-C43C-432F-A10A-273EB97FE759}.Debug|x64.ActiveCfg = Debug|x64
		{918C7CF9-C43C-432F-A10A-273EB97FE759}.Debug|x64.Build.0 = Debug|x64
		{918C7CF9-C43C-432F-A10A-273EB97FE759}.Debug|x86.ActiveCfg = Debug|Win32
		{918C7CF9-C43C-432F-A10A-273EB97FE759}.Debug|x86.Build.0 = Debug|Win32
		{918C7CF9-C43C-432F-A10A-273EB97FE759}.Release|x64.ActiveCfg = Release|x64
		{918C7CF9-C43C-432F-A10A-273EB97FE759}.Release|x64.Build.0 = Release|x64
		{918C7CF9-C43C-432F-A10A-273EB97FE759}.Release|x86.ActiveCfg = Release|Win32
		{918C7CF9-C43C-432F-A10A-273EB97FE759}.Release|x86.Build.0 = Release|Win32
		{46273300-0E88-4B0D-84CB-6C218443A2C6}.Debug|x64.ActiveCfg = Debug|x64
		{46273300-0E88-4B0D-84CB-6C218443A2C6}.Debug|x64.Build.0 = Debug|x64
		{46273300-0E88-4B0D-84CB-6C218443A2C6}.Debug|x86.ActiveCfg = Debug|Win32
		{46273300-0E88-4B0D-84CB-6C218443A2C6}.Debug|x86.Build.0 = Debug|Win32
		{46273300-0E88-4B0D-84CB-6C218443A2C6}.Release|x64.ActiveCfg = Release|x64
		{46273300-0E88-4B0D-84CB-6C218443A2C6}.Release|x64.Build.0 = Release|x64
		{46273300-0E88-4B0D-84CB-6C218443A2C6}.Release|x86.ActiveCfg = Release|Win32
		{46273300-0E88-4B0D-84CB-6C218443A2C6}.Release|x86.Build.0 = Release|Win32
		{70B9D2F3-46D2-4FEF-8AAA-591DAD2FF968}.Debug|x64.ActiveCfg = Debug|x64
		{70B9D2F3-46D2-4FEF-8AAA-591DAD2FF968}.Debug|x64.Build.0 = Debug|x64
		{70B9D2F3-46D2-4FEF-8AAA-591DAD2FF968}.Debug|x86.ActiveCfg = Debug|Win32
		{70B9D2F3-46D2-4FEF-8AAA-591DAD2FF968}.Debug|x86.Build.0 = Debug|Win32
		{70B9D2F3-46D2-4FEF-8AAA-591DAD2FF968}.Release|x64.ActiveCfg = Release|x64
		{70B9D2F3-46D2-4FEF-8AAA-591DAD2FF968}.Release|x64.Build.0 = Release|x64
		{70B9D2F3-46D2-4FEF-8AAA-591DAD2FF968}.Release|x86.ActiveCfg = Release|Win32
		{70B9D2F3-46D2-4FEF-8AAA-591DAD2FF968}.Release|x86.Build.0 = Release|Win32
		{0C77B0BD-0A59-4EB3-A6F7-96F090C558A4}.Debug|x64.ActiveCfg = Debug|x64
		{0C77B0BD-0A59-4EB3-A6F7-96F090C558A4}.Debug|x64.Build.0 = Debug|x64
		{0C77B0BD-0A59-4EB3-A6F7-96F090C558A4}.Debug|x86.ActiveCfg = Debug|Win32
		{0C77B0BD-0A59-4EB3-A6F7-96F090C558A4}.Debug|x86.Build.0 = Debug|Win32
		{0C77B0BD-0A59-4EB3-A6F7-96F090C558A4}.Release|x64.ActiveCfg = Release|x64
		{0C77B0BD-0A59-4EB3-A6F7-96F090C558A4}.Release|x64.Build.0 = Release|x64
		{0C77B0BD-0A59-4EB3-A6F7-96F090C558A4}.Release|x86.ActiveCfg = Release|Win32
		{0C77B0BD-0A59-4EB3-A6F7-96F090C558A4}.Release|x86.Build.0 = Release|Win32
		{02676DD3-5775-40D4-81EF-CF069C6AFF6F}.Debug|x64.ActiveCfg = Debug|x64
		{02676DD3-5775-40D4-81EF-CF069C6AFF6F}.Debug|x64.Build.0 = Debug|x64
		{02676DD3-5775-40D4-81EF-CF069C6AFF6F}.Debug|x86.ActiveCfg = Debug|Win32
		{02676DD3-5775-40D4-81EF-CF069C6AFF6F}.Debug|x86.Build.0 = Debug|Win32
		{02676DD3-5775-40D4-81EF-CF069C6AFF6F}.Release|x64.ActiveCfg = Release|x64
		{02676DD3-5775-40D4-81EF-CF069C6AFF6F}.Release|x64.Build.0 = Release|x64
		{02676DD3-5775-40D4-81EF-CF069C6AFF6F}.Release|x86.ActiveCfg = Release|Win32
		{02676DD3-5775-40D4-81EF-CF069C6AFF6F}.Release|x86.Build.0 = Release|Win32
		{2850588E-4A7F-4159-A25E-B03E5C5DD248}.Debug|x64.ActiveCfg = Debug|x64
		{2850588E-4A7F-4159-A25E-B03E5C5DD248}.Debug|x64.Build.0 = Debug|x64
		{2850588E-4A7F-4159-A25E-B03E5C5DD248}.Debug|x86.ActiveCfg = Debug|Win32
		{2850588E-4A7F-4159-A25E-B03E5C5DD248}.Debug|x86.Build.0 = Debug|Win32
		{2850588E-4A7F-4159-A25E-B03E5C5DD248}.Release|x64.ActiveCfg = Release|x64
		{2850588E-4A7F-4159-A25E-B03E5C5DD248}.Release|x64.Build.0 = Release|x64
		{2850588E-4A7F-4159-A25E-B03E5C5DD248}.Release|x86.ActiveCfg = Release|Win32
		{2850588E-4A7F-4159-A25E-B03E5C5DD248}.Release|x86.Build.0 = Release|Win32
		{71B157D5-3BDE-41BA-A582-EAD6D240FF70}.Debug|x64.ActiveCfg = Debug|x64
		{71B157D5-3BDE-41BA-A582-EAD6D240FF70}.Debug|x64.Build.0 = Debug|x64
		{71B157D5-3BDE-41BA-A582-EAD6D240FF70}.Debug|x86.ActiveCfg = Debug|Win32
		{71B157D5-3BDE-41BA-A582-EAD6D240FF70}.Debug|x86.Build.0 = Debug|Win32
		{71B157D5-3BDE-41BA-A582-EAD6D240FF70}.Release|x64.ActiveCfg = Release|x64
		{71B157D5-3BDE-41BA-A582-EAD6D240FF70}.Release|x64.Build.0 = Release|x64
		{71B157D5-3BDE-41BA-A582-EAD6D240FF70}.Release|x86.ActiveCfg = Release|Win32
		{71B157D5-3BDE-41BA-A582-EAD6D240FF70}.Release|x86.Build.0 = Release|Win32
		{2F12F60B-1773-4A49-9616-28E6B8B7C7DC}.Debug|x64.ActiveCfg = Debug|x64
		{2F12F60B-1773-4A49-9616-28E6B8B7C7DC}.Debug|x64.Build.0 = Debug|x64
		{2F12F60B-1773-4A49-9616-28E6B8B7C7DC}.Debug|x86.ActiveCfg = Debug|Win32
		{2F12F60B-1773-4A49-9616-28E6B8B7C7DC}.Debug|x86.Build.0 = Debug|Win32
		{2F12F60B-1773-4A49-9616-28E6B8B7C7DC}.Release|x64.ActiveCfg = Release|x64
		{2F12F60B-1773-4A49-9616-28E6B8B7C7DC}.Release|x64.Build.0 = Release|x64
		{2F12F60B-1773-4A49-9616-28E6B8B7C7DC}.Release|x86.ActiveCfg = Release|Win32
		{2F12F60B-1773-4A49-9616-28E6B8B7C7DC}.Release|x86.Build.0 = Release|Win32
		{786A7DBD-8336-444B-A4B8-8B0BF5EF1A40}.Debug|x64.ActiveCfg = Debug|x64
		{786A7DBD-8336-444B-A4B8-8B0BF5EF1A40}.Debug|x64.Build.0 = Debug|x64
		{786A7DBD-8336-444B-A4B8-8B0BF5EF1A40}.Debug|x86.ActiveCfg = Debug|Win32
		{786A7DBD-8336-444B-A4B8-8B0BF5EF1A40}.Debug|x86.Build.0 = Debug|Win32
		{786A7DBD-8336-444B-A4B8-8B0BF5EF1A40}.Release|x64.ActiveCfg = Release|x64
		{786A7DBD-8336-444B-A4B8-8B0BF5EF1A40}.Release|x64.Build.0 = Release|x64
		{786A7DBD-8336-444B-A4B8-8B0BF5EF1A40}.Release|x86.ActiveCfg = Release|Win32
		{786A7DBD-8336-444B-A4B8-8B0BF5EF1A40}.Release|x86.Build.0 = Release|Win32
		{B946ACEB-CC33-4F7C-9AB9-A0B76AD89FEE}.Debug|x64.ActiveCfg = Debug|x64
		{B946ACEB-CC33-4F7C-9AB9-A0B76AD89FEE}.Debug|x64.Build.0 = Debug|x64
		{B946ACEB-CC33-4F7C-9AB9-A0B76AD89FEE}.Debug|x86.ActiveCfg = Debug|Win32
		{B946ACEB-CC33-4F7C-9AB9-A0B76AD89FEE}.Debug|x86.Build.0 = Debug|Win32
		{B946ACEB-CC33-4F7C-9AB9-A0B76AD89FEE}.Release|x64.ActiveCfg = Release|x64
		{B946ACEB-CC33-4F7C-9AB9-A0B76AD89FEE}.Release|x64.Build.0 = Release|x64
		{B946ACEB-CC33-4F7C-9AB9-A0B76AD89FEE}.Release|x86.ActiveCfg = Release|Win32
		{B946ACEB-CC33-4F7C-9AB9-A0B76AD89FEE}.Release|x86.Build.0 = Release|Win32
		{3929026E-4C4D-43BA-BF07-CDC306577B59}.Debug|x64.ActiveCfg = Debug|x64
		{3929026E-4C4D-43BA-BF07-CDC306577B59}.Debug|x64.Build.0 = Debug|x64
		{3929026E-4C4D-43BA-BF07-CDC306577B59}.Debug|x86.ActiveCfg = Debug|Win32
		{3929026E-4C4D-43BA-BF07-CDC306577B59}.Debug|x86.Build.0 = Debug|Win32
		{3929026E-4C4D-43BA-BF07-CDC306577B59}.Release|x64.ActiveCfg = Release|x64
		{3929026E-4C4D-43BA-BF07-CDC306577B59}.Release|x64.Build.0 = Release|x64
		{3929026E-4C4D-43BA-BF07-CDC306577B59}.Release|x86.ActiveCfg = Release|Win32
		{3929026E-4C4D-43BA-BF07-CDC306577B59}.Release|x86.Build.0 = Release|Win32
		{66B42293-B812-4D00-B0FD-785CD7A446BF}.Debug|x64.ActiveCfg = Debug|x64
		{66B42293-B812-4D00-B0FD-785CD7A446BF}.Debug|x64.Build.0 = Debug|x64
		{66B42293-B812-4D00-B0FD-785CD7A446BF}.Debug|x86.ActiveCfg = Debug|Win32
		{66B42293-B812-4D00-B0FD-785CD7A446BF}.Debug|x86.Build.0 = Debug|Win32
		{66B42293-B812-4D00-B0FD-785CD7A446BF}.Release|x64.ActiveCfg = Release|x64
		{66B42293-B812-4D00-B0FD-785CD7A446BF}.Release|x64.Build.0 = Release|x64
		{66B42293-B812-4D00-B0FD-785CD7A446BF}.Release|x86.ActiveCfg = Release|Win32
		{66B42293-B812-4D00-B0FD-785CD7A446BF}.Release|x86.Build.0 = Release|Win32
		{E9E37CD0-E10D-49D7-AC4E-7F48B563D747}.Debug|x64.ActiveCfg = Debug|x64
		{E9E37CD0-E10D-49D7-AC4E-7F48B563D747}.Debug|x64.Build.0 = Debug|x64
		{E9E37CD0-E10D-49D7-AC4E-7F48B563D747}.Debug|x86.ActiveCfg = Debug|Win32
		{E9E37CD0-E10D-49D7-AC4E-7F48B563D747}.Debug|x86.Build.0 = Debug|Win32
		{E9E37CD0-E10D-49D7-AC4E-7F48B563D747}.Release|x64.ActiveCfg = Release|x64
		{E9E37CD0-E10D-49D7-AC4E-7F48B563D747}.Release|x64.Build.0 = Release|x64
		{E9E37CD0-E10D-49D7-AC4E-7F48B563D747}.Release|x86.ActiveCfg = Release|Win32
		{E9E37CD0-E10D-49D7-AC4E-7F48B563D747}.Release|x86.Build.0 = Release|Win32
		{DF24A7EE-D0A1-4974-8481-71057A224CAA}.Debug|x64.ActiveCfg = Debug|x64
		{DF24A7EE-D0A1-4974-8481-71057A224CAA}.Debug|x64.Build.0 = Debug|x64
		{DF24A7EE-D0A1-4974-8481-71057A224CAA}.Debug|x86.ActiveCfg = Debug|Win32
		{DF24A7EE-D0A1-4974-8481-71057A224CAA}.Debug|x86.Build.0 = Debug|Win32
		{DF24A7EE-D0A1-4974-8481-71057A224CAA}.Release|x64.ActiveCfg = Release|x64
		{DF24A7EE-D0A1-4974-8481-71057A224CAA}.Release|x64.Build.0 = Release|x64
		{DF24A7EE-D0A1-4974-8481-71057A224CAA}.Release|x86.ActiveCfg = Release|Win32
		{DF24A7EE-D0A1-4974-8481-71057A224CAA}.Release|x86.Build.0 = Release|Win32
		{2BE96643-8BAD-4E6F-8BC4-F0BF62E3973C}.Debug|x64.ActiveCfg = Debug|x64
		{2BE96643-8BAD-4E6F-8BC4-F0BF62E3973C}.Debug|x64.Build.0 = Debug|x64
		{2BE96643-8BAD-4E6F-8BC4-F0BF62E3973C}.Debug|x86.ActiveCfg = Debug|Win32
		{2BE96643-8BAD-4E6F-8BC4-F0BF62E3973C}.Debug|x86.Build.0 = Debug|Win32
		{2BE96643-8BAD-4E6F-8BC4-F0BF62E3973C}.Release|x64.ActiveCfg = Release|x64
		{2BE96643-8BAD-4E6F-8BC4-F0BF62E3973C}.Release|x64.Build.0 = Release|x64
		{2BE96643-8BAD-4E6F-8BC4-F0BF62E3973C}.Release|x86.ActiveCfg = Release|Win32
		{2BE96643-8BAD-4E6F-8BC4-F0BF62E3973C}.Release|x86.Build.0 = Release|Win32
		{411AF97D-67B6-4479-8F66-A4B7109CEF3C}.Debug|x64.ActiveCfg = Debug|x64
		{411AF97D-67B6-4479-8F66-A4B7109CEF3C}.Debug|x64.Build.0 = Debug|x64
		{411AF97D-67B6-4479-8F66-A4B7109CEF3C}.Debug|x86.ActiveCfg = Debug|Win32
		{411AF97D-67B6-4479-8F66-A4B7109CEF3C}.Debug|x86.Build.0 = Debug|Win32
		{411AF97D-67B6-4479-8F66-A4B7109CEF3C}.Release|x64.ActiveCfg = Release|x64
		{411AF97D-67B6-4479-8F66-A4B7109CEF3C}.Release|x64.Build.0 = Release|x64
		{411AF97D-67B6-4479-8F66-A4B7109CEF3C}.Release|x86.ActiveCfg = Release|Win32
		{411AF97D-67B6-4479-8F66-A4B7109CEF3C}.Release|x86.Build.0 = Release|Win32
		{88E7D9FD-2ECE-4A05-8539-BD1EA3C6062B}.Debug|x64.ActiveCfg = Debug|x64
		{88E7D9FD-2ECE-4A05-8539-BD1EA3C6062B}.Debug|x64.Build.0 = Debug|x64
		{88E7D9FD-2ECE-4A05-8539-BD1EA3C6062B}.Debug|x86.ActiveCfg = Debug|Win32
		{88E7D9FD-2ECE-4A05-8539-BD1EA3C6062B}.Debug|x86.Build.0 = Debug|Win32
		{88E7D9FD-2ECE-4A05-8539-BD1EA3C6062B}.Release|x64.ActiveCfg = Release|x64
		{88E7D9FD-2ECE-4A05-8539-BD1EA3C6062B}.Release|x64.Build.0 = Release|x64
		{88E7D9FD-2ECE-4A05-8539-BD1EA3C6062B}.Release|x86.ActiveCfg = Release|Win32
		{88E7D9FD-2ECE-4A05-8539-BD1EA3C6062B}.Release|x86.Build.0 = Release|Win32
		{15805FA4-5714-482C-86FC-645C8A340F05}.Debug|x64.ActiveCfg = Debug|x64
		{15805FA4-5714-482C-86FC-645C8A340F05}.Debug|x64.Build.0 = Debug|x64
		{15805FA4-5714-482C-86FC-645C8A340F05}.Debug|x86.ActiveCfg = Debug|Win32
		{15805FA4-5714-482C-86FC-645C8A340F05}.Debug|x86.Build.0 = Debug|Win32
		{15805FA4-5714-482C-86FC-645C8A340F05}.Release|x64.ActiveCfg = Release|x64
		{15805FA4-5714-482C-86FC-645C8A340F05}.Release|x64.Build.0 = Release|x64
		{15805FA4-5714-482C-86FC-645C8A340F05}.Release|x86.ActiveCfg = Release|Win32
		{15805FA4-5714-482C-86FC-645C8A340F05}.Release|x86.Build.0 = Release|Win32
		{4445D2FC-040C-4296-B617-64E80BADC540}.Debug|x64.ActiveCfg = Debug|x64
		{4445D2FC-040C-4296-B617-64E80BADC540}.Debug|x64.Build.0 = Debug|x64
		{4445D2FC-040C-4296-B617-64E80BADC540}.Debug|x86.ActiveCfg = Debug|Win32
		{4445D2FC-040C-4296-B617-64E80BADC540}.Debug|x86.Build.0 = Debug|Win32
		{4445D2FC-040C-4296-B617-64E80BADC540}.Release|x64.ActiveCfg = Release|x64
		{4445D2FC-040C-4296-B617-64E80BADC540}.Release|x64.Build.0 = Release|x64
		{4445D2FC-040C-4296-B617-64E80BADC540}.Release|x86.ActiveCfg = Release|Win32
		{4445D2FC-040C-4296-B617-64E80BADC540}.Release|x86.Build.0 = Release|Win32
		{29564BD5-0148-4B7C-ABBF-3FCBE8C4C772}.Debug|x64.ActiveCfg = Debug|x64
		{29564BD5-0148-4B7C-ABBF-3FCBE8C4C772}.Debug|x64.Build.0 = Debug|x64
		{29564BD5-0148-4B7C-ABBF-3FCBE8C4C772}.Debug|x86.ActiveCfg = Debug|Win32
		{29564BD5-0148-4B7C-ABBF-3FCBE8C4C772}.Debug|x86.Build.0 = Debug|Win32
		{29564BD5-0148-4B7C-ABBF-3FCBE8C4C772}.Release|x64.ActiveCfg = Release|x64
		{29564BD5-0148-4B7C-ABBF-3FCBE8C4C772}.Release|x64.Build.0 = Release|x64
		{29564BD5-0148-4B7C-ABBF-3FCBE8C4C772}.Release|x86.ActiveCfg = Release|Win32
		{29564BD5-0148-4B7C-ABBF-3FCBE8C4C772}.Release|x86.Build.0 = Release|Win32
		{5963CBF3-1340-4581-BC1D-2776B66535ED}.Debug|x64.ActiveCfg = Debug|x64
		{5963CBF3-1340-4581-BC1D-2776B66535ED}.Debug|x64.Build.0 = Debug|x64
		{5963CBF3-1340-4581-BC1D-2776B66535ED}.Debug|x86.ActiveCfg = Debug|Win32
		{5963CBF3-1340-4581-BC1D-2776B66535ED}.Debug|x86.Build.0 = Debug|Win32
		{5963CBF3-1340-4581-BC1D-2776B66535ED}.Release|x64.ActiveCfg = Release|x64
		{5963CBF3-1340-4581-BC1D-2776B66535ED}.Release|x64.Build.0 = Release|x64
		{5963CBF3-1340-4581-BC1D-2776B66535ED}.Release|x86.ActiveCfg = Release|Win32
		{5963CBF3-1340-4581-BC1D-2776B66535ED}.Release|x86.Build.0 = Release|Win32
		{E8493F88-D008-4B9A-B928-DDE8A730BCD8}.Debug|x64.ActiveCfg = Debug|x64
		{E8493F88-D008-4B9A-B928-DDE8A730BCD8}.Debug|x64.Build.0 = Debug|x64
		{E8493F88-D008-4B9A-B928-DDE8A730BCD8}.Debug|x86.ActiveCfg = Debug|Win32
		{E8493F88-D008-4B9A-B928-DDE8A730BCD8}.Debug|x86.Build.0 = Debug|Win32
		{E8493F88-D008-4B9A-B928-DDE8A730BCD8}.Release|x64.ActiveCfg = Release|x64
		{E8493F88-D008-4B9A-B928-DDE8A730BCD8}.Release|x64.Build.0 = Release|x64
		{E8493F88-D008-4B9A-B928-DDE8A730BCD8}.Release|x86.ActiveCfg = Release|Win32
		{E8493F88-D008-4B9A-B928-DDE8A730BCD8}.Release|x86.Build.0 = Release|Win32
		{15AAB5F1-9389-4D07-8182-03EB2AF35E23}.Debug|x64.ActiveCfg = Debug|x64
		{15AAB5F1-9389-4D07-8182-03EB2AF35E23}.Debug|x64.Build.0 = Debug|x64
		{15AAB5F1-9389-4D07-8182-03EB2AF35E23}.Debug|x86.ActiveCfg = Debug|Win32
		{15AAB5F1-9389-4D07-8182-03EB2AF35E23}.Debug|x86.Build.0 = Debug|Win32
		{15AAB5F1-9389-4D07-8182-03EB2AF35E23}.Release|x64.ActiveCfg = Release|x64
		{15AAB5F1-9389-4D07-8182-03EB2AF35E23}.Release|x64.Build.0 = Release|x64
		{15AAB5F1-9389-4D07-8182-03EB2AF35E23}.Release|x86.ActiveCfg = Release|Win32
		{15AAB5F1-9389-4D07-8182-03EB2AF35E23}.Release|x86.Build.0 = Release|Win32
		{93930094-D9A8-4910-B49E-1291C369503C}.Debug|x64.ActiveCfg = Debug|x64
		{93930094-D9A8-4910-B49E-1291C369503C}.Debug|x64.Build.0 = Debug|x64
		{93930094-D9A8-4910-B49E-1291C369503C}.Debug|x86.ActiveCfg = Debug|Win32
		{93930094-D9A8-4910-B49E-1291C369503C}.Debug|x86.Build.0 = Debug|Win32
		{93930094-D9A8-4910-B49E-1291C369503C}.Release|x64.ActiveCfg = Release|x64
		{93930094-D9A8-4910-B49E-1291C369503C}.Release|x64.Build.0 = Release|x64
		{93930094-D9A8-4910-B49E-1291C369503C}.Release|x86.ActiveCfg = Release|Win32
		{93930094-D9A8-4910-B49E-1291C369503C}.Release|x86.Build.0 = Release|Win32
		{A1A8C606-C715-4DE6-8BFC-87C5621CF3FA}.Debug|x64.ActiveCfg = Debug|x64
		{A1A8C606-C715-4DE6-8BFC-87C5621CF3FA}.Debug|x64.Build.0 = Debug|x64
		{A1A8C606-C715-4DE6-8BFC-87C5621CF3FA}.Debug|x86.ActiveCfg = Debug|Win32
		{A1A8C606-C715-4DE6-8BFC-87C5621CF3FA}.Debug|x86.Build.0 = Debug|Win32
		{A1A8C606-C715-4DE6-8BFC-87C5621CF3FA}.Release|x64.ActiveCfg = Release|x64
		{A1A8C606-C715-4DE6-8BFC-87C5621CF3FA}.Release|x64.Build.0 = Release|x64
		{A1A8C606-C715-4DE6-8BFC-87C5621CF3FA}.Release|x86.ActiveCfg = Release|Win32
		{A1A8C606-C715-4DE6-8BFC-87C5621CF3FA}.Release|x86.Build.0 = Release|Win32
		{783D5FF7-0276-4816-9222-902044CFA281}.Debug|x64.ActiveCfg = Debug|x64
		{783D5FF7-0276-4816-9222-902044CFA281}.Debug|x64.Build.0 = Debug|x64
		{783D5FF7-0276-4816-9222-902044CFA281}.Debug|x86.ActiveCfg = Debug|Win32
		{783D5FF7-0276-4816-9222-902044CFA281}.Debug|x86.Build.0 = Debug|Win32
		{783D5FF7-0276-4816-9222-902044CFA281}.Release|x64.ActiveCfg = Release|x64
		{783D5FF7-0276-4816-9222-902044CFA281}.Release|x64.Build.0 = Release|x64
		{783D5FF7-0276-4816-9222-902044CFA281}.Release|x86.ActiveCfg = Release|Win32
		{783D5FF7-0276-4816-9222-902044CFA281}.Release|x86.Build.0 = Release|Win32
		{06F479C9-4F33-4029-B7F4-0EE7100A37AD}.Debug|x64.ActiveCfg = Debug|x64
		{06F479C9-4F33-4029-B7F4-0EE7100A37AD}.Debug|x64.Build.0 = Debug|x64
		{06F479C9-4F33-4029-B7F4-0EE7100A37AD}.Debug|x86.ActiveCfg = Debug|Win32
		{06F479C9-4F33-4029-B7F4-0EE7100A37AD}.Debug|x86.Build.0 = Debug|Win32
		{06F479C9-4F33-4029-B7F4-0EE7100A37AD}.Release|x64.ActiveCfg = Release|x64
		{06F479C9-4F33-4029-B7F4-0EE7100A37AD}.Release|x64.Build.0 = Release|x64
		{06F479C9-4F33-4029-B7F4-0EE7100A37AD}.Release|x86.ActiveCfg = Release|Win32
		{06F479C9-4F33-4029-B7F4-0EE7100A37AD}.Release|x86.Build.0 = Release|Win32
		{6B8E6A29-C5E8-492A-9426-F2F2DE23A97B}.Debug|x64.ActiveCfg = Debug|x64
		{6B8E6A29-C5E8-492A-9426-F2F2DE23A97B}.Debug|x64.Build.0 = Debug|x64
		{6B8E6A29-C5E8-492A-9426-F2F2DE23A97B}.Debug|x86.ActiveCfg = Debug|Win32
		{6B8E6A29-C5E8-492A-9426-F2F2DE23A97B}.Debug|x86.Build.0 = Debug|Win32
		{6B8E6A29-C5E8-492A-9426-F2F2DE23A97B}.Release|x64.ActiveCfg = Release|x64
		{6B8E6A29-C5E8-492A-9426-F2F2DE23A97B}.Release|x64.Build.0 = Release|x64
		{6B8E6A29-C5E8-492A-9426-F2F2DE23A97B}.Release|x86.ActiveCfg = Release|Win32
		{6B8E6A29-C5E8-492A-9426-F2F2DE23A97B}.Release|x86.Build.0 = Release|Win32
		{93B2DFF2-4C67-4C3A-B9D4-8DA302F21709}.Debug|x64.ActiveCfg = Debug|x64
		{93B2DFF2-4C67-4C3A-B9D4-8DA302F21709}.Debug|x64.Build.0 = Debug|x64
		{93B2DFF2-4C67-4C3A-B9D4-8DA302F21709}.Debug|x86.ActiveCfg = Debug|Win32
		{93B2DFF2-4C67-4C3A-B9D4-8DA302F21709}.Debug|x86.Build.0 = Debug|Win32
		{93B2DFF2-4C67-4C3A-B9D4-8DA302F21709}.Release|x64.ActiveCfg = Release|x64
		{93B2DFF2-4C67-4C3A-B9D4-8DA302F21709}.Release|x64.Build.0 = Release|x64
		{93B2DFF2-4C67-4C3A-B9D4-8DA302F21709}.Release|x86.ActiveCfg = Release|Win32
		{93B2DFF2-4C67-4C3A-B9D4-8DA302F21709}.Release|x86.Build.0 = Release|Win32
		{1F0B20CA-A3B8-4C8C-B9FB-0BF29BCB8A2B}.Debug|x64.ActiveCfg = Debug|x64
		{1F0B20CA-A3B8-4C8C-B9FB-0BF29BCB8A2B}.Debug|x64.Build.0 = Debug|x64
		{1F0B20CA-A3B8-4C8C-B9FB-0BF29BCB8A2B}.Debug|x86.ActiveCfg = Debug|Win32
		{1F0B20CA-A3B8-4C8C-B9FB-0BF29BCB8A2B}.Debug|x86.Build.0 = Debug|Win32
		{1F0B20CA-A3B8-4C8C-B9FB-0BF29BCB8A2B}.Release|x64.ActiveCfg = Release|x64
		{1F0B20CA-A3B8-4C8C-B9FB-0BF29BCB8A2B}.Release|x64.Build.0 = Release|x64
		{1F0B20CA-A3B8-4C8C-B9FB-0BF29BCB8A2B}.Release|x86.ActiveCfg = Release|Win32
		{1F0B20CA-A3B8-4C8C-B9FB-0BF29BCB8A2B}.Release|x86.Build.0 = Release|Win32
		{A59ED5E6-BBEE-440D-9CD4-045EFE756DC9}.Debug|x64.ActiveCfg = Debug|x64
		{A59ED5E6-BBEE-440D-9CD4-045EFE756DC9}.Debug|x64.Build.0 = Debug|x64
		{A59ED5E6-BBEE-440D-9CD4-045EFE756DC9}.Debug|x86.ActiveCfg = Debug|Win32
		{A59ED5E6-BBEE-440D-9CD4-045EFE756DC9}.Debug|x86.Build.0 = Debug|Win32
		{A59ED5E6-BBEE-440D-9CD4-045EFE756DC9}.Release|x64.ActiveCfg = Release|x64
		{A59ED5E6-BBEE-440D-9CD4-045EFE756DC9}.Release|x64.Build.0 = Release|x64
		{A59ED5E6-BBEE-440D-9CD4-045EFE756DC9}.Release|x86.ActiveCfg = Release|Win32
		{A59ED5E6-BBEE-440D-9CD4-045EFE756DC9}.Release|x86.Build.0 = Release|Win32
		{549A2632-FAAA-486B-9894-8334B6A8D06F}.Debug|x64.ActiveCfg = Debug|x64
		{549A2632-FAAA-486B-9894-8334B6A8D06F}.Debug|x64.Build.0 = Debug|x64
		{549A2632-FAAA-486B-9894-8334B6A8D06F}.Debug|x86.ActiveCfg = Debug|Win32
		{549A2632-FAAA-486B-9894-8334B6A8D06F}.Debug|x86.Build.0 = Debug|Win32
		{549A2632-FAAA-486B-9894-8334B6A8D06F}.Release|x64.ActiveCfg = Release|x64
		{549A2632-FAAA-486B-9894-8334B6A8D06F}.Release|x64.Build.0 = Release|x64
		{549A2632-FAAA-486B-9894-8334B6A8D06F}.Release|x86.ActiveCfg = Release|Win32
		{549A2632-FAAA-486B-9894-8334B6A8D06F}.Release|x86.Build.0 = Release|Win32
		{F6F6FF70-3543-408A-A8AE-10EBD5F3D81A}.Debug|x64.ActiveCfg = Debug|x64
		{F6F6FF70-3543-408A-A8AE-10EBD5F3D81A}.Debug|x64.Build.0 = Debug|x64
		{F6F6FF70-3543-408A-A8AE-10EBD5F3D81A}.Debug|x86.ActiveCfg = Debug|Win32
		{F6F6FF70-3543-408A-A8AE-10EBD5F3D81A}.Debug|x86.Build.0 = Debug|Win32
		{F6F6FF70-3543-408A-A8AE-10EBD5F3D81A}.Release|x64.ActiveCfg = Release|x64
		{F6F6FF70-3543-408A-A8AE-10EBD5F3D81A}.Release|x64.Build.0 = Release|x64
		{F6F6FF70-3543-408A-A8AE-10EBD5F3D81A}.Release|x86.ActiveCfg = Release|Win32
		{F6F6FF70-3543-408A-A8AE-10EBD5F3D81A}.Release|x86.Build.0 = Release|Win32
		{ED44E39E-F400-499D-A327-B6C75EBF244C}.Debug|x64.ActiveCfg = Debug|x64
		{ED44E39E-F400-499D-A327-B6C75EBF244C}.Debug|x64.Build.0 = Debug|x64
		{ED44E39E-F400-499D-A327-B6C75EBF244C}.Debug|x86.ActiveCfg = Debug|Win32
		{ED44E39E-F400-499D-A327-B6C75EBF244C}.Debug|x86.Build.0 = Debug|Win32
		{ED44E39E-F400-499D-A327-B6C75EBF244C}.Release|x64.ActiveCfg = Release|x64
		{ED44E39E-F400-499D-A327-B6C75EBF244C}.Release|x64.Build.0 = Release|x64
		{ED44E39E-F400-499D-A327-B6C75EBF244C}.Release|x86.ActiveCfg = Release|Win32
		{ED44E39E-F400-499D-A327-B6C75EBF244C}.Release|x86.Build.0 = Release|Win32
		{EB9E1CEA-FA24-425D-AEAD-FE0AABFBA5C6}.Debug|x64.ActiveCfg = Debug|x64
		{EB9E1CEA-FA24-425D-AEAD-FE0AABFBA5C6}.Debug|x64.Build.0 = Debug|x64
		{EB9E1CEA-FA24-425D-AEAD-FE0AABFBA5C6}.Debug|x86.ActiveCfg = Debug|Win32
		{EB9E1CEA-FA24-425D-AEAD-FE0AABFBA5C6}.Debug|x86.Build.0 = Debug|Win32
		{EB9E1CEA-FA24-425D-AEAD-FE0AABFBA5C6}.Release|x64.ActiveCfg = Release|x64
		{EB9E1CEA-FA24-425D-AEAD-FE0AABFBA5C6}.Release|x64.Build.0 = Release|x64
		{EB9E1CEA-FA24-425D-AEAD-FE0AABFBA5C6}.Release|x86.ActiveCfg = Release|Win32
		{EB9E1CEA-FA24-425D-AEAD-FE0AABFBA5C6}.Release|x86.Build.0 = Release|Win32
		{2B08EAF7-BE1B-48E3-B0D6-9FB7A398E3F0}.Debug|x64.ActiveCfg = Debug|x64
		{2B08EAF7-BE1B-48E3-B0D6-9FB7A398E3F0}.Debug|x64.Build.0 = Debug|x64
		{2B08EAF7-BE1B-48E3-B0D6-9FB7A398E3F0}.Debug|x86.ActiveCfg = Debug|Win32
		{2B08EAF7-BE1B-48E3-B0D6-9FB7A398E3F0}.Debug|x86.Build.0 = Debug|Win32
		{2B08EAF7-BE1B-48E3-B0D6-9FB7A398E3F0}.Release|x64.ActiveCfg = Release|x64
		{2B08EAF7-BE1B-48E3-B0D6-9FB7A398E3F0}.Release|x64.Build.0 = Release|x64
		{2B08EAF7-BE1B-48E3-B0D6-9FB7A398E3F0}.Release|x86.ActiveCfg = Release|Win32
		{2B08EAF7-BE1B-48E3-B0D6-9FB7A398E3F0}.Release|x86.Build.0 = Release|Win32
		{AED920EC-E640-4258-B415-57CDDB6689B1}.Debug|x64.ActiveCfg = Debug|x64
		{AED920EC-E640-4258-B415-57CDDB6689B1}.Debug|x64.Build.0 = Debug|x64
		{AED920EC-E640-4258-B415-57CDDB6689B1}.Debug|x86.ActiveCfg = Debug|Win32
		{AED920EC-E640-4258-B415-57CDDB6689B1}.Debug|x86.Build.0 = Debug|Win32
		{AED920EC-E640-4258-B415-57CDDB6689B1}.Release|x64.ActiveCfg = Release|x64
		{AED920EC-E640-4258-B415-57CDDB6689B1}.Release|x64.Build.0 = Release|x64
		{AED920EC-E640-4258-B415-57CDDB6689B1}.Release|x86.ActiveCfg = Release|Win32
		{AED920EC-E640-4258-B415-57CDDB6689B1}.Release|x86.Build.0 = Release|Win32
		{DEEDBF95-5896-433A-A3A8-49F0427D3E40}.Debug|x64.ActiveCfg = Debug|x64
		{DEEDBF95-5896-433A-A3A8-49F0427D3E40}.Debug|x64.Build.0 = Debug|x64
		{DEEDBF95-5896-433A-A3A8-49F0427D3E40}.Debug|x86.ActiveCfg = Debug|Win32
		{DEEDBF95-5896-433A-A3A8-49F0427D3E40}.Debug|x86.Build.0 = Debug|Win32
		{DEEDBF95-5896-433A-A3A8-49F0427D3E40}.Release|x64.ActiveCfg = Release|x64
		{DEEDBF95-5896-433A-A3A8-49F0427D3E40}.Release|x64.Build.0 = Release|x64
		{DEEDBF95-5896-433A-A3A8-49F0427D3E40}.Release|x86.ActiveCfg = Release|Win32
		{DEEDBF95-5896-433A-A3A8-49F0427D3E40}.Release|x86.Build.0 = Release|Win32
		{9C56B221-B76E-48E8-91A6-8E4D50136885}.Debug|x64.ActiveCfg = Debug|x64
		{9C56B221-B76E-48E8-91A6-8E4D50136885}.Debug|x64.Build.0 = Debug|x64
		{9C56B221-B76E-48E8-91A6-8E4D50136885}.Debug|x86.ActiveCfg = Debug|Win32
		{9C56B221-B76E-48E8-91A6-8E4D50136885}.Debug|x86.Build.0 = Debug|Win32
		{9C56B221-B76E-48E8-91A6-8E4D50136885}.Release|x64.ActiveCfg = Release|x64
		{9C56B221-B76E-48E8-91A6-8E4D50136885}.Release|x64.Build.0 = Release|x64
		{9C56B221-B76E-48E8-91A6-8E4D50136885}.Release|x86.ActiveCfg = Release|Win32
		{9C56B221-B76E-48E8-91A6-8E4D50136885}.Release|x86.Build.0 = Release|Win32
		{5DBAECEE-2E42-41F1-B11C-72ACBB4181F8}.Debug|x64.ActiveCfg = Debug|x64
		{5DBAECEE-2E42-41F1-B11C-72ACBB4181F8}.Debug|x64.Build.0 = Debug|x64
		{5DBAECEE-2E42-41F1-B11C-72ACBB4181F8}.Debug|x86.ActiveCfg = Debug|Win32
		{5DBAECEE-2E42-41F1-B11C-72ACBB4181F8}.Debug|x86.Build.0 = Debug|Win32
		{5DBAECEE-2E42-41F1-B11C-72ACBB4181F8}.Release|x64.ActiveCfg = Release|x64
		{5DBAECEE-2E42-41F1-B11C-72ACBB4181F8}.Release|x64.Build.0 = Release|x64
		{5DBAECEE-2E42-41F1-B11C-72ACBB4181F8}.Release|x86.ActiveCfg = Release|Win32
		{5DBAECEE-2E42-41F1-B11C-72ACBB4181F8}.Release|x86.Build.0 = Release|Win32
		{F6EE1A1C-5B5C-439E-8DE5-BB0185B08344}.Debug|x64.ActiveCfg = Debug|x64
		{F6EE1A1C-5B5C-439E-8DE5-BB0185B08344}.Debug|x64.Build.0 = Debug|x64
		{F6EE1A1C-5B5C-439E-8DE5-BB0185B08344}.Debug|x86.ActiveCfg = Debug|Win32
		{F6EE1A1C-5B5C-439E-8DE5-BB0185B08344}.Debug|x86.Build.0 = Debug|Win32
		{F6EE1A1C-5B5C-439E-8DE5-BB0185B08344}.Release|x64.ActiveCfg = Release|x64
		{F6EE1A1C-5B5C-439E-8DE5-BB0185B08344}.Release|x64.Build.0 = Release|x64
		{F6EE1A1C-5B5C-439E-8DE5-BB0185B08344}.Release|x86.ActiveCfg = Release|Win32
		{F6EE1A1C-5B5C-439E-8DE5-BB0185B08344}.Release|x86.Build.0 = Release|Win32
		{A27A30AB-BEF9-4019-B910-9E48BF2CD1A3}.Debug|x64.ActiveCfg = Debug|x64
		{A27A30AB-BEF9-4019-B910-9E48BF2CD1A3}.Debug|x64.Build.0 = Debug|x64
		{A27A30AB-BEF9-4019-B910-9E48BF2CD1A3}.Debug|x86.ActiveCfg = Debug|Win32
		{A27A30AB-BEF9-4019-B910-9E48BF2CD1A3}.Debug|x86.Build.0 = Debug|Win32
		{A27A30AB-BEF9-4019-B910-9E48BF2CD1A3}.Release|x64.ActiveCfg = Release|x64
		{A27A30AB-BEF9-4019-B910-9E48BF2CD1A3}.Release|x64.Build.0 = Release|x64
		{A27A30AB-BEF9-4019-B910-9E48BF2CD1A3}.Release|x86.ActiveCfg = Release|Win32
		{A27A30AB-BEF9-4019-B910-9E48BF2CD1A3}.Release|x86.Build.0 = Release|Win32
		{D77C0FC4-1223-4009-985B-022B0C77E309}.Debug|x64.ActiveCfg = Debug|x64
		{D77C0FC4-1223-4009-985B-022B0C77E309}.Debug|x64.Build.0 = Debug|x64
		{D77C0FC4-1223-4009-985B-022B0C77E309}.Debug|x86.ActiveCfg = Debug|Win32
		{D77C0FC4-1223-4009-985B-022B0C77E309}.Debug|x86.Build.0 = Debug|Win32
		{D77C0FC4-1223-4009-985B-022B0C77E309}.Release|x64.ActiveCfg = Release|x64
		{D77C0FC4-1223-4009-985B-022B0C77E309}.Release|x64.Build.0 = Release|x64
		{D77C0FC4-1223-4009-985B-022B0C77E309}.Release|x86.ActiveCfg = Release|Win32
		{D77C0FC4-1223-4009-985B-022B0C77E309}.Release|x86.Build.0 = Release|Win32
		{1A66BD18-FD35-4DD7-9260-A3CD2E68168E}.Debug|x64.ActiveCfg = Debug|x64
		{1A66BD18-FD35-4DD7-9260-A3CD2E68168E}.Debug|x64.Build.0 = Debug|x64
		{1A66BD18-FD35-4DD7-9260-A3CD2E68168E}.Debug|x86.ActiveCfg = Debug|Win32
		{1A66BD18-FD35-4DD7-9260-A3CD2E68168E}.Debug|x86.Build.0 = Debug|Win32
		{1A66BD18-FD35-4DD7-9260-A3CD2E68168E}.Release|x64.ActiveCfg = Release|x64
		{1A66BD18-FD35-4DD7-9260-A3CD2E68168E}.Release|x64.Build.0 = Release|x64
		{1A66BD18-FD35-4DD7-9260-A3CD2E68168E}.Release|x86.ActiveCfg = Release|Win32
		{1A66BD18-FD35-4DD7-9260-A3CD2E68168E}.Release|x86.Build.0 = Release|Win32
		{7CD0605E-125A-492C-8D8B-03DF218B0F42}.Debug|x64.ActiveCfg = Debug|x64
		{7CD0605E-125A-492C-8D8B-03DF218B0F42}.Debug|x64.Build.0 = Debug|x64
		{7CD0605E-125A-492C-8D8B-03DF218B0F42}.Debug|x86.ActiveCfg = Debug|Win32
		{7CD0605E-125A-492C-8D8B-03DF218B0F42}.Debug|x86.Build.0 = Debug|Win32
		{7CD0605E-125A-492C-8D8B-03DF218B0F42}.Release|x64.ActiveCfg = Release|x64
		{7CD0605E-125A-492C-8D8B-03DF218B0F42}.Release|x64.Build.0 = Release|x64
		{7CD0605E-125A-492C-8D8B-03DF218B0F42}.Release|x86.ActiveCfg = Release|Win32
		{7CD0605E-125A-492C-8D8B-03DF218B0F42}.Release|x86.Build.0 = Release|Win32
	EndGlobalSection
	GlobalSection(SolutionProperties) = preSolution
		HideSolutionNode = FALSE
	EndGlobalSection
	GlobalSection(ExtensibilityGlobals) = postSolution
		SolutionGuid = {DC4B3E75-1197-4E99-AB49-A2AB1C50E991}
	EndGlobalSection
EndGlobal
